// !$*UTF8*$!
{
	archiveVersion = 1;
	classes = {
	};
	objectVersion = 55;
	objects = {

/* Begin PBXBuildFile section */
		42AADF982D465CB32DE2BF11 /* Pods_RxDataSourceCollectionViewExampleTests.framework in Frameworks */ = {isa = PBXBuildFile; fileRef = CB30C83710AF03AD6DEAB23F /* Pods_RxDataSourceCollectionViewExampleTests.framework */; };
		4A833904EE2EF02C2C5A13D3 /* Pods_RxDataSourceCollectionViewExample_RxDataSourceCollectionViewExampleUITests.framework in Frameworks */ = {isa = PBXBuildFile; fileRef = 45E9585EE8389464DDAB2EBB /* Pods_RxDataSourceCollectionViewExample_RxDataSourceCollectionViewExampleUITests.framework */; };
		DED1162B28C3AE58000D530F /* AppDelegate.swift in Sources */ = {isa = PBXBuildFile; fileRef = DED1162A28C3AE58000D530F /* AppDelegate.swift */; };
		DED1162D28C3AE58000D530F /* SceneDelegate.swift in Sources */ = {isa = PBXBuildFile; fileRef = DED1162C28C3AE58000D530F /* SceneDelegate.swift */; };
		DED1162F28C3AE58000D530F /* ViewController.swift in Sources */ = {isa = PBXBuildFile; fileRef = DED1162E28C3AE58000D530F /* ViewController.swift */; };
		DED1163228C3AE58000D530F /* Main.storyboard in Resources */ = {isa = PBXBuildFile; fileRef = DED1163028C3AE58000D530F /* Main.storyboard */; };
		DED1163428C3AE59000D530F /* Assets.xcassets in Resources */ = {isa = PBXBuildFile; fileRef = DED1163328C3AE59000D530F /* Assets.xcassets */; };
		DED1163728C3AE59000D530F /* LaunchScreen.storyboard in Resources */ = {isa = PBXBuildFile; fileRef = DED1163528C3AE59000D530F /* LaunchScreen.storyboard */; };
		DED1164228C3AE59000D530F /* RxDataSourceCollectionViewExampleTests.swift in Sources */ = {isa = PBXBuildFile; fileRef = DED1164128C3AE59000D530F /* RxDataSourceCollectionViewExampleTests.swift */; };
		DED1164C28C3AE5A000D530F /* RxDataSourceCollectionViewExampleUITests.swift in Sources */ = {isa = PBXBuildFile; fileRef = DED1164B28C3AE5A000D530F /* RxDataSourceCollectionViewExampleUITests.swift */; };
		DED1164E28C3AE5A000D530F /* RxDataSourceCollectionViewExampleUITestsLaunchTests.swift in Sources */ = {isa = PBXBuildFile; fileRef = DED1164D28C3AE5A000D530F /* RxDataSourceCollectionViewExampleUITestsLaunchTests.swift */; };
		DED1166228C3AFFC000D530F /* SkeletonView in Frameworks */ = {isa = PBXBuildFile; productRef = DED1166128C3AFFC000D530F /* SkeletonView */; };
		DED1166528C3B02A000D530F /* SDWebImage in Frameworks */ = {isa = PBXBuildFile; productRef = DED1166428C3B02A000D530F /* SDWebImage */; };
		E57307B46E2678318DE10B52 /* Pods_RxDataSourceCollectionViewExample.framework in Frameworks */ = {isa = PBXBuildFile; fileRef = DF201A027C499598FC8E7413 /* Pods_RxDataSourceCollectionViewExample.framework */; };
/* End PBXBuildFile section */

/* Begin PBXContainerItemProxy section */
		DED1163E28C3AE59000D530F /* PBXContainerItemProxy */ = {
			isa = PBXContainerItemProxy;
			containerPortal = DED1161F28C3AE58000D530F /* Project object */;
			proxyType = 1;
			remoteGlobalIDString = DED1162628C3AE58000D530F;
			remoteInfo = RxDataSourceCollectionViewExample;
		};
		DED1164828C3AE59000D530F /* PBXContainerItemProxy */ = {
			isa = PBXContainerItemProxy;
			containerPortal = DED1161F28C3AE58000D530F /* Project object */;
			proxyType = 1;
			remoteGlobalIDString = DED1162628C3AE58000D530F;
			remoteInfo = RxDataSourceCollectionViewExample;
		};
/* End PBXContainerItemProxy section */

/* Begin PBXFileReference section */
		45E9585EE8389464DDAB2EBB /* Pods_RxDataSourceCollectionViewExample_RxDataSourceCollectionViewExampleUITests.framework */ = {isa = PBXFileReference; explicitFileType = wrapper.framework; includeInIndex = 0; path = Pods_RxDataSourceCollectionViewExample_RxDataSourceCollectionViewExampleUITests.framework; sourceTree = BUILT_PRODUCTS_DIR; };
		45F13BE7129DB95721134C7D /* Pods-RxDataSourceCollectionViewExample-RxDataSourceCollectionViewExampleUITests.release.xcconfig */ = {isa = PBXFileReference; includeInIndex = 1; lastKnownFileType = text.xcconfig; name = "Pods-RxDataSourceCollectionViewExample-RxDataSourceCollectionViewExampleUITests.release.xcconfig"; path = "Target Support Files/Pods-RxDataSourceCollectionViewExample-RxDataSourceCollectionViewExampleUITests/Pods-RxDataSourceCollectionViewExample-RxDataSourceCollectionViewExampleUITests.release.xcconfig"; sourceTree = "<group>"; };
		71106596104DFC29512E484E /* Pods-RxDataSourceCollectionViewExample-RxDataSourceCollectionViewExampleUITests.debug.xcconfig */ = {isa = PBXFileReference; includeInIndex = 1; lastKnownFileType = text.xcconfig; name = "Pods-RxDataSourceCollectionViewExample-RxDataSourceCollectionViewExampleUITests.debug.xcconfig"; path = "Target Support Files/Pods-RxDataSourceCollectionViewExample-RxDataSourceCollectionViewExampleUITests/Pods-RxDataSourceCollectionViewExample-RxDataSourceCollectionViewExampleUITests.debug.xcconfig"; sourceTree = "<group>"; };
		951FEF22A67636CE95FB8F92 /* Pods-RxDataSourceCollectionViewExampleTests.release.xcconfig */ = {isa = PBXFileReference; includeInIndex = 1; lastKnownFileType = text.xcconfig; name = "Pods-RxDataSourceCollectionViewExampleTests.release.xcconfig"; path = "Target Support Files/Pods-RxDataSourceCollectionViewExampleTests/Pods-RxDataSourceCollectionViewExampleTests.release.xcconfig"; sourceTree = "<group>"; };
		A1938AB8368BFFDE231576F2 /* Pods-RxDataSourceCollectionViewExample.debug.xcconfig */ = {isa = PBXFileReference; includeInIndex = 1; lastKnownFileType = text.xcconfig; name = "Pods-RxDataSourceCollectionViewExample.debug.xcconfig"; path = "Target Support Files/Pods-RxDataSourceCollectionViewExample/Pods-RxDataSourceCollectionViewExample.debug.xcconfig"; sourceTree = "<group>"; };
		A3ABBAB0705CE0F9F0B2F276 /* Pods-RxDataSourceCollectionViewExampleTests.debug.xcconfig */ = {isa = PBXFileReference; includeInIndex = 1; lastKnownFileType = text.xcconfig; name = "Pods-RxDataSourceCollectionViewExampleTests.debug.xcconfig"; path = "Target Support Files/Pods-RxDataSourceCollectionViewExampleTests/Pods-RxDataSourceCollectionViewExampleTests.debug.xcconfig"; sourceTree = "<group>"; };
		B066B70F57E0C588B099D789 /* Pods-RxDataSourceCollectionViewExample.release.xcconfig */ = {isa = PBXFileReference; includeInIndex = 1; lastKnownFileType = text.xcconfig; name = "Pods-RxDataSourceCollectionViewExample.release.xcconfig"; path = "Target Support Files/Pods-RxDataSourceCollectionViewExample/Pods-RxDataSourceCollectionViewExample.release.xcconfig"; sourceTree = "<group>"; };
		CB30C83710AF03AD6DEAB23F /* Pods_RxDataSourceCollectionViewExampleTests.framework */ = {isa = PBXFileReference; explicitFileType = wrapper.framework; includeInIndex = 0; path = Pods_RxDataSourceCollectionViewExampleTests.framework; sourceTree = BUILT_PRODUCTS_DIR; };
		DED1162728C3AE58000D530F /* RxDataSourceCollectionViewExample.app */ = {isa = PBXFileReference; explicitFileType = wrapper.application; includeInIndex = 0; path = RxDataSourceCollectionViewExample.app; sourceTree = BUILT_PRODUCTS_DIR; };
		DED1162A28C3AE58000D530F /* AppDelegate.swift */ = {isa = PBXFileReference; lastKnownFileType = sourcecode.swift; path = AppDelegate.swift; sourceTree = "<group>"; };
		DED1162C28C3AE58000D530F /* SceneDelegate.swift */ = {isa = PBXFileReference; lastKnownFileType = sourcecode.swift; path = SceneDelegate.swift; sourceTree = "<group>"; };
		DED1162E28C3AE58000D530F /* ViewController.swift */ = {isa = PBXFileReference; lastKnownFileType = sourcecode.swift; path = ViewController.swift; sourceTree = "<group>"; };
		DED1163128C3AE58000D530F /* Base */ = {isa = PBXFileReference; lastKnownFileType = file.storyboard; name = Base; path = Base.lproj/Main.storyboard; sourceTree = "<group>"; };
		DED1163328C3AE59000D530F /* Assets.xcassets */ = {isa = PBXFileReference; lastKnownFileType = folder.assetcatalog; path = Assets.xcassets; sourceTree = "<group>"; };
		DED1163628C3AE59000D530F /* Base */ = {isa = PBXFileReference; lastKnownFileType = file.storyboard; name = Base; path = Base.lproj/LaunchScreen.storyboard; sourceTree = "<group>"; };
		DED1163828C3AE59000D530F /* Info.plist */ = {isa = PBXFileReference; lastKnownFileType = text.plist.xml; path = Info.plist; sourceTree = "<group>"; };
		DED1163D28C3AE59000D530F /* RxDataSourceCollectionViewExampleTests.xctest */ = {isa = PBXFileReference; explicitFileType = wrapper.cfbundle; includeInIndex = 0; path = RxDataSourceCollectionViewExampleTests.xctest; sourceTree = BUILT_PRODUCTS_DIR; };
		DED1164128C3AE59000D530F /* RxDataSourceCollectionViewExampleTests.swift */ = {isa = PBXFileReference; lastKnownFileType = sourcecode.swift; path = RxDataSourceCollectionViewExampleTests.swift; sourceTree = "<group>"; };
		DED1164728C3AE59000D530F /* RxDataSourceCollectionViewExampleUITests.xctest */ = {isa = PBXFileReference; explicitFileType = wrapper.cfbundle; includeInIndex = 0; path = RxDataSourceCollectionViewExampleUITests.xctest; sourceTree = BUILT_PRODUCTS_DIR; };
		DED1164B28C3AE5A000D530F /* RxDataSourceCollectionViewExampleUITests.swift */ = {isa = PBXFileReference; lastKnownFileType = sourcecode.swift; path = RxDataSourceCollectionViewExampleUITests.swift; sourceTree = "<group>"; };
		DED1164D28C3AE5A000D530F /* RxDataSourceCollectionViewExampleUITestsLaunchTests.swift */ = {isa = PBXFileReference; lastKnownFileType = sourcecode.swift; path = RxDataSourceCollectionViewExampleUITestsLaunchTests.swift; sourceTree = "<group>"; };
		DF201A027C499598FC8E7413 /* Pods_RxDataSourceCollectionViewExample.framework */ = {isa = PBXFileReference; explicitFileType = wrapper.framework; includeInIndex = 0; path = Pods_RxDataSourceCollectionViewExample.framework; sourceTree = BUILT_PRODUCTS_DIR; };
/* End PBXFileReference section */

/* Begin PBXFrameworksBuildPhase section */
		DED1162428C3AE58000D530F /* Frameworks */ = {
			isa = PBXFrameworksBuildPhase;
			buildActionMask = 2147483647;
			files = (
				DED1166528C3B02A000D530F /* SDWebImage in Frameworks */,
				DED1166228C3AFFC000D530F /* SkeletonView in Frameworks */,
				E57307B46E2678318DE10B52 /* Pods_RxDataSourceCollectionViewExample.framework in Frameworks */,
			);
			runOnlyForDeploymentPostprocessing = 0;
		};
		DED1163A28C3AE59000D530F /* Frameworks */ = {
			isa = PBXFrameworksBuildPhase;
			buildActionMask = 2147483647;
			files = (
				42AADF982D465CB32DE2BF11 /* Pods_RxDataSourceCollectionViewExampleTests.framework in Frameworks */,
			);
			runOnlyForDeploymentPostprocessing = 0;
		};
		DED1164428C3AE59000D530F /* Frameworks */ = {
			isa = PBXFrameworksBuildPhase;
			buildActionMask = 2147483647;
			files = (
				4A833904EE2EF02C2C5A13D3 /* Pods_RxDataSourceCollectionViewExample_RxDataSourceCollectionViewExampleUITests.framework in Frameworks */,
			);
			runOnlyForDeploymentPostprocessing = 0;
		};
/* End PBXFrameworksBuildPhase section */

/* Begin PBXGroup section */
		5AE96AB93B437A55BAFB12C4 /* Frameworks */ = {
			isa = PBXGroup;
			children = (
				DF201A027C499598FC8E7413 /* Pods_RxDataSourceCollectionViewExample.framework */,
				45E9585EE8389464DDAB2EBB /* Pods_RxDataSourceCollectionViewExample_RxDataSourceCollectionViewExampleUITests.framework */,
				CB30C83710AF03AD6DEAB23F /* Pods_RxDataSourceCollectionViewExampleTests.framework */,
			);
			name = Frameworks;
			sourceTree = "<group>";
		};
		DED1161E28C3AE58000D530F = {
			isa = PBXGroup;
			children = (
				DED1162928C3AE58000D530F /* RxDataSourceCollectionViewExample */,
				DED1164028C3AE59000D530F /* RxDataSourceCollectionViewExampleTests */,
				DED1164A28C3AE5A000D530F /* RxDataSourceCollectionViewExampleUITests */,
				DED1162828C3AE58000D530F /* Products */,
				F18AABB94FAE57D97951617A /* Pods */,
				5AE96AB93B437A55BAFB12C4 /* Frameworks */,
			);
			sourceTree = "<group>";
		};
		DED1162828C3AE58000D530F /* Products */ = {
			isa = PBXGroup;
			children = (
				DED1162728C3AE58000D530F /* RxDataSourceCollectionViewExample.app */,
				DED1163D28C3AE59000D530F /* RxDataSourceCollectionViewExampleTests.xctest */,
				DED1164728C3AE59000D530F /* RxDataSourceCollectionViewExampleUITests.xctest */,
			);
			name = Products;
			sourceTree = "<group>";
		};
		DED1162928C3AE58000D530F /* RxDataSourceCollectionViewExample */ = {
			isa = PBXGroup;
			children = (
				DED1162A28C3AE58000D530F /* AppDelegate.swift */,
				DED1162C28C3AE58000D530F /* SceneDelegate.swift */,
				DED1162E28C3AE58000D530F /* ViewController.swift */,
				DED1163028C3AE58000D530F /* Main.storyboard */,
				DED1163328C3AE59000D530F /* Assets.xcassets */,
				DED1163528C3AE59000D530F /* LaunchScreen.storyboard */,
				DED1163828C3AE59000D530F /* Info.plist */,
			);
			path = RxDataSourceCollectionViewExample;
			sourceTree = "<group>";
		};
		DED1164028C3AE59000D530F /* RxDataSourceCollectionViewExampleTests */ = {
			isa = PBXGroup;
			children = (
				DED1164128C3AE59000D530F /* RxDataSourceCollectionViewExampleTests.swift */,
			);
			path = RxDataSourceCollectionViewExampleTests;
			sourceTree = "<group>";
		};
		DED1164A28C3AE5A000D530F /* RxDataSourceCollectionViewExampleUITests */ = {
			isa = PBXGroup;
			children = (
				DED1164B28C3AE5A000D530F /* RxDataSourceCollectionViewExampleUITests.swift */,
				DED1164D28C3AE5A000D530F /* RxDataSourceCollectionViewExampleUITestsLaunchTests.swift */,
			);
			path = RxDataSourceCollectionViewExampleUITests;
			sourceTree = "<group>";
		};
		F18AABB94FAE57D97951617A /* Pods */ = {
			isa = PBXGroup;
			children = (
				A1938AB8368BFFDE231576F2 /* Pods-RxDataSourceCollectionViewExample.debug.xcconfig */,
				B066B70F57E0C588B099D789 /* Pods-RxDataSourceCollectionViewExample.release.xcconfig */,
				71106596104DFC29512E484E /* Pods-RxDataSourceCollectionViewExample-RxDataSourceCollectionViewExampleUITests.debug.xcconfig */,
				45F13BE7129DB95721134C7D /* Pods-RxDataSourceCollectionViewExample-RxDataSourceCollectionViewExampleUITests.release.xcconfig */,
				A3ABBAB0705CE0F9F0B2F276 /* Pods-RxDataSourceCollectionViewExampleTests.debug.xcconfig */,
				951FEF22A67636CE95FB8F92 /* Pods-RxDataSourceCollectionViewExampleTests.release.xcconfig */,
			);
			path = Pods;
			sourceTree = "<group>";
		};
/* End PBXGroup section */

/* Begin PBXNativeTarget section */
		DED1162628C3AE58000D530F /* RxDataSourceCollectionViewExample */ = {
			isa = PBXNativeTarget;
			buildConfigurationList = DED1165128C3AE5A000D530F /* Build configuration list for PBXNativeTarget "RxDataSourceCollectionViewExample" */;
			buildPhases = (
				921088B46538043CACEB076E /* [CP] Check Pods Manifest.lock */,
				DED1162328C3AE58000D530F /* Sources */,
				DED1162428C3AE58000D530F /* Frameworks */,
				DED1162528C3AE58000D530F /* Resources */,
				B7E0E61C5B62B4C791BC12C4 /* [CP] Embed Pods Frameworks */,
			);
			buildRules = (
			);
			dependencies = (
			);
			name = RxDataSourceCollectionViewExample;
			packageProductDependencies = (
				DED1166128C3AFFC000D530F /* SkeletonView */,
				DED1166428C3B02A000D530F /* SDWebImage */,
			);
			productName = RxDataSourceCollectionViewExample;
			productReference = DED1162728C3AE58000D530F /* RxDataSourceCollectionViewExample.app */;
			productType = "com.apple.product-type.application";
		};
		DED1163C28C3AE59000D530F /* RxDataSourceCollectionViewExampleTests */ = {
			isa = PBXNativeTarget;
			buildConfigurationList = DED1165428C3AE5A000D530F /* Build configuration list for PBXNativeTarget "RxDataSourceCollectionViewExampleTests" */;
			buildPhases = (
				9C8581DE382646DA86511184 /* [CP] Check Pods Manifest.lock */,
				DED1163928C3AE59000D530F /* Sources */,
				DED1163A28C3AE59000D530F /* Frameworks */,
				DED1163B28C3AE59000D530F /* Resources */,
			);
			buildRules = (
			);
			dependencies = (
				DED1163F28C3AE59000D530F /* PBXTargetDependency */,
			);
			name = RxDataSourceCollectionViewExampleTests;
			productName = RxDataSourceCollectionViewExampleTests;
			productReference = DED1163D28C3AE59000D530F /* RxDataSourceCollectionViewExampleTests.xctest */;
			productType = "com.apple.product-type.bundle.unit-test";
		};
		DED1164628C3AE59000D530F /* RxDataSourceCollectionViewExampleUITests */ = {
			isa = PBXNativeTarget;
			buildConfigurationList = DED1165728C3AE5A000D530F /* Build configuration list for PBXNativeTarget "RxDataSourceCollectionViewExampleUITests" */;
			buildPhases = (
				6FB01AE87385D29461A2EFCC /* [CP] Check Pods Manifest.lock */,
				DED1164328C3AE59000D530F /* Sources */,
				DED1164428C3AE59000D530F /* Frameworks */,
				DED1164528C3AE59000D530F /* Resources */,
				D30B6E3E4875F959C58D2E5D /* [CP] Embed Pods Frameworks */,
			);
			buildRules = (
			);
			dependencies = (
				DED1164928C3AE59000D530F /* PBXTargetDependency */,
			);
			name = RxDataSourceCollectionViewExampleUITests;
			productName = RxDataSourceCollectionViewExampleUITests;
			productReference = DED1164728C3AE59000D530F /* RxDataSourceCollectionViewExampleUITests.xctest */;
			productType = "com.apple.product-type.bundle.ui-testing";
		};
/* End PBXNativeTarget section */

/* Begin PBXProject section */
		DED1161F28C3AE58000D530F /* Project object */ = {
			isa = PBXProject;
			attributes = {
				BuildIndependentTargetsInParallel = 1;
				LastSwiftUpdateCheck = 1340;
				LastUpgradeCheck = 1340;
				TargetAttributes = {
					DED1162628C3AE58000D530F = {
						CreatedOnToolsVersion = 13.4.1;
					};
					DED1163C28C3AE59000D530F = {
						CreatedOnToolsVersion = 13.4.1;
						TestTargetID = DED1162628C3AE58000D530F;
					};
					DED1164628C3AE59000D530F = {
						CreatedOnToolsVersion = 13.4.1;
						TestTargetID = DED1162628C3AE58000D530F;
					};
				};
			};
			buildConfigurationList = DED1162228C3AE58000D530F /* Build configuration list for PBXProject "RxDataSourceCollectionViewExample" */;
			compatibilityVersion = "Xcode 13.0";
			developmentRegion = en;
			hasScannedForEncodings = 0;
			knownRegions = (
				en,
				Base,
			);
			mainGroup = DED1161E28C3AE58000D530F;
			packageReferences = (
				DED1166028C3AFFC000D530F /* XCRemoteSwiftPackageReference "SkeletonView" */,
				DED1166328C3B02A000D530F /* XCRemoteSwiftPackageReference "SDWebImage" */,
			);
			productRefGroup = DED1162828C3AE58000D530F /* Products */;
			projectDirPath = "";
			projectRoot = "";
			targets = (
				DED1162628C3AE58000D530F /* RxDataSourceCollectionViewExample */,
				DED1163C28C3AE59000D530F /* RxDataSourceCollectionViewExampleTests */,
				DED1164628C3AE59000D530F /* RxDataSourceCollectionViewExampleUITests */,
			);
		};
/* End PBXProject section */

/* Begin PBXResourcesBuildPhase section */
		DED1162528C3AE58000D530F /* Resources */ = {
			isa = PBXResourcesBuildPhase;
			buildActionMask = 2147483647;
			files = (
				DED1163728C3AE59000D530F /* LaunchScreen.storyboard in Resources */,
				DED1163428C3AE59000D530F /* Assets.xcassets in Resources */,
				DED1163228C3AE58000D530F /* Main.storyboard in Resources */,
			);
			runOnlyForDeploymentPostprocessing = 0;
		};
		DED1163B28C3AE59000D530F /* Resources */ = {
			isa = PBXResourcesBuildPhase;
			buildActionMask = 2147483647;
			files = (
			);
			runOnlyForDeploymentPostprocessing = 0;
		};
		DED1164528C3AE59000D530F /* Resources */ = {
			isa = PBXResourcesBuildPhase;
			buildActionMask = 2147483647;
			files = (
			);
			runOnlyForDeploymentPostprocessing = 0;
		};
/* End PBXResourcesBuildPhase section */

/* Begin PBXShellScriptBuildPhase section */
		6FB01AE87385D29461A2EFCC /* [CP] Check Pods Manifest.lock */ = {
			isa = PBXShellScriptBuildPhase;
			buildActionMask = 2147483647;
			files = (
			);
			inputFileListPaths = (
			);
			inputPaths = (
				"${PODS_PODFILE_DIR_PATH}/Podfile.lock",
				"${PODS_ROOT}/Manifest.lock",
			);
			name = "[CP] Check Pods Manifest.lock";
			outputFileListPaths = (
			);
			outputPaths = (
				"$(DERIVED_FILE_DIR)/Pods-RxDataSourceCollectionViewExample-RxDataSourceCollectionViewExampleUITests-checkManifestLockResult.txt",
			);
			runOnlyForDeploymentPostprocessing = 0;
			shellPath = /bin/sh;
			shellScript = "diff \"${PODS_PODFILE_DIR_PATH}/Podfile.lock\" \"${PODS_ROOT}/Manifest.lock\" > /dev/null\nif [ $? != 0 ] ; then\n    # print error to STDERR\n    echo \"error: The sandbox is not in sync with the Podfile.lock. Run 'pod install' or update your CocoaPods installation.\" >&2\n    exit 1\nfi\n# This output is used by Xcode 'outputs' to avoid re-running this script phase.\necho \"SUCCESS\" > \"${SCRIPT_OUTPUT_FILE_0}\"\n";
			showEnvVarsInLog = 0;
		};
		921088B46538043CACEB076E /* [CP] Check Pods Manifest.lock */ = {
			isa = PBXShellScriptBuildPhase;
			buildActionMask = 2147483647;
			files = (
			);
			inputFileListPaths = (
			);
			inputPaths = (
				"${PODS_PODFILE_DIR_PATH}/Podfile.lock",
				"${PODS_ROOT}/Manifest.lock",
			);
			name = "[CP] Check Pods Manifest.lock";
			outputFileListPaths = (
			);
			outputPaths = (
				"$(DERIVED_FILE_DIR)/Pods-RxDataSourceCollectionViewExample-checkManifestLockResult.txt",
			);
			runOnlyForDeploymentPostprocessing = 0;
			shellPath = /bin/sh;
			shellScript = "diff \"${PODS_PODFILE_DIR_PATH}/Podfile.lock\" \"${PODS_ROOT}/Manifest.lock\" > /dev/null\nif [ $? != 0 ] ; then\n    # print error to STDERR\n    echo \"error: The sandbox is not in sync with the Podfile.lock. Run 'pod install' or update your CocoaPods installation.\" >&2\n    exit 1\nfi\n# This output is used by Xcode 'outputs' to avoid re-running this script phase.\necho \"SUCCESS\" > \"${SCRIPT_OUTPUT_FILE_0}\"\n";
			showEnvVarsInLog = 0;
		};
		9C8581DE382646DA86511184 /* [CP] Check Pods Manifest.lock */ = {
			isa = PBXShellScriptBuildPhase;
			buildActionMask = 2147483647;
			files = (
			);
			inputFileListPaths = (
			);
			inputPaths = (
				"${PODS_PODFILE_DIR_PATH}/Podfile.lock",
				"${PODS_ROOT}/Manifest.lock",
			);
			name = "[CP] Check Pods Manifest.lock";
			outputFileListPaths = (
			);
			outputPaths = (
				"$(DERIVED_FILE_DIR)/Pods-RxDataSourceCollectionViewExampleTests-checkManifestLockResult.txt",
			);
			runOnlyForDeploymentPostprocessing = 0;
			shellPath = /bin/sh;
			shellScript = "diff \"${PODS_PODFILE_DIR_PATH}/Podfile.lock\" \"${PODS_ROOT}/Manifest.lock\" > /dev/null\nif [ $? != 0 ] ; then\n    # print error to STDERR\n    echo \"error: The sandbox is not in sync with the Podfile.lock. Run 'pod install' or update your CocoaPods installation.\" >&2\n    exit 1\nfi\n# This output is used by Xcode 'outputs' to avoid re-running this script phase.\necho \"SUCCESS\" > \"${SCRIPT_OUTPUT_FILE_0}\"\n";
			showEnvVarsInLog = 0;
		};
		B7E0E61C5B62B4C791BC12C4 /* [CP] Embed Pods Frameworks */ = {
			isa = PBXShellScriptBuildPhase;
			buildActionMask = 2147483647;
			files = (
			);
			inputFileListPaths = (
				"${PODS_ROOT}/Target Support Files/Pods-RxDataSourceCollectionViewExample/Pods-RxDataSourceCollectionViewExample-frameworks-${CONFIGURATION}-input-files.xcfilelist",
			);
			name = "[CP] Embed Pods Frameworks";
			outputFileListPaths = (
				"${PODS_ROOT}/Target Support Files/Pods-RxDataSourceCollectionViewExample/Pods-RxDataSourceCollectionViewExample-frameworks-${CONFIGURATION}-output-files.xcfilelist",
			);
			runOnlyForDeploymentPostprocessing = 0;
			shellPath = /bin/sh;
			shellScript = "\"${PODS_ROOT}/Target Support Files/Pods-RxDataSourceCollectionViewExample/Pods-RxDataSourceCollectionViewExample-frameworks.sh\"\n";
			showEnvVarsInLog = 0;
		};
		D30B6E3E4875F959C58D2E5D /* [CP] Embed Pods Frameworks */ = {
			isa = PBXShellScriptBuildPhase;
			buildActionMask = 2147483647;
			files = (
			);
			inputFileListPaths = (
				"${PODS_ROOT}/Target Support Files/Pods-RxDataSourceCollectionViewExample-RxDataSourceCollectionViewExampleUITests/Pods-RxDataSourceCollectionViewExample-RxDataSourceCollectionViewExampleUITests-frameworks-${CONFIGURATION}-input-files.xcfilelist",
			);
			name = "[CP] Embed Pods Frameworks";
			outputFileListPaths = (
				"${PODS_ROOT}/Target Support Files/Pods-RxDataSourceCollectionViewExample-RxDataSourceCollectionViewExampleUITests/Pods-RxDataSourceCollectionViewExample-RxDataSourceCollectionViewExampleUITests-frameworks-${CONFIGURATION}-output-files.xcfilelist",
			);
			runOnlyForDeploymentPostprocessing = 0;
			shellPath = /bin/sh;
			shellScript = "\"${PODS_ROOT}/Target Support Files/Pods-RxDataSourceCollectionViewExample-RxDataSourceCollectionViewExampleUITests/Pods-RxDataSourceCollectionViewExample-RxDataSourceCollectionViewExampleUITests-frameworks.sh\"\n";
			showEnvVarsInLog = 0;
		};
/* End PBXShellScriptBuildPhase section */

/* Begin PBXSourcesBuildPhase section */
		DED1162328C3AE58000D530F /* Sources */ = {
			isa = PBXSourcesBuildPhase;
			buildActionMask = 2147483647;
			files = (
				DED1162F28C3AE58000D530F /* ViewController.swift in Sources */,
				DED1162B28C3AE58000D530F /* AppDelegate.swift in Sources */,
				DED1162D28C3AE58000D530F /* SceneDelegate.swift in Sources */,
			);
			runOnlyForDeploymentPostprocessing = 0;
		};
		DED1163928C3AE59000D530F /* Sources */ = {
			isa = PBXSourcesBuildPhase;
			buildActionMask = 2147483647;
			files = (
				DED1164228C3AE59000D530F /* RxDataSourceCollectionViewExampleTests.swift in Sources */,
			);
			runOnlyForDeploymentPostprocessing = 0;
		};
		DED1164328C3AE59000D530F /* Sources */ = {
			isa = PBXSourcesBuildPhase;
			buildActionMask = 2147483647;
			files = (
				DED1164C28C3AE5A000D530F /* RxDataSourceCollectionViewExampleUITests.swift in Sources */,
				DED1164E28C3AE5A000D530F /* RxDataSourceCollectionViewExampleUITestsLaunchTests.swift in Sources */,
			);
			runOnlyForDeploymentPostprocessing = 0;
		};
/* End PBXSourcesBuildPhase section */

/* Begin PBXTargetDependency section */
		DED1163F28C3AE59000D530F /* PBXTargetDependency */ = {
			isa = PBXTargetDependency;
			target = DED1162628C3AE58000D530F /* RxDataSourceCollectionViewExample */;
			targetProxy = DED1163E28C3AE59000D530F /* PBXContainerItemProxy */;
		};
		DED1164928C3AE59000D530F /* PBXTargetDependency */ = {
			isa = PBXTargetDependency;
			target = DED1162628C3AE58000D530F /* RxDataSourceCollectionViewExample */;
			targetProxy = DED1164828C3AE59000D530F /* PBXContainerItemProxy */;
		};
/* End PBXTargetDependency section */

/* Begin PBXVariantGroup section */
		DED1163028C3AE58000D530F /* Main.storyboard */ = {
			isa = PBXVariantGroup;
			children = (
				DED1163128C3AE58000D530F /* Base */,
			);
			name = Main.storyboard;
			sourceTree = "<group>";
		};
		DED1163528C3AE59000D530F /* LaunchScreen.storyboard */ = {
			isa = PBXVariantGroup;
			children = (
				DED1163628C3AE59000D530F /* Base */,
			);
			name = LaunchScreen.storyboard;
			sourceTree = "<group>";
		};
/* End PBXVariantGroup section */

/* Begin XCBuildConfiguration section */
		DED1164F28C3AE5A000D530F /* Debug */ = {
			isa = XCBuildConfiguration;
			buildSettings = {
				ALWAYS_SEARCH_USER_PATHS = NO;
				CLANG_ANALYZER_NONNULL = YES;
				CLANG_ANALYZER_NUMBER_OBJECT_CONVERSION = YES_AGGRESSIVE;
				CLANG_CXX_LANGUAGE_STANDARD = "gnu++17";
				CLANG_ENABLE_MODULES = YES;
				CLANG_ENABLE_OBJC_ARC = YES;
				CLANG_ENABLE_OBJC_WEAK = YES;
				CLANG_WARN_BLOCK_CAPTURE_AUTORELEASING = YES;
				CLANG_WARN_BOOL_CONVERSION = YES;
				CLANG_WARN_COMMA = YES;
				CLANG_WARN_CONSTANT_CONVERSION = YES;
				CLANG_WARN_DEPRECATED_OBJC_IMPLEMENTATIONS = YES;
				CLANG_WARN_DIRECT_OBJC_ISA_USAGE = YES_ERROR;
				CLANG_WARN_DOCUMENTATION_COMMENTS = YES;
				CLANG_WARN_EMPTY_BODY = YES;
				CLANG_WARN_ENUM_CONVERSION = YES;
				CLANG_WARN_INFINITE_RECURSION = YES;
				CLANG_WARN_INT_CONVERSION = YES;
				CLANG_WARN_NON_LITERAL_NULL_CONVERSION = YES;
				CLANG_WARN_OBJC_IMPLICIT_RETAIN_SELF = YES;
				CLANG_WARN_OBJC_LITERAL_CONVERSION = YES;
				CLANG_WARN_OBJC_ROOT_CLASS = YES_ERROR;
				CLANG_WARN_QUOTED_INCLUDE_IN_FRAMEWORK_HEADER = YES;
				CLANG_WARN_RANGE_LOOP_ANALYSIS = YES;
				CLANG_WARN_STRICT_PROTOTYPES = YES;
				CLANG_WARN_SUSPICIOUS_MOVE = YES;
				CLANG_WARN_UNGUARDED_AVAILABILITY = YES_AGGRESSIVE;
				CLANG_WARN_UNREACHABLE_CODE = YES;
				CLANG_WARN__DUPLICATE_METHOD_MATCH = YES;
				COPY_PHASE_STRIP = NO;
				DEBUG_INFORMATION_FORMAT = dwarf;
				ENABLE_STRICT_OBJC_MSGSEND = YES;
				ENABLE_TESTABILITY = YES;
				GCC_C_LANGUAGE_STANDARD = gnu11;
				GCC_DYNAMIC_NO_PIC = NO;
				GCC_NO_COMMON_BLOCKS = YES;
				GCC_OPTIMIZATION_LEVEL = 0;
				GCC_PREPROCESSOR_DEFINITIONS = (
					"DEBUG=1",
					"$(inherited)",
				);
				GCC_WARN_64_TO_32_BIT_CONVERSION = YES;
				GCC_WARN_ABOUT_RETURN_TYPE = YES_ERROR;
				GCC_WARN_UNDECLARED_SELECTOR = YES;
				GCC_WARN_UNINITIALIZED_AUTOS = YES_AGGRESSIVE;
				GCC_WARN_UNUSED_FUNCTION = YES;
				GCC_WARN_UNUSED_VARIABLE = YES;
				IPHONEOS_DEPLOYMENT_TARGET = 15.5;
				MTL_ENABLE_DEBUG_INFO = INCLUDE_SOURCE;
				MTL_FAST_MATH = YES;
				ONLY_ACTIVE_ARCH = YES;
				SDKROOT = iphoneos;
				SWIFT_ACTIVE_COMPILATION_CONDITIONS = DEBUG;
				SWIFT_OPTIMIZATION_LEVEL = "-Onone";
			};
			name = Debug;
		};
		DED1165028C3AE5A000D530F /* Release */ = {
			isa = XCBuildConfiguration;
			buildSettings = {
				ALWAYS_SEARCH_USER_PATHS = NO;
				CLANG_ANALYZER_NONNULL = YES;
				CLANG_ANALYZER_NUMBER_OBJECT_CONVERSION = YES_AGGRESSIVE;
				CLANG_CXX_LANGUAGE_STANDARD = "gnu++17";
				CLANG_ENABLE_MODULES = YES;
				CLANG_ENABLE_OBJC_ARC = YES;
				CLANG_ENABLE_OBJC_WEAK = YES;
				CLANG_WARN_BLOCK_CAPTURE_AUTORELEASING = YES;
				CLANG_WARN_BOOL_CONVERSION = YES;
				CLANG_WARN_COMMA = YES;
				CLANG_WARN_CONSTANT_CONVERSION = YES;
				CLANG_WARN_DEPRECATED_OBJC_IMPLEMENTATIONS = YES;
				CLANG_WARN_DIRECT_OBJC_ISA_USAGE = YES_ERROR;
				CLANG_WARN_DOCUMENTATION_COMMENTS = YES;
				CLANG_WARN_EMPTY_BODY = YES;
				CLANG_WARN_ENUM_CONVERSION = YES;
				CLANG_WARN_INFINITE_RECURSION = YES;
				CLANG_WARN_INT_CONVERSION = YES;
				CLANG_WARN_NON_LITERAL_NULL_CONVERSION = YES;
				CLANG_WARN_OBJC_IMPLICIT_RETAIN_SELF = YES;
				CLANG_WARN_OBJC_LITERAL_CONVERSION = YES;
				CLANG_WARN_OBJC_ROOT_CLASS = YES_ERROR;
				CLANG_WARN_QUOTED_INCLUDE_IN_FRAMEWORK_HEADER = YES;
				CLANG_WARN_RANGE_LOOP_ANALYSIS = YES;
				CLANG_WARN_STRICT_PROTOTYPES = YES;
				CLANG_WARN_SUSPICIOUS_MOVE = YES;
				CLANG_WARN_UNGUARDED_AVAILABILITY = YES_AGGRESSIVE;
				CLANG_WARN_UNREACHABLE_CODE = YES;
				CLANG_WARN__DUPLICATE_METHOD_MATCH = YES;
				COPY_PHASE_STRIP = NO;
				DEBUG_INFORMATION_FORMAT = "dwarf-with-dsym";
				ENABLE_NS_ASSERTIONS = NO;
				ENABLE_STRICT_OBJC_MSGSEND = YES;
				GCC_C_LANGUAGE_STANDARD = gnu11;
				GCC_NO_COMMON_BLOCKS = YES;
				GCC_WARN_64_TO_32_BIT_CONVERSION = YES;
				GCC_WARN_ABOUT_RETURN_TYPE = YES_ERROR;
				GCC_WARN_UNDECLARED_SELECTOR = YES;
				GCC_WARN_UNINITIALIZED_AUTOS = YES_AGGRESSIVE;
				GCC_WARN_UNUSED_FUNCTION = YES;
				GCC_WARN_UNUSED_VARIABLE = YES;
				IPHONEOS_DEPLOYMENT_TARGET = 15.5;
				MTL_ENABLE_DEBUG_INFO = NO;
				MTL_FAST_MATH = YES;
				SDKROOT = iphoneos;
				SWIFT_COMPILATION_MODE = wholemodule;
				SWIFT_OPTIMIZATION_LEVEL = "-O";
				VALIDATE_PRODUCT = YES;
			};
			name = Release;
		};
		DED1165228C3AE5A000D530F /* Debug */ = {
			isa = XCBuildConfiguration;
			baseConfigurationReference = A1938AB8368BFFDE231576F2 /* Pods-RxDataSourceCollectionViewExample.debug.xcconfig */;
			buildSettings = {
				ASSETCATALOG_COMPILER_APPICON_NAME = AppIcon;
				ASSETCATALOG_COMPILER_GLOBAL_ACCENT_COLOR_NAME = AccentColor;
				CODE_SIGN_STYLE = Automatic;
				CURRENT_PROJECT_VERSION = 1;
				DEVELOPMENT_TEAM = S5BF5553KY;
				GENERATE_INFOPLIST_FILE = YES;
				INFOPLIST_FILE = RxDataSourceCollectionViewExample/Info.plist;
				INFOPLIST_KEY_UIApplicationSupportsIndirectInputEvents = YES;
				INFOPLIST_KEY_UILaunchStoryboardName = LaunchScreen;
				INFOPLIST_KEY_UIMainStoryboardFile = Main;
				INFOPLIST_KEY_UISupportedInterfaceOrientations = UIInterfaceOrientationPortrait;
				IPHONEOS_DEPLOYMENT_TARGET = 16.0;
				LD_RUNPATH_SEARCH_PATHS = (
					"$(inherited)",
					"@executable_path/Frameworks",
				);
				MARKETING_VERSION = 1.0;
				PRODUCT_BUNDLE_IDENTIFIER = com.just1factory.RxDataSourceCollectionViewExample;
				PRODUCT_NAME = "$(TARGET_NAME)";
				SWIFT_EMIT_LOC_STRINGS = YES;
				SWIFT_VERSION = 5.0;
				TARGETED_DEVICE_FAMILY = "1,2";
			};
			name = Debug;
		};
		DED1165328C3AE5A000D530F /* Release */ = {
			isa = XCBuildConfiguration;
			baseConfigurationReference = B066B70F57E0C588B099D789 /* Pods-RxDataSourceCollectionViewExample.release.xcconfig */;
			buildSettings = {
				ASSETCATALOG_COMPILER_APPICON_NAME = AppIcon;
				ASSETCATALOG_COMPILER_GLOBAL_ACCENT_COLOR_NAME = AccentColor;
				CODE_SIGN_STYLE = Automatic;
				CURRENT_PROJECT_VERSION = 1;
				DEVELOPMENT_TEAM = S5BF5553KY;
				GENERATE_INFOPLIST_FILE = YES;
				INFOPLIST_FILE = RxDataSourceCollectionViewExample/Info.plist;
				INFOPLIST_KEY_UIApplicationSupportsIndirectInputEvents = YES;
				INFOPLIST_KEY_UILaunchStoryboardName = LaunchScreen;
				INFOPLIST_KEY_UIMainStoryboardFile = Main;
				INFOPLIST_KEY_UISupportedInterfaceOrientations = UIInterfaceOrientationPortrait;
				IPHONEOS_DEPLOYMENT_TARGET = 16.0;
				LD_RUNPATH_SEARCH_PATHS = (
					"$(inherited)",
					"@executable_path/Frameworks",
				);
				MARKETING_VERSION = 1.0;
				PRODUCT_BUNDLE_IDENTIFIER = com.just1factory.RxDataSourceCollectionViewExample;
				PRODUCT_NAME = "$(TARGET_NAME)";
				SWIFT_EMIT_LOC_STRINGS = YES;
				SWIFT_VERSION = 5.0;
				TARGETED_DEVICE_FAMILY = "1,2";
			};
			name = Release;
		};
		DED1165528C3AE5A000D530F /* Debug */ = {
			isa = XCBuildConfiguration;
			baseConfigurationReference = A3ABBAB0705CE0F9F0B2F276 /* Pods-RxDataSourceCollectionViewExampleTests.debug.xcconfig */;
			buildSettings = {
				ALWAYS_EMBED_SWIFT_STANDARD_LIBRARIES = YES;
				BUNDLE_LOADER = "$(TEST_HOST)";
				CODE_SIGN_STYLE = Automatic;
				CURRENT_PROJECT_VERSION = 1;
				DEVELOPMENT_TEAM = S5BF5553KY;
				GENERATE_INFOPLIST_FILE = YES;
				IPHONEOS_DEPLOYMENT_TARGET = 15.5;
				MARKETING_VERSION = 1.0;
				PRODUCT_BUNDLE_IDENTIFIER = com.just1factory.RxDataSourceCollectionViewExampleTests;
				PRODUCT_NAME = "$(TARGET_NAME)";
				SWIFT_EMIT_LOC_STRINGS = NO;
				SWIFT_VERSION = 5.0;
				TARGETED_DEVICE_FAMILY = "1,2";
				TEST_HOST = "$(BUILT_PRODUCTS_DIR)/RxDataSourceCollectionViewExample.app/RxDataSourceCollectionViewExample";
			};
			name = Debug;
		};
		DED1165628C3AE5A000D530F /* Release */ = {
			isa = XCBuildConfiguration;
			baseConfigurationReference = 951FEF22A67636CE95FB8F92 /* Pods-RxDataSourceCollectionViewExampleTests.release.xcconfig */;
			buildSettings = {
				ALWAYS_EMBED_SWIFT_STANDARD_LIBRARIES = YES;
				BUNDLE_LOADER = "$(TEST_HOST)";
				CODE_SIGN_STYLE = Automatic;
				CURRENT_PROJECT_VERSION = 1;
				DEVELOPMENT_TEAM = S5BF5553KY;
				GENERATE_INFOPLIST_FILE = YES;
				IPHONEOS_DEPLOYMENT_TARGET = 15.5;
				MARKETING_VERSION = 1.0;
				PRODUCT_BUNDLE_IDENTIFIER = com.just1factory.RxDataSourceCollectionViewExampleTests;
				PRODUCT_NAME = "$(TARGET_NAME)";
				SWIFT_EMIT_LOC_STRINGS = NO;
				SWIFT_VERSION = 5.0;
				TARGETED_DEVICE_FAMILY = "1,2";
				TEST_HOST = "$(BUILT_PRODUCTS_DIR)/RxDataSourceCollectionViewExample.app/RxDataSourceCollectionViewExample";
			};
			name = Release;
		};
		DED1165828C3AE5A000D530F /* Debug */ = {
			isa = XCBuildConfiguration;
			baseConfigurationReference = 71106596104DFC29512E484E /* Pods-RxDataSourceCollectionViewExample-RxDataSourceCollectionViewExampleUITests.debug.xcconfig */;
			buildSettings = {
				ALWAYS_EMBED_SWIFT_STANDARD_LIBRARIES = YES;
				CODE_SIGN_STYLE = Automatic;
				CURRENT_PROJECT_VERSION = 1;
				DEVELOPMENT_TEAM = S5BF5553KY;
				GENERATE_INFOPLIST_FILE = YES;
				MARKETING_VERSION = 1.0;
				PRODUCT_BUNDLE_IDENTIFIER = com.just1factory.RxDataSourceCollectionViewExampleUITests;
				PRODUCT_NAME = "$(TARGET_NAME)";
				SWIFT_EMIT_LOC_STRINGS = NO;
				SWIFT_VERSION = 5.0;
				TARGETED_DEVICE_FAMILY = "1,2";
				TEST_TARGET_NAME = RxDataSourceCollectionViewExample;
			};
			name = Debug;
		};
		DED1165928C3AE5A000D530F /* Release */ = {
			isa = XCBuildConfiguration;
			baseConfigurationReference = 45F13BE7129DB95721134C7D /* Pods-RxDataSourceCollectionViewExample-RxDataSourceCollectionViewExampleUITests.release.xcconfig */;
			buildSettings = {
				ALWAYS_EMBED_SWIFT_STANDARD_LIBRARIES = YES;
				CODE_SIGN_STYLE = Automatic;
				CURRENT_PROJECT_VERSION = 1;
				DEVELOPMENT_TEAM = S5BF5553KY;
				GENERATE_INFOPLIST_FILE = YES;
				MARKETING_VERSION = 1.0;
				PRODUCT_BUNDLE_IDENTIFIER = com.just1factory.RxDataSourceCollectionViewExampleUITests;
				PRODUCT_NAME = "$(TARGET_NAME)";
				SWIFT_EMIT_LOC_STRINGS = NO;
				SWIFT_VERSION = 5.0;
				TARGETED_DEVICE_FAMILY = "1,2";
				TEST_TARGET_NAME = RxDataSourceCollectionViewExample;
			};
			name = Release;
		};
/* End XCBuildConfiguration section */

/* Begin XCConfigurationList section */
		DED1162228C3AE58000D530F /* Build configuration list for PBXProject "RxDataSourceCollectionViewExample" */ = {
			isa = XCConfigurationList;
			buildConfigurations = (
				DED1164F28C3AE5A000D530F /* Debug */,
				DED1165028C3AE5A000D530F /* Release */,
			);
			defaultConfigurationIsVisible = 0;
			defaultConfigurationName = Release;
		};
		DED1165128C3AE5A000D530F /* Build configuration list for PBXNativeTarget "RxDataSourceCollectionViewExample" */ = {
			isa = XCConfigurationList;
			buildConfigurations = (
				DED1165228C3AE5A000D530F /* Debug */,
				DED1165328C3AE5A000D530F /* Release */,
			);
			defaultConfigurationIsVisible = 0;
			defaultConfigurationName = Release;
		};
		DED1165428C3AE5A000D530F /* Build configuration list for PBXNativeTarget "RxDataSourceCollectionViewExampleTests" */ = {
			isa = XCConfigurationList;
			buildConfigurations = (
				DED1165528C3AE5A000D530F /* Debug */,
				DED1165628C3AE5A000D530F /* Release */,
			);
			defaultConfigurationIsVisible = 0;
			defaultConfigurationName = Release;
		};
		DED1165728C3AE5A000D530F /* Build configuration list for PBXNativeTarget "RxDataSourceCollectionViewExampleUITests" */ = {
			isa = XCConfigurationList;
			buildConfigurations = (
				DED1165828C3AE5A000D530F /* Debug */,
				DED1165928C3AE5A000D530F /* Release */,
			);
			defaultConfigurationIsVisible = 0;
			defaultConfigurationName = Release;
		};
/* End XCConfigurationList section */

/* Begin XCRemoteSwiftPackageReference section */
		DED1166028C3AFFC000D530F /* XCRemoteSwiftPackageReference "SkeletonView" */ = {
			isa = XCRemoteSwiftPackageReference;
			repositoryURL = "https://github.com/Juanpe/SkeletonView";
			requirement = {
				kind = upToNextMinorVersion;
				minimumVersion = 1.9.0;
			};
		};
		DED1166328C3B02A000D530F /* XCRemoteSwiftPackageReference "SDWebImage" */ = {
			isa = XCRemoteSwiftPackageReference;
			repositoryURL = "https://github.com/SDWebImage/SDWebImage";
			requirement = {
				branch = master;
				kind = branch;
			};
		};
/* End XCRemoteSwiftPackageReference section */

/* Begin XCSwiftPackageProductDependency section */
		DED1166128C3AFFC000D530F /* SkeletonView */ = {
			isa = XCSwiftPackageProductDependency;
			package = DED1166028C3AFFC000D530F /* XCRemoteSwiftPackageReference "SkeletonView" */;
			productName = SkeletonView;
		};
		DED1166428C3B02A000D530F /* SDWebImage */ = {
			isa = XCSwiftPackageProductDependency;
			package = DED1166328C3B02A000D530F /* XCRemoteSwiftPackageReference "SDWebImage" */;
			productName = SDWebImage;
		};
/* End XCSwiftPackageProductDependency section */
	};
	rootObject = DED1161F28C3AE58000D530F /* Project object */;
}
