// !$*UTF8*$!
{
	archiveVersion = 1;
	classes = {
	};
	objectVersion = 56;
	objects = {

/* Begin PBXBuildFile section */
		DE2EC18F29C4BC8F00C52028 /* AppDelegate.swift in Sources */ = {isa = PBXBuildFile; fileRef = DE2EC18E29C4BC8F00C52028 /* AppDelegate.swift */; };
		DE2EC19129C4BC8F00C52028 /* SceneDelegate.swift in Sources */ = {isa = PBXBuildFile; fileRef = DE2EC19029C4BC8F00C52028 /* SceneDelegate.swift */; };
		DE2EC19329C4BC8F00C52028 /* MainViewController.swift in Sources */ = {isa = PBXBuildFile; fileRef = DE2EC19229C4BC8F00C52028 /* MainViewController.swift */; };
		DE2EC19629C4BC8F00C52028 /* MainViewController.storyboard in Resources */ = {isa = PBXBuildFile; fileRef = DE2EC19429C4BC8F00C52028 /* MainViewController.storyboard */; };
		DE2EC19829C4BC9000C52028 /* Assets.xcassets in Resources */ = {isa = PBXBuildFile; fileRef = DE2EC19729C4BC9000C52028 /* Assets.xcassets */; };
		DE2EC19B29C4BC9000C52028 /* LaunchScreen.storyboard in Resources */ = {isa = PBXBuildFile; fileRef = DE2EC19929C4BC9000C52028 /* LaunchScreen.storyboard */; };
		DE2EC1A629C4BC9100C52028 /* VariousCollectionViewPatternTests.swift in Sources */ = {isa = PBXBuildFile; fileRef = DE2EC1A529C4BC9100C52028 /* VariousCollectionViewPatternTests.swift */; };
		DE2EC1B029C4BC9100C52028 /* VariousCollectionViewPatternUITests.swift in Sources */ = {isa = PBXBuildFile; fileRef = DE2EC1AF29C4BC9100C52028 /* VariousCollectionViewPatternUITests.swift */; };
		DE2EC1B229C4BC9100C52028 /* VariousCollectionViewPatternUITestsLaunchTests.swift in Sources */ = {isa = PBXBuildFile; fileRef = DE2EC1B129C4BC9100C52028 /* VariousCollectionViewPatternUITestsLaunchTests.swift */; };
		DE2EC1C929C725C000C52028 /* AlamofireImage in Frameworks */ = {isa = PBXBuildFile; productRef = DE2EC1C829C725C000C52028 /* AlamofireImage */; };
		DE2EC1CC29C7270100C52028 /* KeychainAccess in Frameworks */ = {isa = PBXBuildFile; productRef = DE2EC1CB29C7270100C52028 /* KeychainAccess */; };
		DE2EC1CF29C7276100C52028 /* Realm in Frameworks */ = {isa = PBXBuildFile; productRef = DE2EC1CE29C7276100C52028 /* Realm */; };
		DE2EC1D129C7276100C52028 /* RealmSwift in Frameworks */ = {isa = PBXBuildFile; productRef = DE2EC1D029C7276100C52028 /* RealmSwift */; };
		DE2EC1D329C8942E00C52028 /* TypeScanner.swift in Sources */ = {isa = PBXBuildFile; fileRef = DE2EC1D229C8942E00C52028 /* TypeScanner.swift */; };
		DE2EC1D629C8945400C52028 /* DateLabelFormatter.swift in Sources */ = {isa = PBXBuildFile; fileRef = DE2EC1D529C8945400C52028 /* DateLabelFormatter.swift */; };
		DE2EC1D829C894D900C52028 /* Dependencies.swift in Sources */ = {isa = PBXBuildFile; fileRef = DE2EC1D729C894D900C52028 /* Dependencies.swift */; };
		DE2EC1DA29C8950100C52028 /* DependenciesDefinition.swift in Sources */ = {isa = PBXBuildFile; fileRef = DE2EC1D929C8950100C52028 /* DependenciesDefinition.swift */; };
		DE2EC1DC29C89AC200C52028 /* NSObjectProtocolExtension.swift in Sources */ = {isa = PBXBuildFile; fileRef = DE2EC1DB29C89AC200C52028 /* NSObjectProtocolExtension.swift */; };
		DE2EC1DE29C89AF700C52028 /* UIColorExtension.swift in Sources */ = {isa = PBXBuildFile; fileRef = DE2EC1DD29C89AF700C52028 /* UIColorExtension.swift */; };
		DE2EC1E029C89B2D00C52028 /* UINavigationControllerExtension.swift in Sources */ = {isa = PBXBuildFile; fileRef = DE2EC1DF29C89B2D00C52028 /* UINavigationControllerExtension.swift */; };
		DE2EC1E229C89B4600C52028 /* UIViewControllerExtension.swift in Sources */ = {isa = PBXBuildFile; fileRef = DE2EC1E129C89B4600C52028 /* UIViewControllerExtension.swift */; };
		DE2EC1E429C89B8400C52028 /* PortraitNavigationController.swift in Sources */ = {isa = PBXBuildFile; fileRef = DE2EC1E329C89B8400C52028 /* PortraitNavigationController.swift */; };
		DE2EC1E629C89BBE00C52028 /* UIWindowScanner.swift in Sources */ = {isa = PBXBuildFile; fileRef = DE2EC1E529C89BBE00C52028 /* UIWindowScanner.swift */; };
		DE2EC1E829C89C1C00C52028 /* CustomViewBase.swift in Sources */ = {isa = PBXBuildFile; fileRef = DE2EC1E729C89C1C00C52028 /* CustomViewBase.swift */; };
		DE2EC1EA29C89CC700C52028 /* UICollectionViewExtension.swift in Sources */ = {isa = PBXBuildFile; fileRef = DE2EC1E929C89CC700C52028 /* UICollectionViewExtension.swift */; };
		DE2EC1EC29C89CE500C52028 /* UICollectionViewCellRegistrable.swift in Sources */ = {isa = PBXBuildFile; fileRef = DE2EC1EB29C89CE500C52028 /* UICollectionViewCellRegistrable.swift */; };
		DE2EC1EF29C8A3B900C52028 /* Cosmos in Frameworks */ = {isa = PBXBuildFile; productRef = DE2EC1EE29C8A3B900C52028 /* Cosmos */; };
		DE2EC1FE29C8C0A700C52028 /* SwiftyMocky in Frameworks */ = {isa = PBXBuildFile; productRef = DE2EC1FD29C8C0A700C52028 /* SwiftyMocky */; };
		DE2EC20029C8C0A700C52028 /* swiftymocky in Frameworks */ = {isa = PBXBuildFile; productRef = DE2EC1FF29C8C0A700C52028 /* swiftymocky */; };
		DE2EC20329C8C0F100C52028 /* CombineExpectations in Frameworks */ = {isa = PBXBuildFile; productRef = DE2EC20229C8C0F100C52028 /* CombineExpectations */; };
		DE2EC20629C982A900C52028 /* GlobalTabBarController.storyboard in Resources */ = {isa = PBXBuildFile; fileRef = DE2EC20529C982A900C52028 /* GlobalTabBarController.storyboard */; };
		DE2EC20829C9832400C52028 /* GlobalTabBarController.swift in Sources */ = {isa = PBXBuildFile; fileRef = DE2EC20729C9832400C52028 /* GlobalTabBarController.swift */; };
		DE2EC20B29C983D500C52028 /* SearchItemViewController.swift in Sources */ = {isa = PBXBuildFile; fileRef = DE2EC20A29C983D500C52028 /* SearchItemViewController.swift */; };
		DE2EC20D29C983DF00C52028 /* SearchItemViewController.storyboard in Resources */ = {isa = PBXBuildFile; fileRef = DE2EC20C29C983DF00C52028 /* SearchItemViewController.storyboard */; };
		DE2EC21029C9842A00C52028 /* FavoriteItemViewController.storyboard in Resources */ = {isa = PBXBuildFile; fileRef = DE2EC20F29C9842A00C52028 /* FavoriteItemViewController.storyboard */; };
		DE2EC21229C9843600C52028 /* FavoriteItemViewController.swift in Sources */ = {isa = PBXBuildFile; fileRef = DE2EC21129C9843600C52028 /* FavoriteItemViewController.swift */; };
		DE2EC21529C984E100C52028 /* SettingViewController.storyboard in Resources */ = {isa = PBXBuildFile; fileRef = DE2EC21429C984E100C52028 /* SettingViewController.storyboard */; };
		DE2EC21729C984ED00C52028 /* SettingViewController.swift in Sources */ = {isa = PBXBuildFile; fileRef = DE2EC21629C984ED00C52028 /* SettingViewController.swift */; };
		DE2EC21A29C9876800C52028 /* GlobalTabBarTransition.swift in Sources */ = {isa = PBXBuildFile; fileRef = DE2EC21929C9876800C52028 /* GlobalTabBarTransition.swift */; };
		DE3172CE29C9E7310085C7FC /* DetailItemViewController.swift in Sources */ = {isa = PBXBuildFile; fileRef = DE3172CD29C9E7310085C7FC /* DetailItemViewController.swift */; };
		DE3172D029C9EB4B0085C7FC /* DetailItemViewController.storyboard in Resources */ = {isa = PBXBuildFile; fileRef = DE3172CF29C9EB4B0085C7FC /* DetailItemViewController.storyboard */; };
		DE3172D429CB45780085C7FC /* SnapCarouselMainCollectionViewCell.swift in Sources */ = {isa = PBXBuildFile; fileRef = DE3172D229CB45780085C7FC /* SnapCarouselMainCollectionViewCell.swift */; };
		DE3172D529CB45780085C7FC /* SnapCarouselMainCollectionViewCell.xib in Resources */ = {isa = PBXBuildFile; fileRef = DE3172D329CB45780085C7FC /* SnapCarouselMainCollectionViewCell.xib */; };
		DE3172D929CB45B80085C7FC /* HorizontalCarouselMainCollectionViewCell.swift in Sources */ = {isa = PBXBuildFile; fileRef = DE3172D729CB45B80085C7FC /* HorizontalCarouselMainCollectionViewCell.swift */; };
		DE3172DA29CB45B80085C7FC /* HorizontalCarouselMainCollectionViewCell.xib in Resources */ = {isa = PBXBuildFile; fileRef = DE3172D829CB45B80085C7FC /* HorizontalCarouselMainCollectionViewCell.xib */; };
		DE3172DE29CB46400085C7FC /* AnnouncementGroupCarouselMainCollectionViewCell.swift in Sources */ = {isa = PBXBuildFile; fileRef = DE3172DC29CB46400085C7FC /* AnnouncementGroupCarouselMainCollectionViewCell.swift */; };
		DE3172DF29CB46400085C7FC /* AnnouncementGroupCarouselMainCollectionViewCell.xib in Resources */ = {isa = PBXBuildFile; fileRef = DE3172DD29CB46400085C7FC /* AnnouncementGroupCarouselMainCollectionViewCell.xib */; };
		DE3172E329CB46810085C7FC /* GalleryGridMainCollectionViewCell.swift in Sources */ = {isa = PBXBuildFile; fileRef = DE3172E129CB46810085C7FC /* GalleryGridMainCollectionViewCell.swift */; };
		DE3172E429CB46810085C7FC /* GalleryGridMainCollectionViewCell.xib in Resources */ = {isa = PBXBuildFile; fileRef = DE3172E229CB46810085C7FC /* GalleryGridMainCollectionViewCell.xib */; };
		DE3172E829CB52550085C7FC /* FeaturedSectionCarouselMainCollectionViewCell.swift in Sources */ = {isa = PBXBuildFile; fileRef = DE3172E629CB52550085C7FC /* FeaturedSectionCarouselMainCollectionViewCell.swift */; };
		DE3172E929CB52550085C7FC /* FeaturedSectionCarouselMainCollectionViewCell.xib in Resources */ = {isa = PBXBuildFile; fileRef = DE3172E729CB52550085C7FC /* FeaturedSectionCarouselMainCollectionViewCell.xib */; };
		DE3172ED29CD09080085C7FC /* FavoriteItemCollectionViewCell.swift in Sources */ = {isa = PBXBuildFile; fileRef = DE3172EB29CD09080085C7FC /* FavoriteItemCollectionViewCell.swift */; };
		DE3172EE29CD09080085C7FC /* FavoriteItemCollectionViewCell.xib in Resources */ = {isa = PBXBuildFile; fileRef = DE3172EC29CD09080085C7FC /* FavoriteItemCollectionViewCell.xib */; };
		DE3172F229CD09910085C7FC /* SettingItemCollectionViewCell.swift in Sources */ = {isa = PBXBuildFile; fileRef = DE3172F029CD09910085C7FC /* SettingItemCollectionViewCell.swift */; };
		DE3172F329CD09910085C7FC /* SettingItemCollectionViewCell.xib in Resources */ = {isa = PBXBuildFile; fileRef = DE3172F129CD09910085C7FC /* SettingItemCollectionViewCell.xib */; };
		DE3172FC29CEDE380085C7FC /* SearchResultCollectionViewCell.swift in Sources */ = {isa = PBXBuildFile; fileRef = DE3172FA29CEDE380085C7FC /* SearchResultCollectionViewCell.swift */; };
		DE3172FD29CEDE380085C7FC /* SearchResultCollectionViewCell.xib in Resources */ = {isa = PBXBuildFile; fileRef = DE3172FB29CEDE380085C7FC /* SearchResultCollectionViewCell.xib */; };
		DE31730229D074030085C7FC /* KeychainAccessManager.swift in Sources */ = {isa = PBXBuildFile; fileRef = DE31730129D074020085C7FC /* KeychainAccessManager.swift */; };
		DE31730429D075540085C7FC /* RealmAccessManager.swift in Sources */ = {isa = PBXBuildFile; fileRef = DE31730329D075540085C7FC /* RealmAccessManager.swift */; };
		DE31730629D1C3150085C7FC /* ApiClientManager.swift in Sources */ = {isa = PBXBuildFile; fileRef = DE31730529D1C3150085C7FC /* ApiClientManager.swift */; };
		DE31730929D471FC0085C7FC /* MainViewModel.swift in Sources */ = {isa = PBXBuildFile; fileRef = DE31730829D471FC0085C7FC /* MainViewModel.swift */; };
		DE31730B29D4777F0085C7FC /* DetailItemViewModel.swift in Sources */ = {isa = PBXBuildFile; fileRef = DE31730A29D4777F0085C7FC /* DetailItemViewModel.swift */; };
		DEB7454B29D5AABA00AB18FC /* SettingViewModel.swift in Sources */ = {isa = PBXBuildFile; fileRef = DEB7454A29D5AABA00AB18FC /* SettingViewModel.swift */; };
		DEB7454D29D5AAD300AB18FC /* FavoriteItemViewModel.swift in Sources */ = {isa = PBXBuildFile; fileRef = DEB7454C29D5AAD300AB18FC /* FavoriteItemViewModel.swift */; };
		DEB7454F29D5AAF500AB18FC /* SearchItemViewModel.swift in Sources */ = {isa = PBXBuildFile; fileRef = DEB7454E29D5AAF500AB18FC /* SearchItemViewModel.swift */; };
		DEB7455229D632E600AB18FC /* FavoriteItemRepository.swift in Sources */ = {isa = PBXBuildFile; fileRef = DEB7455129D632E600AB18FC /* FavoriteItemRepository.swift */; };
		DEB7455529D7B77100AB18FC /* ShowcaseView.swift in Sources */ = {isa = PBXBuildFile; fileRef = DEB7455429D7B77100AB18FC /* ShowcaseView.swift */; };
		DEB7455729DDB9F200AB18FC /* ShowCaseRepository.swift in Sources */ = {isa = PBXBuildFile; fileRef = DEB7455629DDB9F200AB18FC /* ShowCaseRepository.swift */; };
		DEB7455929DF0C0100AB18FC /* DetailItemRepository.swift in Sources */ = {isa = PBXBuildFile; fileRef = DEB7455829DF0C0100AB18FC /* DetailItemRepository.swift */; };
		DEB7455B29E05A4700AB18FC /* SearchItemRepository.swift in Sources */ = {isa = PBXBuildFile; fileRef = DEB7455A29E05A4700AB18FC /* SearchItemRepository.swift */; };
		DEB7455D29E1658000AB18FC /* SettingRepository.swift in Sources */ = {isa = PBXBuildFile; fileRef = DEB7455C29E1658000AB18FC /* SettingRepository.swift */; };
		DEC576DC29E2F97D000C28B5 /* MainGalleryGridPaginationRepository.swift in Sources */ = {isa = PBXBuildFile; fileRef = DEC576DB29E2F97D000C28B5 /* MainGalleryGridPaginationRepository.swift */; };
		DEC576DE29E82A08000C28B5 /* ShowCaseViewModel.swift in Sources */ = {isa = PBXBuildFile; fileRef = DEC576DD29E82A08000C28B5 /* ShowCaseViewModel.swift */; };
		DEC576E029E8D125000C28B5 /* MainAnnouncementRepository.swift in Sources */ = {isa = PBXBuildFile; fileRef = DEC576DF29E8D125000C28B5 /* MainAnnouncementRepository.swift */; };
		DEC576E229EAA95A000C28B5 /* MainFeaturedContentsRepository.swift in Sources */ = {isa = PBXBuildFile; fileRef = DEC576E129EAA95A000C28B5 /* MainFeaturedContentsRepository.swift */; };
		DEC576E429EAE124000C28B5 /* MainPickupContentsRepository.swift in Sources */ = {isa = PBXBuildFile; fileRef = DEC576E329EAE124000C28B5 /* MainPickupContentsRepository.swift */; };
		DEC576E629EAE19D000C28B5 /* MainSpecialBannerRepository.swift in Sources */ = {isa = PBXBuildFile; fileRef = DEC576E529EAE19D000C28B5 /* MainSpecialBannerRepository.swift */; };
		DEC576E829EBF73E000C28B5 /* GalleryTransition.swift in Sources */ = {isa = PBXBuildFile; fileRef = DEC576E729EBF73E000C28B5 /* GalleryTransition.swift */; };
		DEC576EA29EBF760000C28B5 /* GalleryInteractor.swift in Sources */ = {isa = PBXBuildFile; fileRef = DEC576E929EBF760000C28B5 /* GalleryInteractor.swift */; };
		DEC576EC29ED7E95000C28B5 /* FeaturedContentsTransition.swift in Sources */ = {isa = PBXBuildFile; fileRef = DEC576EB29ED7E95000C28B5 /* FeaturedContentsTransition.swift */; };
		DEC576EE29ED7FB2000C28B5 /* PickupContentsTransition.swift in Sources */ = {isa = PBXBuildFile; fileRef = DEC576ED29ED7FB2000C28B5 /* PickupContentsTransition.swift */; };
		DEC576F029F021F9000C28B5 /* HorizontalCarouselMainViewController.swift in Sources */ = {isa = PBXBuildFile; fileRef = DEC576EF29F021F9000C28B5 /* HorizontalCarouselMainViewController.swift */; };
		DEC576F229F02215000C28B5 /* SnapCarouselMainViewController.swift in Sources */ = {isa = PBXBuildFile; fileRef = DEC576F129F02215000C28B5 /* SnapCarouselMainViewController.swift */; };
		DEC576F429F0AE3E000C28B5 /* SpecialBannerEntity.swift in Sources */ = {isa = PBXBuildFile; fileRef = DEC576F329F0AE3E000C28B5 /* SpecialBannerEntity.swift */; };
		DEC576F629F0AE4F000C28B5 /* PickupContentsEntity.swift in Sources */ = {isa = PBXBuildFile; fileRef = DEC576F529F0AE4F000C28B5 /* PickupContentsEntity.swift */; };
		DEC576F829F0AF55000C28B5 /* FeaturedContentsEntity.swift in Sources */ = {isa = PBXBuildFile; fileRef = DEC576F729F0AF55000C28B5 /* FeaturedContentsEntity.swift */; };
		DEC576FA29F0AF6F000C28B5 /* AnnouncementEntity.swift in Sources */ = {isa = PBXBuildFile; fileRef = DEC576F929F0AF6F000C28B5 /* AnnouncementEntity.swift */; };
		DEC576FC29F2B496000C28B5 /* GalleryEntity.swift in Sources */ = {isa = PBXBuildFile; fileRef = DEC576FB29F2B496000C28B5 /* GalleryEntity.swift */; };
		DEC576FE29F375B9000C28B5 /* ShowCaseEntity.swift in Sources */ = {isa = PBXBuildFile; fileRef = DEC576FD29F375B9000C28B5 /* ShowCaseEntity.swift */; };
		DEC5770229F37646000C28B5 /* ItemMainCollectionViewCell.swift in Sources */ = {isa = PBXBuildFile; fileRef = DEC5770029F37646000C28B5 /* ItemMainCollectionViewCell.swift */; };
		DEC5770329F37646000C28B5 /* ItemMainCollectionViewCell.xib in Resources */ = {isa = PBXBuildFile; fileRef = DEC5770129F37646000C28B5 /* ItemMainCollectionViewCell.xib */; };
		DEC5770529F3767F000C28B5 /* ItemEntity.swift in Sources */ = {isa = PBXBuildFile; fileRef = DEC5770429F3767F000C28B5 /* ItemEntity.swift */; };
		DEC5770729F376A4000C28B5 /* MainItemRepository.swift in Sources */ = {isa = PBXBuildFile; fileRef = DEC5770629F376A4000C28B5 /* MainItemRepository.swift */; };
		DEE2F66B2A14D4A400ED65AC /* SwiftUIColorExtension.swift in Sources */ = {isa = PBXBuildFile; fileRef = DEE2F66A2A14D4A400ED65AC /* SwiftUIColorExtension.swift */; };
		DEE2F66D2A14D4C800ED65AC /* FirstAppearExtension.swift in Sources */ = {isa = PBXBuildFile; fileRef = DEE2F66C2A14D4C800ED65AC /* FirstAppearExtension.swift */; };
		DEE2F6702A14D6A700ED65AC /* MainUseCase.swift in Sources */ = {isa = PBXBuildFile; fileRef = DEE2F66F2A14D6A700ED65AC /* MainUseCase.swift */; };
		DEEAC19B29F972EB00BCA5C9 /* HeaderSearchBarView.swift in Sources */ = {isa = PBXBuildFile; fileRef = DEEAC19A29F972EB00BCA5C9 /* HeaderSearchBarView.swift */; };
		DEEAC19D29F9731F00BCA5C9 /* HeaderSearchBarView.xib in Resources */ = {isa = PBXBuildFile; fileRef = DEEAC19C29F9731F00BCA5C9 /* HeaderSearchBarView.xib */; };
/* End PBXBuildFile section */

/* Begin PBXContainerItemProxy section */
		DE2EC1A229C4BC9100C52028 /* PBXContainerItemProxy */ = {
			isa = PBXContainerItemProxy;
			containerPortal = DE2EC18329C4BC8F00C52028 /* Project object */;
			proxyType = 1;
			remoteGlobalIDString = DE2EC18A29C4BC8F00C52028;
			remoteInfo = VariousCollectionViewPattern;
		};
		DE2EC1AC29C4BC9100C52028 /* PBXContainerItemProxy */ = {
			isa = PBXContainerItemProxy;
			containerPortal = DE2EC18329C4BC8F00C52028 /* Project object */;
			proxyType = 1;
			remoteGlobalIDString = DE2EC18A29C4BC8F00C52028;
			remoteInfo = VariousCollectionViewPattern;
		};
/* End PBXContainerItemProxy section */

/* Begin PBXFileReference section */
		DE2EC18B29C4BC8F00C52028 /* VariousCollectionViewPattern.app */ = {isa = PBXFileReference; explicitFileType = wrapper.application; includeInIndex = 0; path = VariousCollectionViewPattern.app; sourceTree = BUILT_PRODUCTS_DIR; };
		DE2EC18E29C4BC8F00C52028 /* AppDelegate.swift */ = {isa = PBXFileReference; lastKnownFileType = sourcecode.swift; path = AppDelegate.swift; sourceTree = "<group>"; };
		DE2EC19029C4BC8F00C52028 /* SceneDelegate.swift */ = {isa = PBXFileReference; lastKnownFileType = sourcecode.swift; path = SceneDelegate.swift; sourceTree = "<group>"; };
		DE2EC19229C4BC8F00C52028 /* MainViewController.swift */ = {isa = PBXFileReference; lastKnownFileType = sourcecode.swift; path = MainViewController.swift; sourceTree = "<group>"; };
		DE2EC19529C4BC8F00C52028 /* Base */ = {isa = PBXFileReference; lastKnownFileType = file.storyboard; name = Base; path = Base.lproj/MainViewController.storyboard; sourceTree = "<group>"; };
		DE2EC19729C4BC9000C52028 /* Assets.xcassets */ = {isa = PBXFileReference; lastKnownFileType = folder.assetcatalog; path = Assets.xcassets; sourceTree = "<group>"; };
		DE2EC19A29C4BC9000C52028 /* Base */ = {isa = PBXFileReference; lastKnownFileType = file.storyboard; name = Base; path = Base.lproj/LaunchScreen.storyboard; sourceTree = "<group>"; };
		DE2EC19C29C4BC9000C52028 /* Info.plist */ = {isa = PBXFileReference; lastKnownFileType = text.plist.xml; path = Info.plist; sourceTree = "<group>"; };
		DE2EC1A129C4BC9100C52028 /* VariousCollectionViewPatternTests.xctest */ = {isa = PBXFileReference; explicitFileType = wrapper.cfbundle; includeInIndex = 0; path = VariousCollectionViewPatternTests.xctest; sourceTree = BUILT_PRODUCTS_DIR; };
		DE2EC1A529C4BC9100C52028 /* VariousCollectionViewPatternTests.swift */ = {isa = PBXFileReference; lastKnownFileType = sourcecode.swift; path = VariousCollectionViewPatternTests.swift; sourceTree = "<group>"; };
		DE2EC1AB29C4BC9100C52028 /* VariousCollectionViewPatternUITests.xctest */ = {isa = PBXFileReference; explicitFileType = wrapper.cfbundle; includeInIndex = 0; path = VariousCollectionViewPatternUITests.xctest; sourceTree = BUILT_PRODUCTS_DIR; };
		DE2EC1AF29C4BC9100C52028 /* VariousCollectionViewPatternUITests.swift */ = {isa = PBXFileReference; lastKnownFileType = sourcecode.swift; path = VariousCollectionViewPatternUITests.swift; sourceTree = "<group>"; };
		DE2EC1B129C4BC9100C52028 /* VariousCollectionViewPatternUITestsLaunchTests.swift */ = {isa = PBXFileReference; lastKnownFileType = sourcecode.swift; path = VariousCollectionViewPatternUITestsLaunchTests.swift; sourceTree = "<group>"; };
		DE2EC1D229C8942E00C52028 /* TypeScanner.swift */ = {isa = PBXFileReference; lastKnownFileType = sourcecode.swift; path = TypeScanner.swift; sourceTree = "<group>"; };
		DE2EC1D529C8945400C52028 /* DateLabelFormatter.swift */ = {isa = PBXFileReference; lastKnownFileType = sourcecode.swift; path = DateLabelFormatter.swift; sourceTree = "<group>"; };
		DE2EC1D729C894D900C52028 /* Dependencies.swift */ = {isa = PBXFileReference; lastKnownFileType = sourcecode.swift; path = Dependencies.swift; sourceTree = "<group>"; };
		DE2EC1D929C8950100C52028 /* DependenciesDefinition.swift */ = {isa = PBXFileReference; lastKnownFileType = sourcecode.swift; path = DependenciesDefinition.swift; sourceTree = "<group>"; };
		DE2EC1DB29C89AC200C52028 /* NSObjectProtocolExtension.swift */ = {isa = PBXFileReference; lastKnownFileType = sourcecode.swift; path = NSObjectProtocolExtension.swift; sourceTree = "<group>"; };
		DE2EC1DD29C89AF700C52028 /* UIColorExtension.swift */ = {isa = PBXFileReference; lastKnownFileType = sourcecode.swift; path = UIColorExtension.swift; sourceTree = "<group>"; };
		DE2EC1DF29C89B2D00C52028 /* UINavigationControllerExtension.swift */ = {isa = PBXFileReference; lastKnownFileType = sourcecode.swift; path = UINavigationControllerExtension.swift; sourceTree = "<group>"; };
		DE2EC1E129C89B4600C52028 /* UIViewControllerExtension.swift */ = {isa = PBXFileReference; lastKnownFileType = sourcecode.swift; path = UIViewControllerExtension.swift; sourceTree = "<group>"; };
		DE2EC1E329C89B8400C52028 /* PortraitNavigationController.swift */ = {isa = PBXFileReference; lastKnownFileType = sourcecode.swift; path = PortraitNavigationController.swift; sourceTree = "<group>"; };
		DE2EC1E529C89BBE00C52028 /* UIWindowScanner.swift */ = {isa = PBXFileReference; lastKnownFileType = sourcecode.swift; path = UIWindowScanner.swift; sourceTree = "<group>"; };
		DE2EC1E729C89C1C00C52028 /* CustomViewBase.swift */ = {isa = PBXFileReference; lastKnownFileType = sourcecode.swift; path = CustomViewBase.swift; sourceTree = "<group>"; };
		DE2EC1E929C89CC700C52028 /* UICollectionViewExtension.swift */ = {isa = PBXFileReference; lastKnownFileType = sourcecode.swift; path = UICollectionViewExtension.swift; sourceTree = "<group>"; };
		DE2EC1EB29C89CE500C52028 /* UICollectionViewCellRegistrable.swift */ = {isa = PBXFileReference; lastKnownFileType = sourcecode.swift; path = UICollectionViewCellRegistrable.swift; sourceTree = "<group>"; };
		DE2EC20529C982A900C52028 /* GlobalTabBarController.storyboard */ = {isa = PBXFileReference; lastKnownFileType = file.storyboard; path = GlobalTabBarController.storyboard; sourceTree = "<group>"; };
		DE2EC20729C9832400C52028 /* GlobalTabBarController.swift */ = {isa = PBXFileReference; lastKnownFileType = sourcecode.swift; path = GlobalTabBarController.swift; sourceTree = "<group>"; };
		DE2EC20A29C983D500C52028 /* SearchItemViewController.swift */ = {isa = PBXFileReference; lastKnownFileType = sourcecode.swift; path = SearchItemViewController.swift; sourceTree = "<group>"; };
		DE2EC20C29C983DF00C52028 /* SearchItemViewController.storyboard */ = {isa = PBXFileReference; lastKnownFileType = file.storyboard; path = SearchItemViewController.storyboard; sourceTree = "<group>"; };
		DE2EC20F29C9842A00C52028 /* FavoriteItemViewController.storyboard */ = {isa = PBXFileReference; lastKnownFileType = file.storyboard; path = FavoriteItemViewController.storyboard; sourceTree = "<group>"; };
		DE2EC21129C9843600C52028 /* FavoriteItemViewController.swift */ = {isa = PBXFileReference; lastKnownFileType = sourcecode.swift; path = FavoriteItemViewController.swift; sourceTree = "<group>"; };
		DE2EC21429C984E100C52028 /* SettingViewController.storyboard */ = {isa = PBXFileReference; lastKnownFileType = file.storyboard; path = SettingViewController.storyboard; sourceTree = "<group>"; };
		DE2EC21629C984ED00C52028 /* SettingViewController.swift */ = {isa = PBXFileReference; lastKnownFileType = sourcecode.swift; path = SettingViewController.swift; sourceTree = "<group>"; };
		DE2EC21929C9876800C52028 /* GlobalTabBarTransition.swift */ = {isa = PBXFileReference; lastKnownFileType = sourcecode.swift; path = GlobalTabBarTransition.swift; sourceTree = "<group>"; };
		DE3172CD29C9E7310085C7FC /* DetailItemViewController.swift */ = {isa = PBXFileReference; lastKnownFileType = sourcecode.swift; path = DetailItemViewController.swift; sourceTree = "<group>"; };
		DE3172CF29C9EB4B0085C7FC /* DetailItemViewController.storyboard */ = {isa = PBXFileReference; lastKnownFileType = file.storyboard; path = DetailItemViewController.storyboard; sourceTree = "<group>"; };
		DE3172D229CB45780085C7FC /* SnapCarouselMainCollectionViewCell.swift */ = {isa = PBXFileReference; lastKnownFileType = sourcecode.swift; path = SnapCarouselMainCollectionViewCell.swift; sourceTree = "<group>"; };
		DE3172D329CB45780085C7FC /* SnapCarouselMainCollectionViewCell.xib */ = {isa = PBXFileReference; lastKnownFileType = file.xib; path = SnapCarouselMainCollectionViewCell.xib; sourceTree = "<group>"; };
		DE3172D729CB45B80085C7FC /* HorizontalCarouselMainCollectionViewCell.swift */ = {isa = PBXFileReference; lastKnownFileType = sourcecode.swift; path = HorizontalCarouselMainCollectionViewCell.swift; sourceTree = "<group>"; };
		DE3172D829CB45B80085C7FC /* HorizontalCarouselMainCollectionViewCell.xib */ = {isa = PBXFileReference; lastKnownFileType = file.xib; path = HorizontalCarouselMainCollectionViewCell.xib; sourceTree = "<group>"; };
		DE3172DC29CB46400085C7FC /* AnnouncementGroupCarouselMainCollectionViewCell.swift */ = {isa = PBXFileReference; lastKnownFileType = sourcecode.swift; path = AnnouncementGroupCarouselMainCollectionViewCell.swift; sourceTree = "<group>"; };
		DE3172DD29CB46400085C7FC /* AnnouncementGroupCarouselMainCollectionViewCell.xib */ = {isa = PBXFileReference; lastKnownFileType = file.xib; path = AnnouncementGroupCarouselMainCollectionViewCell.xib; sourceTree = "<group>"; };
		DE3172E129CB46810085C7FC /* GalleryGridMainCollectionViewCell.swift */ = {isa = PBXFileReference; lastKnownFileType = sourcecode.swift; path = GalleryGridMainCollectionViewCell.swift; sourceTree = "<group>"; };
		DE3172E229CB46810085C7FC /* GalleryGridMainCollectionViewCell.xib */ = {isa = PBXFileReference; lastKnownFileType = file.xib; path = GalleryGridMainCollectionViewCell.xib; sourceTree = "<group>"; };
		DE3172E629CB52550085C7FC /* FeaturedSectionCarouselMainCollectionViewCell.swift */ = {isa = PBXFileReference; lastKnownFileType = sourcecode.swift; path = FeaturedSectionCarouselMainCollectionViewCell.swift; sourceTree = "<group>"; };
		DE3172E729CB52550085C7FC /* FeaturedSectionCarouselMainCollectionViewCell.xib */ = {isa = PBXFileReference; lastKnownFileType = file.xib; path = FeaturedSectionCarouselMainCollectionViewCell.xib; sourceTree = "<group>"; };
		DE3172EB29CD09080085C7FC /* FavoriteItemCollectionViewCell.swift */ = {isa = PBXFileReference; lastKnownFileType = sourcecode.swift; path = FavoriteItemCollectionViewCell.swift; sourceTree = "<group>"; };
		DE3172EC29CD09080085C7FC /* FavoriteItemCollectionViewCell.xib */ = {isa = PBXFileReference; lastKnownFileType = file.xib; path = FavoriteItemCollectionViewCell.xib; sourceTree = "<group>"; };
		DE3172F029CD09910085C7FC /* SettingItemCollectionViewCell.swift */ = {isa = PBXFileReference; lastKnownFileType = sourcecode.swift; path = SettingItemCollectionViewCell.swift; sourceTree = "<group>"; };
		DE3172F129CD09910085C7FC /* SettingItemCollectionViewCell.xib */ = {isa = PBXFileReference; lastKnownFileType = file.xib; path = SettingItemCollectionViewCell.xib; sourceTree = "<group>"; };
		DE3172FA29CEDE380085C7FC /* SearchResultCollectionViewCell.swift */ = {isa = PBXFileReference; lastKnownFileType = sourcecode.swift; path = SearchResultCollectionViewCell.swift; sourceTree = "<group>"; };
		DE3172FB29CEDE380085C7FC /* SearchResultCollectionViewCell.xib */ = {isa = PBXFileReference; lastKnownFileType = file.xib; path = SearchResultCollectionViewCell.xib; sourceTree = "<group>"; };
		DE31730129D074020085C7FC /* KeychainAccessManager.swift */ = {isa = PBXFileReference; lastKnownFileType = sourcecode.swift; path = KeychainAccessManager.swift; sourceTree = "<group>"; };
		DE31730329D075540085C7FC /* RealmAccessManager.swift */ = {isa = PBXFileReference; lastKnownFileType = sourcecode.swift; path = RealmAccessManager.swift; sourceTree = "<group>"; };
		DE31730529D1C3150085C7FC /* ApiClientManager.swift */ = {isa = PBXFileReference; lastKnownFileType = sourcecode.swift; path = ApiClientManager.swift; sourceTree = "<group>"; };
		DE31730829D471FC0085C7FC /* MainViewModel.swift */ = {isa = PBXFileReference; lastKnownFileType = sourcecode.swift; path = MainViewModel.swift; sourceTree = "<group>"; };
		DE31730A29D4777F0085C7FC /* DetailItemViewModel.swift */ = {isa = PBXFileReference; lastKnownFileType = sourcecode.swift; path = DetailItemViewModel.swift; sourceTree = "<group>"; };
		DEB7454A29D5AABA00AB18FC /* SettingViewModel.swift */ = {isa = PBXFileReference; lastKnownFileType = sourcecode.swift; path = SettingViewModel.swift; sourceTree = "<group>"; };
		DEB7454C29D5AAD300AB18FC /* FavoriteItemViewModel.swift */ = {isa = PBXFileReference; lastKnownFileType = sourcecode.swift; path = FavoriteItemViewModel.swift; sourceTree = "<group>"; };
		DEB7454E29D5AAF500AB18FC /* SearchItemViewModel.swift */ = {isa = PBXFileReference; lastKnownFileType = sourcecode.swift; path = SearchItemViewModel.swift; sourceTree = "<group>"; };
		DEB7455129D632E600AB18FC /* FavoriteItemRepository.swift */ = {isa = PBXFileReference; lastKnownFileType = sourcecode.swift; path = FavoriteItemRepository.swift; sourceTree = "<group>"; };
		DEB7455429D7B77100AB18FC /* ShowcaseView.swift */ = {isa = PBXFileReference; lastKnownFileType = sourcecode.swift; path = ShowcaseView.swift; sourceTree = "<group>"; };
		DEB7455629DDB9F200AB18FC /* ShowCaseRepository.swift */ = {isa = PBXFileReference; lastKnownFileType = sourcecode.swift; path = ShowCaseRepository.swift; sourceTree = "<group>"; };
		DEB7455829DF0C0100AB18FC /* DetailItemRepository.swift */ = {isa = PBXFileReference; lastKnownFileType = sourcecode.swift; path = DetailItemRepository.swift; sourceTree = "<group>"; };
		DEB7455A29E05A4700AB18FC /* SearchItemRepository.swift */ = {isa = PBXFileReference; lastKnownFileType = sourcecode.swift; path = SearchItemRepository.swift; sourceTree = "<group>"; };
		DEB7455C29E1658000AB18FC /* SettingRepository.swift */ = {isa = PBXFileReference; lastKnownFileType = sourcecode.swift; path = SettingRepository.swift; sourceTree = "<group>"; };
		DEC576DB29E2F97D000C28B5 /* MainGalleryGridPaginationRepository.swift */ = {isa = PBXFileReference; lastKnownFileType = sourcecode.swift; path = MainGalleryGridPaginationRepository.swift; sourceTree = "<group>"; };
		DEC576DD29E82A08000C28B5 /* ShowCaseViewModel.swift */ = {isa = PBXFileReference; lastKnownFileType = sourcecode.swift; path = ShowCaseViewModel.swift; sourceTree = "<group>"; };
		DEC576DF29E8D125000C28B5 /* MainAnnouncementRepository.swift */ = {isa = PBXFileReference; lastKnownFileType = sourcecode.swift; path = MainAnnouncementRepository.swift; sourceTree = "<group>"; };
		DEC576E129EAA95A000C28B5 /* MainFeaturedContentsRepository.swift */ = {isa = PBXFileReference; lastKnownFileType = sourcecode.swift; path = MainFeaturedContentsRepository.swift; sourceTree = "<group>"; };
		DEC576E329EAE124000C28B5 /* MainPickupContentsRepository.swift */ = {isa = PBXFileReference; lastKnownFileType = sourcecode.swift; path = MainPickupContentsRepository.swift; sourceTree = "<group>"; };
		DEC576E529EAE19D000C28B5 /* MainSpecialBannerRepository.swift */ = {isa = PBXFileReference; lastKnownFileType = sourcecode.swift; path = MainSpecialBannerRepository.swift; sourceTree = "<group>"; };
		DEC576E729EBF73E000C28B5 /* GalleryTransition.swift */ = {isa = PBXFileReference; lastKnownFileType = sourcecode.swift; path = GalleryTransition.swift; sourceTree = "<group>"; };
		DEC576E929EBF760000C28B5 /* GalleryInteractor.swift */ = {isa = PBXFileReference; lastKnownFileType = sourcecode.swift; path = GalleryInteractor.swift; sourceTree = "<group>"; };
		DEC576EB29ED7E95000C28B5 /* FeaturedContentsTransition.swift */ = {isa = PBXFileReference; lastKnownFileType = sourcecode.swift; path = FeaturedContentsTransition.swift; sourceTree = "<group>"; };
		DEC576ED29ED7FB2000C28B5 /* PickupContentsTransition.swift */ = {isa = PBXFileReference; lastKnownFileType = sourcecode.swift; path = PickupContentsTransition.swift; sourceTree = "<group>"; };
		DEC576EF29F021F9000C28B5 /* HorizontalCarouselMainViewController.swift */ = {isa = PBXFileReference; lastKnownFileType = sourcecode.swift; path = HorizontalCarouselMainViewController.swift; sourceTree = "<group>"; };
		DEC576F129F02215000C28B5 /* SnapCarouselMainViewController.swift */ = {isa = PBXFileReference; lastKnownFileType = sourcecode.swift; path = SnapCarouselMainViewController.swift; sourceTree = "<group>"; };
		DEC576F329F0AE3E000C28B5 /* SpecialBannerEntity.swift */ = {isa = PBXFileReference; lastKnownFileType = sourcecode.swift; path = SpecialBannerEntity.swift; sourceTree = "<group>"; };
		DEC576F529F0AE4F000C28B5 /* PickupContentsEntity.swift */ = {isa = PBXFileReference; lastKnownFileType = sourcecode.swift; path = PickupContentsEntity.swift; sourceTree = "<group>"; };
		DEC576F729F0AF55000C28B5 /* FeaturedContentsEntity.swift */ = {isa = PBXFileReference; lastKnownFileType = sourcecode.swift; path = FeaturedContentsEntity.swift; sourceTree = "<group>"; };
		DEC576F929F0AF6F000C28B5 /* AnnouncementEntity.swift */ = {isa = PBXFileReference; lastKnownFileType = sourcecode.swift; path = AnnouncementEntity.swift; sourceTree = "<group>"; };
		DEC576FB29F2B496000C28B5 /* GalleryEntity.swift */ = {isa = PBXFileReference; lastKnownFileType = sourcecode.swift; path = GalleryEntity.swift; sourceTree = "<group>"; };
		DEC576FD29F375B9000C28B5 /* ShowCaseEntity.swift */ = {isa = PBXFileReference; lastKnownFileType = sourcecode.swift; path = ShowCaseEntity.swift; sourceTree = "<group>"; };
		DEC5770029F37646000C28B5 /* ItemMainCollectionViewCell.swift */ = {isa = PBXFileReference; lastKnownFileType = sourcecode.swift; path = ItemMainCollectionViewCell.swift; sourceTree = "<group>"; };
		DEC5770129F37646000C28B5 /* ItemMainCollectionViewCell.xib */ = {isa = PBXFileReference; lastKnownFileType = file.xib; path = ItemMainCollectionViewCell.xib; sourceTree = "<group>"; };
		DEC5770429F3767F000C28B5 /* ItemEntity.swift */ = {isa = PBXFileReference; lastKnownFileType = sourcecode.swift; path = ItemEntity.swift; sourceTree = "<group>"; };
		DEC5770629F376A4000C28B5 /* MainItemRepository.swift */ = {isa = PBXFileReference; lastKnownFileType = sourcecode.swift; path = MainItemRepository.swift; sourceTree = "<group>"; };
		DEE2F66A2A14D4A400ED65AC /* SwiftUIColorExtension.swift */ = {isa = PBXFileReference; lastKnownFileType = sourcecode.swift; path = SwiftUIColorExtension.swift; sourceTree = "<group>"; };
		DEE2F66C2A14D4C800ED65AC /* FirstAppearExtension.swift */ = {isa = PBXFileReference; lastKnownFileType = sourcecode.swift; path = FirstAppearExtension.swift; sourceTree = "<group>"; };
		DEE2F66F2A14D6A700ED65AC /* MainUseCase.swift */ = {isa = PBXFileReference; lastKnownFileType = sourcecode.swift; path = MainUseCase.swift; sourceTree = "<group>"; };
		DEEAC19A29F972EB00BCA5C9 /* HeaderSearchBarView.swift */ = {isa = PBXFileReference; lastKnownFileType = sourcecode.swift; path = HeaderSearchBarView.swift; sourceTree = "<group>"; };
		DEEAC19C29F9731F00BCA5C9 /* HeaderSearchBarView.xib */ = {isa = PBXFileReference; lastKnownFileType = file.xib; path = HeaderSearchBarView.xib; sourceTree = "<group>"; };
/* End PBXFileReference section */

/* Begin PBXFrameworksBuildPhase section */
		DE2EC18829C4BC8F00C52028 /* Frameworks */ = {
			isa = PBXFrameworksBuildPhase;
			buildActionMask = 2147483647;
			files = (
				DE2EC1EF29C8A3B900C52028 /* Cosmos in Frameworks */,
				DE2EC1D129C7276100C52028 /* RealmSwift in Frameworks */,
				DE2EC1CF29C7276100C52028 /* Realm in Frameworks */,
				DE2EC1CC29C7270100C52028 /* KeychainAccess in Frameworks */,
				DE2EC1C929C725C000C52028 /* AlamofireImage in Frameworks */,
			);
			runOnlyForDeploymentPostprocessing = 0;
		};
		DE2EC19E29C4BC9100C52028 /* Frameworks */ = {
			isa = PBXFrameworksBuildPhase;
			buildActionMask = 2147483647;
			files = (
				DE2EC20029C8C0A700C52028 /* swiftymocky in Frameworks */,
				DE2EC20329C8C0F100C52028 /* CombineExpectations in Frameworks */,
				DE2EC1FE29C8C0A700C52028 /* SwiftyMocky in Frameworks */,
			);
			runOnlyForDeploymentPostprocessing = 0;
		};
		DE2EC1A829C4BC9100C52028 /* Frameworks */ = {
			isa = PBXFrameworksBuildPhase;
			buildActionMask = 2147483647;
			files = (
			);
			runOnlyForDeploymentPostprocessing = 0;
		};
/* End PBXFrameworksBuildPhase section */

/* Begin PBXGroup section */
		DE2EC18229C4BC8F00C52028 = {
			isa = PBXGroup;
			children = (
				DE2EC18D29C4BC8F00C52028 /* VariousCollectionViewPattern */,
				DE2EC1A429C4BC9100C52028 /* VariousCollectionViewPatternTests */,
				DE2EC1AE29C4BC9100C52028 /* VariousCollectionViewPatternUITests */,
				DE2EC18C29C4BC8F00C52028 /* Products */,
			);
			sourceTree = "<group>";
		};
		DE2EC18C29C4BC8F00C52028 /* Products */ = {
			isa = PBXGroup;
			children = (
				DE2EC18B29C4BC8F00C52028 /* VariousCollectionViewPattern.app */,
				DE2EC1A129C4BC9100C52028 /* VariousCollectionViewPatternTests.xctest */,
				DE2EC1AB29C4BC9100C52028 /* VariousCollectionViewPatternUITests.xctest */,
			);
			name = Products;
			sourceTree = "<group>";
		};
		DE2EC18D29C4BC8F00C52028 /* VariousCollectionViewPattern */ = {
			isa = PBXGroup;
			children = (
				DE2EC19C29C4BC9000C52028 /* Info.plist */,
				DE2EC18E29C4BC8F00C52028 /* AppDelegate.swift */,
				DE2EC19029C4BC8F00C52028 /* SceneDelegate.swift */,
				DE2EC19729C4BC9000C52028 /* Assets.xcassets */,
				DE2EC19929C4BC9000C52028 /* LaunchScreen.storyboard */,
				DE2EC1D429C8943C00C52028 /* Classes */,
				DE2EC21829C9871A00C52028 /* CustomTransition */,
				DE2EC1C529C724A000C52028 /* DependencyInjection */,
				DEB7454729D5AA4D00AB18FC /* Domain */,
				DE2EC1C429C7248E00C52028 /* Extension */,
				DE2EC1C229C723EB00C52028 /* Managaer */,
				DE2EC1C029C722A400C52028 /* View */,
				DE2EC1C329C7248400C52028 /* ViewController */,
				DE2EC1BE29C7227A00C52028 /* ViewModel */,
			);
			path = VariousCollectionViewPattern;
			sourceTree = "<group>";
		};
		DE2EC1A429C4BC9100C52028 /* VariousCollectionViewPatternTests */ = {
			isa = PBXGroup;
			children = (
				DE2EC1A529C4BC9100C52028 /* VariousCollectionViewPatternTests.swift */,
			);
			path = VariousCollectionViewPatternTests;
			sourceTree = "<group>";
		};
		DE2EC1AE29C4BC9100C52028 /* VariousCollectionViewPatternUITests */ = {
			isa = PBXGroup;
			children = (
				DE2EC1AF29C4BC9100C52028 /* VariousCollectionViewPatternUITests.swift */,
				DE2EC1B129C4BC9100C52028 /* VariousCollectionViewPatternUITestsLaunchTests.swift */,
			);
			path = VariousCollectionViewPatternUITests;
			sourceTree = "<group>";
		};
		DE2EC1BE29C7227A00C52028 /* ViewModel */ = {
			isa = PBXGroup;
			children = (
				DE31730829D471FC0085C7FC /* MainViewModel.swift */,
				DE31730A29D4777F0085C7FC /* DetailItemViewModel.swift */,
				DEB7454A29D5AABA00AB18FC /* SettingViewModel.swift */,
				DEB7454C29D5AAD300AB18FC /* FavoriteItemViewModel.swift */,
				DEB7454E29D5AAF500AB18FC /* SearchItemViewModel.swift */,
				DEC576DD29E82A08000C28B5 /* ShowCaseViewModel.swift */,
			);
			path = ViewModel;
			sourceTree = "<group>";
		};
		DE2EC1C029C722A400C52028 /* View */ = {
			isa = PBXGroup;
			children = (
				DEB7455029D6315300AB18FC /* DetailItem */,
				DE3172F829CEDDD10085C7FC /* Search */,
				DE3172F729CEDDC30085C7FC /* Favorite */,
				DEB7455329D7B74500AB18FC /* ShowCase */,
				DE3172F629CEDDBB0085C7FC /* Setting */,
				DE3172F529CEDDAD0085C7FC /* Main */,
				DE2EC1E729C89C1C00C52028 /* CustomViewBase.swift */,
			);
			path = View;
			sourceTree = "<group>";
		};
		DE2EC1C229C723EB00C52028 /* Managaer */ = {
			isa = PBXGroup;
			children = (
				DE3172FE29D073A80085C7FC /* Api */,
				DE31730029D073BF0085C7FC /* Keychain */,
				DE3172FF29D073B10085C7FC /* Realm */,
			);
			path = Managaer;
			sourceTree = "<group>";
		};
		DE2EC1C329C7248400C52028 /* ViewController */ = {
			isa = PBXGroup;
			children = (
				DE3172CC29C9C6EC0085C7FC /* DetailItemViewController */,
				DE2EC21329C984C900C52028 /* SettingViewController */,
				DE2EC20E29C9841C00C52028 /* FavoriteItemViewController */,
				DE2EC20929C983AC00C52028 /* SearchItemViewController */,
				DE2EC20429C9828E00C52028 /* GlobalTabBarController */,
				DE2EC1C629C7252E00C52028 /* MainViewController */,
			);
			path = ViewController;
			sourceTree = "<group>";
		};
		DE2EC1C429C7248E00C52028 /* Extension */ = {
			isa = PBXGroup;
			children = (
				DEE2F6692A14D49800ED65AC /* SwiftUI */,
				DEE2F6682A14D0E200ED65AC /* UIKit */,
			);
			path = Extension;
			sourceTree = "<group>";
		};
		DE2EC1C529C724A000C52028 /* DependencyInjection */ = {
			isa = PBXGroup;
			children = (
				DE2EC1D729C894D900C52028 /* Dependencies.swift */,
				DE2EC1D929C8950100C52028 /* DependenciesDefinition.swift */,
			);
			path = DependencyInjection;
			sourceTree = "<group>";
		};
		DE2EC1C629C7252E00C52028 /* MainViewController */ = {
			isa = PBXGroup;
			children = (
				DE2EC19429C4BC8F00C52028 /* MainViewController.storyboard */,
				DE2EC19229C4BC8F00C52028 /* MainViewController.swift */,
			);
			path = MainViewController;
			sourceTree = "<group>";
		};
		DE2EC1D429C8943C00C52028 /* Classes */ = {
			isa = PBXGroup;
			children = (
				DE2EC1D529C8945400C52028 /* DateLabelFormatter.swift */,
				DE2EC1E329C89B8400C52028 /* PortraitNavigationController.swift */,
				DE2EC1D229C8942E00C52028 /* TypeScanner.swift */,
				DE2EC1E529C89BBE00C52028 /* UIWindowScanner.swift */,
			);
			path = Classes;
			sourceTree = "<group>";
		};
		DE2EC20429C9828E00C52028 /* GlobalTabBarController */ = {
			isa = PBXGroup;
			children = (
				DE2EC20529C982A900C52028 /* GlobalTabBarController.storyboard */,
				DE2EC20729C9832400C52028 /* GlobalTabBarController.swift */,
			);
			path = GlobalTabBarController;
			sourceTree = "<group>";
		};
		DE2EC20929C983AC00C52028 /* SearchItemViewController */ = {
			isa = PBXGroup;
			children = (
				DE2EC20C29C983DF00C52028 /* SearchItemViewController.storyboard */,
				DE2EC20A29C983D500C52028 /* SearchItemViewController.swift */,
			);
			path = SearchItemViewController;
			sourceTree = "<group>";
		};
		DE2EC20E29C9841C00C52028 /* FavoriteItemViewController */ = {
			isa = PBXGroup;
			children = (
				DE2EC20F29C9842A00C52028 /* FavoriteItemViewController.storyboard */,
				DE2EC21129C9843600C52028 /* FavoriteItemViewController.swift */,
			);
			path = FavoriteItemViewController;
			sourceTree = "<group>";
		};
		DE2EC21329C984C900C52028 /* SettingViewController */ = {
			isa = PBXGroup;
			children = (
				DE2EC21429C984E100C52028 /* SettingViewController.storyboard */,
				DE2EC21629C984ED00C52028 /* SettingViewController.swift */,
			);
			path = SettingViewController;
			sourceTree = "<group>";
		};
		DE2EC21829C9871A00C52028 /* CustomTransition */ = {
			isa = PBXGroup;
			children = (
				DE2EC21929C9876800C52028 /* GlobalTabBarTransition.swift */,
				DEC576E729EBF73E000C28B5 /* GalleryTransition.swift */,
				DEC576E929EBF760000C28B5 /* GalleryInteractor.swift */,
				DEC576EB29ED7E95000C28B5 /* FeaturedContentsTransition.swift */,
				DEC576ED29ED7FB2000C28B5 /* PickupContentsTransition.swift */,
			);
			path = CustomTransition;
			sourceTree = "<group>";
		};
		DE3172CC29C9C6EC0085C7FC /* DetailItemViewController */ = {
			isa = PBXGroup;
			children = (
				DE3172CF29C9EB4B0085C7FC /* DetailItemViewController.storyboard */,
				DE3172CD29C9E7310085C7FC /* DetailItemViewController.swift */,
			);
			path = DetailItemViewController;
			sourceTree = "<group>";
		};
		DE3172D129CB454B0085C7FC /* SnapCarouselMainCollectionViewCell */ = {
			isa = PBXGroup;
			children = (
				DE3172D329CB45780085C7FC /* SnapCarouselMainCollectionViewCell.xib */,
				DE3172D229CB45780085C7FC /* SnapCarouselMainCollectionViewCell.swift */,
			);
			path = SnapCarouselMainCollectionViewCell;
			sourceTree = "<group>";
		};
		DE3172D629CB45A10085C7FC /* HorizontalCarouselMainCollectionViewCell */ = {
			isa = PBXGroup;
			children = (
				DE3172D829CB45B80085C7FC /* HorizontalCarouselMainCollectionViewCell.xib */,
				DE3172D729CB45B80085C7FC /* HorizontalCarouselMainCollectionViewCell.swift */,
			);
			path = HorizontalCarouselMainCollectionViewCell;
			sourceTree = "<group>";
		};
		DE3172DB29CB46240085C7FC /* AnnouncementGroupCarouselMainCollectionViewCell */ = {
			isa = PBXGroup;
			children = (
				DE3172DD29CB46400085C7FC /* AnnouncementGroupCarouselMainCollectionViewCell.xib */,
				DE3172DC29CB46400085C7FC /* AnnouncementGroupCarouselMainCollectionViewCell.swift */,
			);
			path = AnnouncementGroupCarouselMainCollectionViewCell;
			sourceTree = "<group>";
		};
		DE3172E029CB466A0085C7FC /* GalleryGridMainCollectionViewCell */ = {
			isa = PBXGroup;
			children = (
				DE3172E229CB46810085C7FC /* GalleryGridMainCollectionViewCell.xib */,
				DE3172E129CB46810085C7FC /* GalleryGridMainCollectionViewCell.swift */,
			);
			path = GalleryGridMainCollectionViewCell;
			sourceTree = "<group>";
		};
		DE3172E529CB52360085C7FC /* FeaturedSectionCarouselMainCollectionViewCell */ = {
			isa = PBXGroup;
			children = (
				DE3172E729CB52550085C7FC /* FeaturedSectionCarouselMainCollectionViewCell.xib */,
				DE3172E629CB52550085C7FC /* FeaturedSectionCarouselMainCollectionViewCell.swift */,
			);
			path = FeaturedSectionCarouselMainCollectionViewCell;
			sourceTree = "<group>";
		};
		DE3172EA29CD08F00085C7FC /* FavoriteItemCollectionViewCell */ = {
			isa = PBXGroup;
			children = (
				DE3172EC29CD09080085C7FC /* FavoriteItemCollectionViewCell.xib */,
				DE3172EB29CD09080085C7FC /* FavoriteItemCollectionViewCell.swift */,
			);
			path = FavoriteItemCollectionViewCell;
			sourceTree = "<group>";
		};
		DE3172EF29CD09700085C7FC /* SettingItemCollectionViewCell */ = {
			isa = PBXGroup;
			children = (
				DE3172F129CD09910085C7FC /* SettingItemCollectionViewCell.xib */,
				DE3172F029CD09910085C7FC /* SettingItemCollectionViewCell.swift */,
			);
			path = SettingItemCollectionViewCell;
			sourceTree = "<group>";
		};
		DE3172F529CEDDAD0085C7FC /* Main */ = {
			isa = PBXGroup;
			children = (
				DEC576FF29F3761A000C28B5 /* ItemMainCollectionViewCell */,
				DE3172DB29CB46240085C7FC /* AnnouncementGroupCarouselMainCollectionViewCell */,
				DE3172E529CB52360085C7FC /* FeaturedSectionCarouselMainCollectionViewCell */,
				DE3172D629CB45A10085C7FC /* HorizontalCarouselMainCollectionViewCell */,
				DE3172E029CB466A0085C7FC /* GalleryGridMainCollectionViewCell */,
				DE3172D129CB454B0085C7FC /* SnapCarouselMainCollectionViewCell */,
				DEC576EF29F021F9000C28B5 /* HorizontalCarouselMainViewController.swift */,
				DEC576F129F02215000C28B5 /* SnapCarouselMainViewController.swift */,
			);
			path = Main;
			sourceTree = "<group>";
		};
		DE3172F629CEDDBB0085C7FC /* Setting */ = {
			isa = PBXGroup;
			children = (
				DE3172EF29CD09700085C7FC /* SettingItemCollectionViewCell */,
			);
			path = Setting;
			sourceTree = "<group>";
		};
		DE3172F729CEDDC30085C7FC /* Favorite */ = {
			isa = PBXGroup;
			children = (
				DE3172EA29CD08F00085C7FC /* FavoriteItemCollectionViewCell */,
			);
			path = Favorite;
			sourceTree = "<group>";
		};
		DE3172F829CEDDD10085C7FC /* Search */ = {
			isa = PBXGroup;
			children = (
				DEEAC19929F972BF00BCA5C9 /* HeaderSearchBarView */,
				DE3172F929CEDE0F0085C7FC /* SearchResultCollectionViewCell */,
			);
			path = Search;
			sourceTree = "<group>";
		};
		DE3172F929CEDE0F0085C7FC /* SearchResultCollectionViewCell */ = {
			isa = PBXGroup;
			children = (
				DE3172FB29CEDE380085C7FC /* SearchResultCollectionViewCell.xib */,
				DE3172FA29CEDE380085C7FC /* SearchResultCollectionViewCell.swift */,
			);
			path = SearchResultCollectionViewCell;
			sourceTree = "<group>";
		};
		DE3172FE29D073A80085C7FC /* Api */ = {
			isa = PBXGroup;
			children = (
				DE31730529D1C3150085C7FC /* ApiClientManager.swift */,
			);
			path = Api;
			sourceTree = "<group>";
		};
		DE3172FF29D073B10085C7FC /* Realm */ = {
			isa = PBXGroup;
			children = (
				DE31730329D075540085C7FC /* RealmAccessManager.swift */,
			);
			path = Realm;
			sourceTree = "<group>";
		};
		DE31730029D073BF0085C7FC /* Keychain */ = {
			isa = PBXGroup;
			children = (
				DE31730129D074020085C7FC /* KeychainAccessManager.swift */,
			);
			path = Keychain;
			sourceTree = "<group>";
		};
		DEB7454729D5AA4D00AB18FC /* Domain */ = {
			isa = PBXGroup;
			children = (
				DEB7454829D5AA5700AB18FC /* Model */,
				DEB7454929D5AA5D00AB18FC /* Repository */,
				DEE2F66E2A14D69200ED65AC /* UseCase */,
			);
			path = Domain;
			sourceTree = "<group>";
		};
		DEB7454829D5AA5700AB18FC /* Model */ = {
			isa = PBXGroup;
			children = (
				DEC576F929F0AF6F000C28B5 /* AnnouncementEntity.swift */,
				DEC576F729F0AF55000C28B5 /* FeaturedContentsEntity.swift */,
				DEC576F529F0AE4F000C28B5 /* PickupContentsEntity.swift */,
				DEC576F329F0AE3E000C28B5 /* SpecialBannerEntity.swift */,
				DEC576FB29F2B496000C28B5 /* GalleryEntity.swift */,
				DEC576FD29F375B9000C28B5 /* ShowCaseEntity.swift */,
				DEC5770429F3767F000C28B5 /* ItemEntity.swift */,
			);
			path = Model;
			sourceTree = "<group>";
		};
		DEB7454929D5AA5D00AB18FC /* Repository */ = {
			isa = PBXGroup;
			children = (
				DEB7455129D632E600AB18FC /* FavoriteItemRepository.swift */,
				DEB7455629DDB9F200AB18FC /* ShowCaseRepository.swift */,
				DEB7455829DF0C0100AB18FC /* DetailItemRepository.swift */,
				DEB7455A29E05A4700AB18FC /* SearchItemRepository.swift */,
				DEB7455C29E1658000AB18FC /* SettingRepository.swift */,
				DEC576DB29E2F97D000C28B5 /* MainGalleryGridPaginationRepository.swift */,
				DEC576DF29E8D125000C28B5 /* MainAnnouncementRepository.swift */,
				DEC576E129EAA95A000C28B5 /* MainFeaturedContentsRepository.swift */,
				DEC576E329EAE124000C28B5 /* MainPickupContentsRepository.swift */,
				DEC576E529EAE19D000C28B5 /* MainSpecialBannerRepository.swift */,
				DEC5770629F376A4000C28B5 /* MainItemRepository.swift */,
			);
			path = Repository;
			sourceTree = "<group>";
		};
		DEB7455029D6315300AB18FC /* DetailItem */ = {
			isa = PBXGroup;
			children = (
				DEB8DC122A124E3200DFA8A7 /* DescriptionSectionView */,
				DEB8DC112A124E1C00DFA8A7 /* ThumbnailSectionView */,
			);
			path = DetailItem;
			sourceTree = "<group>";
		};
		DEB7455329D7B74500AB18FC /* ShowCase */ = {
			isa = PBXGroup;
			children = (
				DEB7455429D7B77100AB18FC /* ShowcaseView.swift */,
			);
			path = ShowCase;
			sourceTree = "<group>";
		};
		DEB8DC112A124E1C00DFA8A7 /* ThumbnailSectionView */ = {
			isa = PBXGroup;
			children = (
			);
			path = ThumbnailSectionView;
			sourceTree = "<group>";
		};
		DEB8DC122A124E3200DFA8A7 /* DescriptionSectionView */ = {
			isa = PBXGroup;
			children = (
			);
			path = DescriptionSectionView;
			sourceTree = "<group>";
		};
		DEC576FF29F3761A000C28B5 /* ItemMainCollectionViewCell */ = {
			isa = PBXGroup;
			children = (
				DEC5770129F37646000C28B5 /* ItemMainCollectionViewCell.xib */,
				DEC5770029F37646000C28B5 /* ItemMainCollectionViewCell.swift */,
			);
			path = ItemMainCollectionViewCell;
			sourceTree = "<group>";
		};
		DEE2F6682A14D0E200ED65AC /* UIKit */ = {
			isa = PBXGroup;
			children = (
				DE2EC1DB29C89AC200C52028 /* NSObjectProtocolExtension.swift */,
				DE2EC1DD29C89AF700C52028 /* UIColorExtension.swift */,
				DE2EC1EB29C89CE500C52028 /* UICollectionViewCellRegistrable.swift */,
				DE2EC1E929C89CC700C52028 /* UICollectionViewExtension.swift */,
				DE2EC1DF29C89B2D00C52028 /* UINavigationControllerExtension.swift */,
				DE2EC1E129C89B4600C52028 /* UIViewControllerExtension.swift */,
			);
			path = UIKit;
			sourceTree = "<group>";
		};
		DEE2F6692A14D49800ED65AC /* SwiftUI */ = {
			isa = PBXGroup;
			children = (
				DEE2F66C2A14D4C800ED65AC /* FirstAppearExtension.swift */,
				DEE2F66A2A14D4A400ED65AC /* SwiftUIColorExtension.swift */,
			);
			path = SwiftUI;
			sourceTree = "<group>";
		};
		DEE2F66E2A14D69200ED65AC /* UseCase */ = {
			isa = PBXGroup;
			children = (
				DEE2F66F2A14D6A700ED65AC /* MainUseCase.swift */,
			);
			path = UseCase;
			sourceTree = "<group>";
		};
		DEEAC19929F972BF00BCA5C9 /* HeaderSearchBarView */ = {
			isa = PBXGroup;
			children = (
				DEEAC19C29F9731F00BCA5C9 /* HeaderSearchBarView.xib */,
				DEEAC19A29F972EB00BCA5C9 /* HeaderSearchBarView.swift */,
			);
			path = HeaderSearchBarView;
			sourceTree = "<group>";
		};
/* End PBXGroup section */

/* Begin PBXNativeTarget section */
		DE2EC18A29C4BC8F00C52028 /* VariousCollectionViewPattern */ = {
			isa = PBXNativeTarget;
			buildConfigurationList = DE2EC1B529C4BC9100C52028 /* Build configuration list for PBXNativeTarget "VariousCollectionViewPattern" */;
			buildPhases = (
				DE2EC18729C4BC8F00C52028 /* Sources */,
				DE2EC18829C4BC8F00C52028 /* Frameworks */,
				DE2EC18929C4BC8F00C52028 /* Resources */,
			);
			buildRules = (
			);
			dependencies = (
			);
			name = VariousCollectionViewPattern;
			packageProductDependencies = (
				DE2EC1C829C725C000C52028 /* AlamofireImage */,
				DE2EC1CB29C7270100C52028 /* KeychainAccess */,
				DE2EC1CE29C7276100C52028 /* Realm */,
				DE2EC1D029C7276100C52028 /* RealmSwift */,
				DE2EC1EE29C8A3B900C52028 /* Cosmos */,
			);
			productName = VariousCollectionViewPattern;
			productReference = DE2EC18B29C4BC8F00C52028 /* VariousCollectionViewPattern.app */;
			productType = "com.apple.product-type.application";
		};
		DE2EC1A029C4BC9100C52028 /* VariousCollectionViewPatternTests */ = {
			isa = PBXNativeTarget;
			buildConfigurationList = DE2EC1B829C4BC9100C52028 /* Build configuration list for PBXNativeTarget "VariousCollectionViewPatternTests" */;
			buildPhases = (
				DE2EC19D29C4BC9100C52028 /* Sources */,
				DE2EC19E29C4BC9100C52028 /* Frameworks */,
				DE2EC19F29C4BC9100C52028 /* Resources */,
			);
			buildRules = (
			);
			dependencies = (
				DE2EC1A329C4BC9100C52028 /* PBXTargetDependency */,
			);
			name = VariousCollectionViewPatternTests;
			packageProductDependencies = (
				DE2EC1FD29C8C0A700C52028 /* SwiftyMocky */,
				DE2EC1FF29C8C0A700C52028 /* swiftymocky */,
				DE2EC20229C8C0F100C52028 /* CombineExpectations */,
			);
			productName = VariousCollectionViewPatternTests;
			productReference = DE2EC1A129C4BC9100C52028 /* VariousCollectionViewPatternTests.xctest */;
			productType = "com.apple.product-type.bundle.unit-test";
		};
		DE2EC1AA29C4BC9100C52028 /* VariousCollectionViewPatternUITests */ = {
			isa = PBXNativeTarget;
			buildConfigurationList = DE2EC1BB29C4BC9100C52028 /* Build configuration list for PBXNativeTarget "VariousCollectionViewPatternUITests" */;
			buildPhases = (
				DE2EC1A729C4BC9100C52028 /* Sources */,
				DE2EC1A829C4BC9100C52028 /* Frameworks */,
				DE2EC1A929C4BC9100C52028 /* Resources */,
			);
			buildRules = (
			);
			dependencies = (
				DE2EC1AD29C4BC9100C52028 /* PBXTargetDependency */,
			);
			name = VariousCollectionViewPatternUITests;
			productName = VariousCollectionViewPatternUITests;
			productReference = DE2EC1AB29C4BC9100C52028 /* VariousCollectionViewPatternUITests.xctest */;
			productType = "com.apple.product-type.bundle.ui-testing";
		};
/* End PBXNativeTarget section */

/* Begin PBXProject section */
		DE2EC18329C4BC8F00C52028 /* Project object */ = {
			isa = PBXProject;
			attributes = {
				BuildIndependentTargetsInParallel = 1;
				LastSwiftUpdateCheck = 1420;
				LastUpgradeCheck = 1420;
				TargetAttributes = {
					DE2EC18A29C4BC8F00C52028 = {
						CreatedOnToolsVersion = 14.2;
					};
					DE2EC1A029C4BC9100C52028 = {
						CreatedOnToolsVersion = 14.2;
						TestTargetID = DE2EC18A29C4BC8F00C52028;
					};
					DE2EC1AA29C4BC9100C52028 = {
						CreatedOnToolsVersion = 14.2;
						TestTargetID = DE2EC18A29C4BC8F00C52028;
					};
				};
			};
			buildConfigurationList = DE2EC18629C4BC8F00C52028 /* Build configuration list for PBXProject "VariousCollectionViewPattern" */;
			compatibilityVersion = "Xcode 14.0";
			developmentRegion = en;
			hasScannedForEncodings = 0;
			knownRegions = (
				en,
				Base,
			);
			mainGroup = DE2EC18229C4BC8F00C52028;
			packageReferences = (
				DE2EC1C729C725C000C52028 /* XCRemoteSwiftPackageReference "AlamofireImage" */,
				DE2EC1CA29C7270100C52028 /* XCRemoteSwiftPackageReference "KeychainAccess" */,
				DE2EC1CD29C7276100C52028 /* XCRemoteSwiftPackageReference "realm-swift" */,
				DE2EC1ED29C8A3B900C52028 /* XCRemoteSwiftPackageReference "Cosmos" */,
				DE2EC1FC29C8C0A700C52028 /* XCRemoteSwiftPackageReference "SwiftyMocky" */,
				DE2EC20129C8C0F100C52028 /* XCRemoteSwiftPackageReference "CombineExpectations" */,
			);
			productRefGroup = DE2EC18C29C4BC8F00C52028 /* Products */;
			projectDirPath = "";
			projectRoot = "";
			targets = (
				DE2EC18A29C4BC8F00C52028 /* VariousCollectionViewPattern */,
				DE2EC1A029C4BC9100C52028 /* VariousCollectionViewPatternTests */,
				DE2EC1AA29C4BC9100C52028 /* VariousCollectionViewPatternUITests */,
			);
		};
/* End PBXProject section */

/* Begin PBXResourcesBuildPhase section */
		DE2EC18929C4BC8F00C52028 /* Resources */ = {
			isa = PBXResourcesBuildPhase;
			buildActionMask = 2147483647;
			files = (
				DE2EC19B29C4BC9000C52028 /* LaunchScreen.storyboard in Resources */,
				DE2EC19829C4BC9000C52028 /* Assets.xcassets in Resources */,
				DE2EC19629C4BC8F00C52028 /* MainViewController.storyboard in Resources */,
				DE3172EE29CD09080085C7FC /* FavoriteItemCollectionViewCell.xib in Resources */,
				DE3172D029C9EB4B0085C7FC /* DetailItemViewController.storyboard in Resources */,
				DE3172D529CB45780085C7FC /* SnapCarouselMainCollectionViewCell.xib in Resources */,
				DEC5770329F37646000C28B5 /* ItemMainCollectionViewCell.xib in Resources */,
				DE2EC21529C984E100C52028 /* SettingViewController.storyboard in Resources */,
				DE2EC20D29C983DF00C52028 /* SearchItemViewController.storyboard in Resources */,
				DE3172DA29CB45B80085C7FC /* HorizontalCarouselMainCollectionViewCell.xib in Resources */,
				DE3172E429CB46810085C7FC /* GalleryGridMainCollectionViewCell.xib in Resources */,
				DE3172E929CB52550085C7FC /* FeaturedSectionCarouselMainCollectionViewCell.xib in Resources */,
				DE3172FD29CEDE380085C7FC /* SearchResultCollectionViewCell.xib in Resources */,
				DE3172F329CD09910085C7FC /* SettingItemCollectionViewCell.xib in Resources */,
				DE2EC21029C9842A00C52028 /* FavoriteItemViewController.storyboard in Resources */,
				DEEAC19D29F9731F00BCA5C9 /* HeaderSearchBarView.xib in Resources */,
				DE2EC20629C982A900C52028 /* GlobalTabBarController.storyboard in Resources */,
				DE3172DF29CB46400085C7FC /* AnnouncementGroupCarouselMainCollectionViewCell.xib in Resources */,
			);
			runOnlyForDeploymentPostprocessing = 0;
		};
		DE2EC19F29C4BC9100C52028 /* Resources */ = {
			isa = PBXResourcesBuildPhase;
			buildActionMask = 2147483647;
			files = (
			);
			runOnlyForDeploymentPostprocessing = 0;
		};
		DE2EC1A929C4BC9100C52028 /* Resources */ = {
			isa = PBXResourcesBuildPhase;
			buildActionMask = 2147483647;
			files = (
			);
			runOnlyForDeploymentPostprocessing = 0;
		};
/* End PBXResourcesBuildPhase section */

/* Begin PBXSourcesBuildPhase section */
		DE2EC18729C4BC8F00C52028 /* Sources */ = {
			isa = PBXSourcesBuildPhase;
			buildActionMask = 2147483647;
			files = (
				DE3172E329CB46810085C7FC /* GalleryGridMainCollectionViewCell.swift in Sources */,
				DE2EC1E829C89C1C00C52028 /* CustomViewBase.swift in Sources */,
				DEC5770729F376A4000C28B5 /* MainItemRepository.swift in Sources */,
				DEC576EC29ED7E95000C28B5 /* FeaturedContentsTransition.swift in Sources */,
				DE2EC1D829C894D900C52028 /* Dependencies.swift in Sources */,
				DE2EC20829C9832400C52028 /* GlobalTabBarController.swift in Sources */,
				DE2EC1E629C89BBE00C52028 /* UIWindowScanner.swift in Sources */,
				DEC5770229F37646000C28B5 /* ItemMainCollectionViewCell.swift in Sources */,
				DEB7455729DDB9F200AB18FC /* ShowCaseRepository.swift in Sources */,
				DE2EC1DC29C89AC200C52028 /* NSObjectProtocolExtension.swift in Sources */,
				DE3172D929CB45B80085C7FC /* HorizontalCarouselMainCollectionViewCell.swift in Sources */,
				DEC576E629EAE19D000C28B5 /* MainSpecialBannerRepository.swift in Sources */,
				DEB7454B29D5AABA00AB18FC /* SettingViewModel.swift in Sources */,
				DEB7455229D632E600AB18FC /* FavoriteItemRepository.swift in Sources */,
				DE3172D429CB45780085C7FC /* SnapCarouselMainCollectionViewCell.swift in Sources */,
				DE2EC20B29C983D500C52028 /* SearchItemViewController.swift in Sources */,
				DE3172ED29CD09080085C7FC /* FavoriteItemCollectionViewCell.swift in Sources */,
				DEC576DE29E82A08000C28B5 /* ShowCaseViewModel.swift in Sources */,
				DE2EC1EA29C89CC700C52028 /* UICollectionViewExtension.swift in Sources */,
				DEB7455529D7B77100AB18FC /* ShowcaseView.swift in Sources */,
				DE2EC1D329C8942E00C52028 /* TypeScanner.swift in Sources */,
				DE2EC1D629C8945400C52028 /* DateLabelFormatter.swift in Sources */,
				DE2EC1DA29C8950100C52028 /* DependenciesDefinition.swift in Sources */,
				DE3172DE29CB46400085C7FC /* AnnouncementGroupCarouselMainCollectionViewCell.swift in Sources */,
				DEC576F429F0AE3E000C28B5 /* SpecialBannerEntity.swift in Sources */,
				DEC576FA29F0AF6F000C28B5 /* AnnouncementEntity.swift in Sources */,
				DE3172F229CD09910085C7FC /* SettingItemCollectionViewCell.swift in Sources */,
				DE3172E829CB52550085C7FC /* FeaturedSectionCarouselMainCollectionViewCell.swift in Sources */,
				DE2EC1E029C89B2D00C52028 /* UINavigationControllerExtension.swift in Sources */,
				DE2EC1EC29C89CE500C52028 /* UICollectionViewCellRegistrable.swift in Sources */,
				DE3172FC29CEDE380085C7FC /* SearchResultCollectionViewCell.swift in Sources */,
				DEC576E829EBF73E000C28B5 /* GalleryTransition.swift in Sources */,
				DE2EC21A29C9876800C52028 /* GlobalTabBarTransition.swift in Sources */,
				DEB7455929DF0C0100AB18FC /* DetailItemRepository.swift in Sources */,
				DE2EC1DE29C89AF700C52028 /* UIColorExtension.swift in Sources */,
				DE31730229D074030085C7FC /* KeychainAccessManager.swift in Sources */,
				DE2EC19329C4BC8F00C52028 /* MainViewController.swift in Sources */,
				DEC576FC29F2B496000C28B5 /* GalleryEntity.swift in Sources */,
				DE2EC21229C9843600C52028 /* FavoriteItemViewController.swift in Sources */,
				DEEAC19B29F972EB00BCA5C9 /* HeaderSearchBarView.swift in Sources */,
				DEE2F66B2A14D4A400ED65AC /* SwiftUIColorExtension.swift in Sources */,
				DEC576EA29EBF760000C28B5 /* GalleryInteractor.swift in Sources */,
				DE31730929D471FC0085C7FC /* MainViewModel.swift in Sources */,
				DEC576DC29E2F97D000C28B5 /* MainGalleryGridPaginationRepository.swift in Sources */,
				DEB7454D29D5AAD300AB18FC /* FavoriteItemViewModel.swift in Sources */,
				DEC576EE29ED7FB2000C28B5 /* PickupContentsTransition.swift in Sources */,
				DEC576E229EAA95A000C28B5 /* MainFeaturedContentsRepository.swift in Sources */,
				DE31730429D075540085C7FC /* RealmAccessManager.swift in Sources */,
				DE2EC21729C984ED00C52028 /* SettingViewController.swift in Sources */,
				DE2EC18F29C4BC8F00C52028 /* AppDelegate.swift in Sources */,
				DEC576F229F02215000C28B5 /* SnapCarouselMainViewController.swift in Sources */,
				DE3172CE29C9E7310085C7FC /* DetailItemViewController.swift in Sources */,
				DEB7455D29E1658000AB18FC /* SettingRepository.swift in Sources */,
				DEE2F6702A14D6A700ED65AC /* MainUseCase.swift in Sources */,
				DE31730629D1C3150085C7FC /* ApiClientManager.swift in Sources */,
				DEC576F029F021F9000C28B5 /* HorizontalCarouselMainViewController.swift in Sources */,
				DEB7454F29D5AAF500AB18FC /* SearchItemViewModel.swift in Sources */,
				DE2EC1E229C89B4600C52028 /* UIViewControllerExtension.swift in Sources */,
				DEC576FE29F375B9000C28B5 /* ShowCaseEntity.swift in Sources */,
				DEC5770529F3767F000C28B5 /* ItemEntity.swift in Sources */,
				DEB7455B29E05A4700AB18FC /* SearchItemRepository.swift in Sources */,
				DEC576F829F0AF55000C28B5 /* FeaturedContentsEntity.swift in Sources */,
				DEC576E029E8D125000C28B5 /* MainAnnouncementRepository.swift in Sources */,
				DE31730B29D4777F0085C7FC /* DetailItemViewModel.swift in Sources */,
				DEE2F66D2A14D4C800ED65AC /* FirstAppearExtension.swift in Sources */,
				DE2EC1E429C89B8400C52028 /* PortraitNavigationController.swift in Sources */,
				DE2EC19129C4BC8F00C52028 /* SceneDelegate.swift in Sources */,
				DEC576F629F0AE4F000C28B5 /* PickupContentsEntity.swift in Sources */,
				DEC576E429EAE124000C28B5 /* MainPickupContentsRepository.swift in Sources */,
			);
			runOnlyForDeploymentPostprocessing = 0;
		};
		DE2EC19D29C4BC9100C52028 /* Sources */ = {
			isa = PBXSourcesBuildPhase;
			buildActionMask = 2147483647;
			files = (
				DE2EC1A629C4BC9100C52028 /* VariousCollectionViewPatternTests.swift in Sources */,
			);
			runOnlyForDeploymentPostprocessing = 0;
		};
		DE2EC1A729C4BC9100C52028 /* Sources */ = {
			isa = PBXSourcesBuildPhase;
			buildActionMask = 2147483647;
			files = (
				DE2EC1B229C4BC9100C52028 /* VariousCollectionViewPatternUITestsLaunchTests.swift in Sources */,
				DE2EC1B029C4BC9100C52028 /* VariousCollectionViewPatternUITests.swift in Sources */,
			);
			runOnlyForDeploymentPostprocessing = 0;
		};
/* End PBXSourcesBuildPhase section */

/* Begin PBXTargetDependency section */
		DE2EC1A329C4BC9100C52028 /* PBXTargetDependency */ = {
			isa = PBXTargetDependency;
			target = DE2EC18A29C4BC8F00C52028 /* VariousCollectionViewPattern */;
			targetProxy = DE2EC1A229C4BC9100C52028 /* PBXContainerItemProxy */;
		};
		DE2EC1AD29C4BC9100C52028 /* PBXTargetDependency */ = {
			isa = PBXTargetDependency;
			target = DE2EC18A29C4BC8F00C52028 /* VariousCollectionViewPattern */;
			targetProxy = DE2EC1AC29C4BC9100C52028 /* PBXContainerItemProxy */;
		};
/* End PBXTargetDependency section */

/* Begin PBXVariantGroup section */
		DE2EC19429C4BC8F00C52028 /* MainViewController.storyboard */ = {
			isa = PBXVariantGroup;
			children = (
				DE2EC19529C4BC8F00C52028 /* Base */,
			);
			name = MainViewController.storyboard;
			sourceTree = "<group>";
		};
		DE2EC19929C4BC9000C52028 /* LaunchScreen.storyboard */ = {
			isa = PBXVariantGroup;
			children = (
				DE2EC19A29C4BC9000C52028 /* Base */,
			);
			name = LaunchScreen.storyboard;
			sourceTree = "<group>";
		};
/* End PBXVariantGroup section */

/* Begin XCBuildConfiguration section */
		DE2EC1B329C4BC9100C52028 /* Debug */ = {
			isa = XCBuildConfiguration;
			buildSettings = {
				ALWAYS_SEARCH_USER_PATHS = NO;
				CLANG_ANALYZER_NONNULL = YES;
				CLANG_ANALYZER_NUMBER_OBJECT_CONVERSION = YES_AGGRESSIVE;
				CLANG_CXX_LANGUAGE_STANDARD = "gnu++20";
				CLANG_ENABLE_MODULES = YES;
				CLANG_ENABLE_OBJC_ARC = YES;
				CLANG_ENABLE_OBJC_WEAK = YES;
				CLANG_WARN_BLOCK_CAPTURE_AUTORELEASING = YES;
				CLANG_WARN_BOOL_CONVERSION = YES;
				CLANG_WARN_COMMA = YES;
				CLANG_WARN_CONSTANT_CONVERSION = YES;
				CLANG_WARN_DEPRECATED_OBJC_IMPLEMENTATIONS = YES;
				CLANG_WARN_DIRECT_OBJC_ISA_USAGE = YES_ERROR;
				CLANG_WARN_DOCUMENTATION_COMMENTS = YES;
				CLANG_WARN_EMPTY_BODY = YES;
				CLANG_WARN_ENUM_CONVERSION = YES;
				CLANG_WARN_INFINITE_RECURSION = YES;
				CLANG_WARN_INT_CONVERSION = YES;
				CLANG_WARN_NON_LITERAL_NULL_CONVERSION = YES;
				CLANG_WARN_OBJC_IMPLICIT_RETAIN_SELF = YES;
				CLANG_WARN_OBJC_LITERAL_CONVERSION = YES;
				CLANG_WARN_OBJC_ROOT_CLASS = YES_ERROR;
				CLANG_WARN_QUOTED_INCLUDE_IN_FRAMEWORK_HEADER = YES;
				CLANG_WARN_RANGE_LOOP_ANALYSIS = YES;
				CLANG_WARN_STRICT_PROTOTYPES = YES;
				CLANG_WARN_SUSPICIOUS_MOVE = YES;
				CLANG_WARN_UNGUARDED_AVAILABILITY = YES_AGGRESSIVE;
				CLANG_WARN_UNREACHABLE_CODE = YES;
				CLANG_WARN__DUPLICATE_METHOD_MATCH = YES;
				COPY_PHASE_STRIP = NO;
				DEBUG_INFORMATION_FORMAT = dwarf;
				ENABLE_STRICT_OBJC_MSGSEND = YES;
				ENABLE_TESTABILITY = YES;
				GCC_C_LANGUAGE_STANDARD = gnu11;
				GCC_DYNAMIC_NO_PIC = NO;
				GCC_NO_COMMON_BLOCKS = YES;
				GCC_OPTIMIZATION_LEVEL = 0;
				GCC_PREPROCESSOR_DEFINITIONS = (
					"DEBUG=1",
					"$(inherited)",
				);
				GCC_WARN_64_TO_32_BIT_CONVERSION = YES;
				GCC_WARN_ABOUT_RETURN_TYPE = YES_ERROR;
				GCC_WARN_UNDECLARED_SELECTOR = YES;
				GCC_WARN_UNINITIALIZED_AUTOS = YES_AGGRESSIVE;
				GCC_WARN_UNUSED_FUNCTION = YES;
				GCC_WARN_UNUSED_VARIABLE = YES;
				IPHONEOS_DEPLOYMENT_TARGET = 16.2;
				MTL_ENABLE_DEBUG_INFO = INCLUDE_SOURCE;
				MTL_FAST_MATH = YES;
				ONLY_ACTIVE_ARCH = YES;
				SDKROOT = iphoneos;
				SWIFT_ACTIVE_COMPILATION_CONDITIONS = DEBUG;
				SWIFT_OPTIMIZATION_LEVEL = "-Onone";
			};
			name = Debug;
		};
		DE2EC1B429C4BC9100C52028 /* Release */ = {
			isa = XCBuildConfiguration;
			buildSettings = {
				ALWAYS_SEARCH_USER_PATHS = NO;
				CLANG_ANALYZER_NONNULL = YES;
				CLANG_ANALYZER_NUMBER_OBJECT_CONVERSION = YES_AGGRESSIVE;
				CLANG_CXX_LANGUAGE_STANDARD = "gnu++20";
				CLANG_ENABLE_MODULES = YES;
				CLANG_ENABLE_OBJC_ARC = YES;
				CLANG_ENABLE_OBJC_WEAK = YES;
				CLANG_WARN_BLOCK_CAPTURE_AUTORELEASING = YES;
				CLANG_WARN_BOOL_CONVERSION = YES;
				CLANG_WARN_COMMA = YES;
				CLANG_WARN_CONSTANT_CONVERSION = YES;
				CLANG_WARN_DEPRECATED_OBJC_IMPLEMENTATIONS = YES;
				CLANG_WARN_DIRECT_OBJC_ISA_USAGE = YES_ERROR;
				CLANG_WARN_DOCUMENTATION_COMMENTS = YES;
				CLANG_WARN_EMPTY_BODY = YES;
				CLANG_WARN_ENUM_CONVERSION = YES;
				CLANG_WARN_INFINITE_RECURSION = YES;
				CLANG_WARN_INT_CONVERSION = YES;
				CLANG_WARN_NON_LITERAL_NULL_CONVERSION = YES;
				CLANG_WARN_OBJC_IMPLICIT_RETAIN_SELF = YES;
				CLANG_WARN_OBJC_LITERAL_CONVERSION = YES;
				CLANG_WARN_OBJC_ROOT_CLASS = YES_ERROR;
				CLANG_WARN_QUOTED_INCLUDE_IN_FRAMEWORK_HEADER = YES;
				CLANG_WARN_RANGE_LOOP_ANALYSIS = YES;
				CLANG_WARN_STRICT_PROTOTYPES = YES;
				CLANG_WARN_SUSPICIOUS_MOVE = YES;
				CLANG_WARN_UNGUARDED_AVAILABILITY = YES_AGGRESSIVE;
				CLANG_WARN_UNREACHABLE_CODE = YES;
				CLANG_WARN__DUPLICATE_METHOD_MATCH = YES;
				COPY_PHASE_STRIP = NO;
				DEBUG_INFORMATION_FORMAT = "dwarf-with-dsym";
				ENABLE_NS_ASSERTIONS = NO;
				ENABLE_STRICT_OBJC_MSGSEND = YES;
				GCC_C_LANGUAGE_STANDARD = gnu11;
				GCC_NO_COMMON_BLOCKS = YES;
				GCC_WARN_64_TO_32_BIT_CONVERSION = YES;
				GCC_WARN_ABOUT_RETURN_TYPE = YES_ERROR;
				GCC_WARN_UNDECLARED_SELECTOR = YES;
				GCC_WARN_UNINITIALIZED_AUTOS = YES_AGGRESSIVE;
				GCC_WARN_UNUSED_FUNCTION = YES;
				GCC_WARN_UNUSED_VARIABLE = YES;
				IPHONEOS_DEPLOYMENT_TARGET = 16.2;
				MTL_ENABLE_DEBUG_INFO = NO;
				MTL_FAST_MATH = YES;
				SDKROOT = iphoneos;
				SWIFT_COMPILATION_MODE = wholemodule;
				SWIFT_OPTIMIZATION_LEVEL = "-O";
				VALIDATE_PRODUCT = YES;
			};
			name = Release;
		};
		DE2EC1B629C4BC9100C52028 /* Debug */ = {
			isa = XCBuildConfiguration;
			buildSettings = {
				ASSETCATALOG_COMPILER_APPICON_NAME = AppIcon;
				ASSETCATALOG_COMPILER_GLOBAL_ACCENT_COLOR_NAME = AccentColor;
				CODE_SIGN_STYLE = Automatic;
				CURRENT_PROJECT_VERSION = 1;
				DEVELOPMENT_TEAM = S5BF5553KY;
				GENERATE_INFOPLIST_FILE = YES;
				INFOPLIST_FILE = VariousCollectionViewPattern/Info.plist;
				INFOPLIST_KEY_UIApplicationSupportsIndirectInputEvents = YES;
				INFOPLIST_KEY_UILaunchStoryboardName = LaunchScreen;
				INFOPLIST_KEY_UIMainStoryboardFile = GlobalTabBarController;
				INFOPLIST_KEY_UISupportedInterfaceOrientations = UIInterfaceOrientationPortrait;
				IPHONEOS_DEPLOYMENT_TARGET = 16.2;
				LD_RUNPATH_SEARCH_PATHS = (
					"$(inherited)",
					"@executable_path/Frameworks",
				);
				MARKETING_VERSION = 1.0;
				PRODUCT_BUNDLE_IDENTIFIER = net.just1factory.VariousCollectionViewPattern;
				PRODUCT_NAME = "$(TARGET_NAME)";
				SWIFT_EMIT_LOC_STRINGS = YES;
				SWIFT_VERSION = 5.0;
				TARGETED_DEVICE_FAMILY = "1,2";
			};
			name = Debug;
		};
		DE2EC1B729C4BC9100C52028 /* Release */ = {
			isa = XCBuildConfiguration;
			buildSettings = {
				ASSETCATALOG_COMPILER_APPICON_NAME = AppIcon;
				ASSETCATALOG_COMPILER_GLOBAL_ACCENT_COLOR_NAME = AccentColor;
				CODE_SIGN_STYLE = Automatic;
				CURRENT_PROJECT_VERSION = 1;
				DEVELOPMENT_TEAM = S5BF5553KY;
				GENERATE_INFOPLIST_FILE = YES;
				INFOPLIST_FILE = VariousCollectionViewPattern/Info.plist;
				INFOPLIST_KEY_UIApplicationSupportsIndirectInputEvents = YES;
				INFOPLIST_KEY_UILaunchStoryboardName = LaunchScreen;
				INFOPLIST_KEY_UIMainStoryboardFile = GlobalTabBarController;
				INFOPLIST_KEY_UISupportedInterfaceOrientations = UIInterfaceOrientationPortrait;
				IPHONEOS_DEPLOYMENT_TARGET = 16.2;
				LD_RUNPATH_SEARCH_PATHS = (
					"$(inherited)",
					"@executable_path/Frameworks",
				);
				MARKETING_VERSION = 1.0;
				PRODUCT_BUNDLE_IDENTIFIER = net.just1factory.VariousCollectionViewPattern;
				PRODUCT_NAME = "$(TARGET_NAME)";
				SWIFT_EMIT_LOC_STRINGS = YES;
				SWIFT_VERSION = 5.0;
				TARGETED_DEVICE_FAMILY = "1,2";
			};
			name = Release;
		};
		DE2EC1B929C4BC9100C52028 /* Debug */ = {
			isa = XCBuildConfiguration;
			buildSettings = {
				ALWAYS_EMBED_SWIFT_STANDARD_LIBRARIES = YES;
				BUNDLE_LOADER = "$(TEST_HOST)";
				CODE_SIGN_STYLE = Automatic;
				CURRENT_PROJECT_VERSION = 1;
				DEVELOPMENT_TEAM = S5BF5553KY;
				GENERATE_INFOPLIST_FILE = YES;
				IPHONEOS_DEPLOYMENT_TARGET = 16.2;
				MARKETING_VERSION = 1.0;
				PRODUCT_BUNDLE_IDENTIFIER = net.just1factory.VariousCollectionViewPatternTests;
				PRODUCT_NAME = "$(TARGET_NAME)";
				SWIFT_EMIT_LOC_STRINGS = NO;
				SWIFT_VERSION = 5.0;
				TARGETED_DEVICE_FAMILY = "1,2";
				TEST_HOST = "$(BUILT_PRODUCTS_DIR)/VariousCollectionViewPattern.app/$(BUNDLE_EXECUTABLE_FOLDER_PATH)/VariousCollectionViewPattern";
			};
			name = Debug;
		};
		DE2EC1BA29C4BC9100C52028 /* Release */ = {
			isa = XCBuildConfiguration;
			buildSettings = {
				ALWAYS_EMBED_SWIFT_STANDARD_LIBRARIES = YES;
				BUNDLE_LOADER = "$(TEST_HOST)";
				CODE_SIGN_STYLE = Automatic;
				CURRENT_PROJECT_VERSION = 1;
				DEVELOPMENT_TEAM = S5BF5553KY;
				GENERATE_INFOPLIST_FILE = YES;
				IPHONEOS_DEPLOYMENT_TARGET = 16.2;
				MARKETING_VERSION = 1.0;
				PRODUCT_BUNDLE_IDENTIFIER = net.just1factory.VariousCollectionViewPatternTests;
				PRODUCT_NAME = "$(TARGET_NAME)";
				SWIFT_EMIT_LOC_STRINGS = NO;
				SWIFT_VERSION = 5.0;
				TARGETED_DEVICE_FAMILY = "1,2";
				TEST_HOST = "$(BUILT_PRODUCTS_DIR)/VariousCollectionViewPattern.app/$(BUNDLE_EXECUTABLE_FOLDER_PATH)/VariousCollectionViewPattern";
			};
			name = Release;
		};
		DE2EC1BC29C4BC9100C52028 /* Debug */ = {
			isa = XCBuildConfiguration;
			buildSettings = {
				ALWAYS_EMBED_SWIFT_STANDARD_LIBRARIES = YES;
				CODE_SIGN_STYLE = Automatic;
				CURRENT_PROJECT_VERSION = 1;
				DEVELOPMENT_TEAM = S5BF5553KY;
				GENERATE_INFOPLIST_FILE = YES;
				MARKETING_VERSION = 1.0;
				PRODUCT_BUNDLE_IDENTIFIER = net.just1factory.VariousCollectionViewPatternUITests;
				PRODUCT_NAME = "$(TARGET_NAME)";
				SWIFT_EMIT_LOC_STRINGS = NO;
				SWIFT_VERSION = 5.0;
				TARGETED_DEVICE_FAMILY = "1,2";
				TEST_TARGET_NAME = VariousCollectionViewPattern;
			};
			name = Debug;
		};
		DE2EC1BD29C4BC9100C52028 /* Release */ = {
			isa = XCBuildConfiguration;
			buildSettings = {
				ALWAYS_EMBED_SWIFT_STANDARD_LIBRARIES = YES;
				CODE_SIGN_STYLE = Automatic;
				CURRENT_PROJECT_VERSION = 1;
				DEVELOPMENT_TEAM = S5BF5553KY;
				GENERATE_INFOPLIST_FILE = YES;
				MARKETING_VERSION = 1.0;
				PRODUCT_BUNDLE_IDENTIFIER = net.just1factory.VariousCollectionViewPatternUITests;
				PRODUCT_NAME = "$(TARGET_NAME)";
				SWIFT_EMIT_LOC_STRINGS = NO;
				SWIFT_VERSION = 5.0;
				TARGETED_DEVICE_FAMILY = "1,2";
				TEST_TARGET_NAME = VariousCollectionViewPattern;
			};
			name = Release;
		};
/* End XCBuildConfiguration section */

/* Begin XCConfigurationList section */
		DE2EC18629C4BC8F00C52028 /* Build configuration list for PBXProject "VariousCollectionViewPattern" */ = {
			isa = XCConfigurationList;
			buildConfigurations = (
				DE2EC1B329C4BC9100C52028 /* Debug */,
				DE2EC1B429C4BC9100C52028 /* Release */,
			);
			defaultConfigurationIsVisible = 0;
			defaultConfigurationName = Release;
		};
		DE2EC1B529C4BC9100C52028 /* Build configuration list for PBXNativeTarget "VariousCollectionViewPattern" */ = {
			isa = XCConfigurationList;
			buildConfigurations = (
				DE2EC1B629C4BC9100C52028 /* Debug */,
				DE2EC1B729C4BC9100C52028 /* Release */,
			);
			defaultConfigurationIsVisible = 0;
			defaultConfigurationName = Release;
		};
		DE2EC1B829C4BC9100C52028 /* Build configuration list for PBXNativeTarget "VariousCollectionViewPatternTests" */ = {
			isa = XCConfigurationList;
			buildConfigurations = (
				DE2EC1B929C4BC9100C52028 /* Debug */,
				DE2EC1BA29C4BC9100C52028 /* Release */,
			);
			defaultConfigurationIsVisible = 0;
			defaultConfigurationName = Release;
		};
		DE2EC1BB29C4BC9100C52028 /* Build configuration list for PBXNativeTarget "VariousCollectionViewPatternUITests" */ = {
			isa = XCConfigurationList;
			buildConfigurations = (
				DE2EC1BC29C4BC9100C52028 /* Debug */,
				DE2EC1BD29C4BC9100C52028 /* Release */,
			);
			defaultConfigurationIsVisible = 0;
			defaultConfigurationName = Release;
		};
/* End XCConfigurationList section */

/* Begin XCRemoteSwiftPackageReference section */
		DE2EC1C729C725C000C52028 /* XCRemoteSwiftPackageReference "AlamofireImage" */ = {
			isa = XCRemoteSwiftPackageReference;
			repositoryURL = "https://github.com/Alamofire/AlamofireImage.git";
			requirement = {
				branch = master;
				kind = branch;
			};
		};
		DE2EC1CA29C7270100C52028 /* XCRemoteSwiftPackageReference "KeychainAccess" */ = {
			isa = XCRemoteSwiftPackageReference;
			repositoryURL = "https://github.com/kishikawakatsumi/KeychainAccess.git";
			requirement = {
				branch = master;
				kind = branch;
			};
		};
		DE2EC1CD29C7276100C52028 /* XCRemoteSwiftPackageReference "realm-swift" */ = {
			isa = XCRemoteSwiftPackageReference;
			repositoryURL = "https://github.com/realm/realm-swift.git";
			requirement = {
				branch = master;
				kind = branch;
			};
		};
		DE2EC1ED29C8A3B900C52028 /* XCRemoteSwiftPackageReference "Cosmos" */ = {
			isa = XCRemoteSwiftPackageReference;
			repositoryURL = "https://github.com/evgenyneu/Cosmos.git";
			requirement = {
				branch = master;
				kind = branch;
			};
		};
		DE2EC1FC29C8C0A700C52028 /* XCRemoteSwiftPackageReference "SwiftyMocky" */ = {
			isa = XCRemoteSwiftPackageReference;
			repositoryURL = "https://github.com/MakeAWishFoundation/SwiftyMocky.git";
			requirement = {
				kind = upToNextMajorVersion;
				minimumVersion = 4.2.0;
			};
		};
		DE2EC20129C8C0F100C52028 /* XCRemoteSwiftPackageReference "CombineExpectations" */ = {
			isa = XCRemoteSwiftPackageReference;
			repositoryURL = "https://github.com/groue/CombineExpectations.git";
			requirement = {
				kind = upToNextMajorVersion;
				minimumVersion = 0.10.0;
			};
		};
/* End XCRemoteSwiftPackageReference section */

/* Begin XCSwiftPackageProductDependency section */
		DE2EC1C829C725C000C52028 /* AlamofireImage */ = {
			isa = XCSwiftPackageProductDependency;
			package = DE2EC1C729C725C000C52028 /* XCRemoteSwiftPackageReference "AlamofireImage" */;
			productName = AlamofireImage;
		};
		DE2EC1CB29C7270100C52028 /* KeychainAccess */ = {
			isa = XCSwiftPackageProductDependency;
			package = DE2EC1CA29C7270100C52028 /* XCRemoteSwiftPackageReference "KeychainAccess" */;
			productName = KeychainAccess;
		};
		DE2EC1CE29C7276100C52028 /* Realm */ = {
			isa = XCSwiftPackageProductDependency;
			package = DE2EC1CD29C7276100C52028 /* XCRemoteSwiftPackageReference "realm-swift" */;
			productName = Realm;
		};
		DE2EC1D029C7276100C52028 /* RealmSwift */ = {
			isa = XCSwiftPackageProductDependency;
			package = DE2EC1CD29C7276100C52028 /* XCRemoteSwiftPackageReference "realm-swift" */;
			productName = RealmSwift;
		};
		DE2EC1EE29C8A3B900C52028 /* Cosmos */ = {
			isa = XCSwiftPackageProductDependency;
			package = DE2EC1ED29C8A3B900C52028 /* XCRemoteSwiftPackageReference "Cosmos" */;
			productName = Cosmos;
		};
		DE2EC1FD29C8C0A700C52028 /* SwiftyMocky */ = {
			isa = XCSwiftPackageProductDependency;
			package = DE2EC1FC29C8C0A700C52028 /* XCRemoteSwiftPackageReference "SwiftyMocky" */;
			productName = SwiftyMocky;
		};
		DE2EC1FF29C8C0A700C52028 /* swiftymocky */ = {
			isa = XCSwiftPackageProductDependency;
			package = DE2EC1FC29C8C0A700C52028 /* XCRemoteSwiftPackageReference "SwiftyMocky" */;
			productName = swiftymocky;
		};
		DE2EC20229C8C0F100C52028 /* CombineExpectations */ = {
			isa = XCSwiftPackageProductDependency;
			package = DE2EC20129C8C0F100C52028 /* XCRemoteSwiftPackageReference "CombineExpectations" */;
			productName = CombineExpectations;
		};
/* End XCSwiftPackageProductDependency section */
	};
	rootObject = DE2EC18329C4BC8F00C52028 /* Project object */;
}
