// !$*UTF8*$!
{
	archiveVersion = 1;
	classes = {
	};
	objectVersion = 55;
	objects = {

/* Begin PBXBuildFile section */
		3000B3A1EDAF2812CA69E79B /* Pods_DeclarativeCollectionViewExample_DeclarativeCollectionViewExampleUITests.framework in Frameworks */ = {isa = PBXBuildFile; fileRef = BC4EEC9020A12AD8CD89CB6D /* Pods_DeclarativeCollectionViewExample_DeclarativeCollectionViewExampleUITests.framework */; };
		8A79FB955CBD4DD721D392B4 /* Pods_DeclarativeCollectionViewExample.framework in Frameworks */ = {isa = PBXBuildFile; fileRef = 382286E39B6F65A4E2BFCF00 /* Pods_DeclarativeCollectionViewExample.framework */; };
		DED115E628C3A970000D530F /* AppDelegate.swift in Sources */ = {isa = PBXBuildFile; fileRef = DED115E528C3A970000D530F /* AppDelegate.swift */; };
		DED115E828C3A970000D530F /* SceneDelegate.swift in Sources */ = {isa = PBXBuildFile; fileRef = DED115E728C3A970000D530F /* SceneDelegate.swift */; };
		DED115EA28C3A970000D530F /* ViewController.swift in Sources */ = {isa = PBXBuildFile; fileRef = DED115E928C3A970000D530F /* ViewController.swift */; };
		DED115ED28C3A970000D530F /* Main.storyboard in Resources */ = {isa = PBXBuildFile; fileRef = DED115EB28C3A970000D530F /* Main.storyboard */; };
		DED115EF28C3A971000D530F /* Assets.xcassets in Resources */ = {isa = PBXBuildFile; fileRef = DED115EE28C3A971000D530F /* Assets.xcassets */; };
		DED115F228C3A971000D530F /* LaunchScreen.storyboard in Resources */ = {isa = PBXBuildFile; fileRef = DED115F028C3A971000D530F /* LaunchScreen.storyboard */; };
		DED115FD28C3A971000D530F /* DeclarativeCollectionViewExampleTests.swift in Sources */ = {isa = PBXBuildFile; fileRef = DED115FC28C3A971000D530F /* DeclarativeCollectionViewExampleTests.swift */; };
		DED1160728C3A971000D530F /* DeclarativeCollectionViewExampleUITests.swift in Sources */ = {isa = PBXBuildFile; fileRef = DED1160628C3A971000D530F /* DeclarativeCollectionViewExampleUITests.swift */; };
		DED1160928C3A971000D530F /* DeclarativeCollectionViewExampleUITestsLaunchTests.swift in Sources */ = {isa = PBXBuildFile; fileRef = DED1160828C3A971000D530F /* DeclarativeCollectionViewExampleUITestsLaunchTests.swift */; };
		DED1161728C3A9CF000D530F /* Hero in Frameworks */ = {isa = PBXBuildFile; productRef = DED1161628C3A9CF000D530F /* Hero */; };
		DED1161A28C3AA08000D530F /* SDWebImage in Frameworks */ = {isa = PBXBuildFile; productRef = DED1161928C3AA08000D530F /* SDWebImage */; };
		DED1161D28C3AA22000D530F /* SkeletonView in Frameworks */ = {isa = PBXBuildFile; productRef = DED1161C28C3AA22000D530F /* SkeletonView */; };
		EE392C5AE4D9B3DBFB48E6BE /* Pods_DeclarativeCollectionViewExampleTests.framework in Frameworks */ = {isa = PBXBuildFile; fileRef = 57922DAAA7BBFF8B9A884880 /* Pods_DeclarativeCollectionViewExampleTests.framework */; };
/* End PBXBuildFile section */

/* Begin PBXContainerItemProxy section */
		DED115F928C3A971000D530F /* PBXContainerItemProxy */ = {
			isa = PBXContainerItemProxy;
			containerPortal = DED115DA28C3A970000D530F /* Project object */;
			proxyType = 1;
			remoteGlobalIDString = DED115E128C3A970000D530F;
			remoteInfo = DeclarativeCollectionViewExample;
		};
		DED1160328C3A971000D530F /* PBXContainerItemProxy */ = {
			isa = PBXContainerItemProxy;
			containerPortal = DED115DA28C3A970000D530F /* Project object */;
			proxyType = 1;
			remoteGlobalIDString = DED115E128C3A970000D530F;
			remoteInfo = DeclarativeCollectionViewExample;
		};
/* End PBXContainerItemProxy section */

/* Begin PBXFileReference section */
		00546CF39FFD78F604A53E80 /* Pods-DeclarativeCollectionViewExample.debug.xcconfig */ = {isa = PBXFileReference; includeInIndex = 1; lastKnownFileType = text.xcconfig; name = "Pods-DeclarativeCollectionViewExample.debug.xcconfig"; path = "Target Support Files/Pods-DeclarativeCollectionViewExample/Pods-DeclarativeCollectionViewExample.debug.xcconfig"; sourceTree = "<group>"; };
		05593FAD2892B0C8B979690F /* Pods-DeclarativeCollectionViewExample-DeclarativeCollectionViewExampleUITests.release.xcconfig */ = {isa = PBXFileReference; includeInIndex = 1; lastKnownFileType = text.xcconfig; name = "Pods-DeclarativeCollectionViewExample-DeclarativeCollectionViewExampleUITests.release.xcconfig"; path = "Target Support Files/Pods-DeclarativeCollectionViewExample-DeclarativeCollectionViewExampleUITests/Pods-DeclarativeCollectionViewExample-DeclarativeCollectionViewExampleUITests.release.xcconfig"; sourceTree = "<group>"; };
		311550A5583B1A2D530BD21E /* Pods-DeclarativeCollectionViewExample-DeclarativeCollectionViewExampleUITests.debug.xcconfig */ = {isa = PBXFileReference; includeInIndex = 1; lastKnownFileType = text.xcconfig; name = "Pods-DeclarativeCollectionViewExample-DeclarativeCollectionViewExampleUITests.debug.xcconfig"; path = "Target Support Files/Pods-DeclarativeCollectionViewExample-DeclarativeCollectionViewExampleUITests/Pods-DeclarativeCollectionViewExample-DeclarativeCollectionViewExampleUITests.debug.xcconfig"; sourceTree = "<group>"; };
		382286E39B6F65A4E2BFCF00 /* Pods_DeclarativeCollectionViewExample.framework */ = {isa = PBXFileReference; explicitFileType = wrapper.framework; includeInIndex = 0; path = Pods_DeclarativeCollectionViewExample.framework; sourceTree = BUILT_PRODUCTS_DIR; };
		57922DAAA7BBFF8B9A884880 /* Pods_DeclarativeCollectionViewExampleTests.framework */ = {isa = PBXFileReference; explicitFileType = wrapper.framework; includeInIndex = 0; path = Pods_DeclarativeCollectionViewExampleTests.framework; sourceTree = BUILT_PRODUCTS_DIR; };
		85E86A0AA152011E62C7BB5E /* Pods-DeclarativeCollectionViewExample.release.xcconfig */ = {isa = PBXFileReference; includeInIndex = 1; lastKnownFileType = text.xcconfig; name = "Pods-DeclarativeCollectionViewExample.release.xcconfig"; path = "Target Support Files/Pods-DeclarativeCollectionViewExample/Pods-DeclarativeCollectionViewExample.release.xcconfig"; sourceTree = "<group>"; };
		BC4EEC9020A12AD8CD89CB6D /* Pods_DeclarativeCollectionViewExample_DeclarativeCollectionViewExampleUITests.framework */ = {isa = PBXFileReference; explicitFileType = wrapper.framework; includeInIndex = 0; path = Pods_DeclarativeCollectionViewExample_DeclarativeCollectionViewExampleUITests.framework; sourceTree = BUILT_PRODUCTS_DIR; };
		CCBFE488D9AB512C637F3686 /* Pods-DeclarativeCollectionViewExampleTests.release.xcconfig */ = {isa = PBXFileReference; includeInIndex = 1; lastKnownFileType = text.xcconfig; name = "Pods-DeclarativeCollectionViewExampleTests.release.xcconfig"; path = "Target Support Files/Pods-DeclarativeCollectionViewExampleTests/Pods-DeclarativeCollectionViewExampleTests.release.xcconfig"; sourceTree = "<group>"; };
		DED115E228C3A970000D530F /* DeclarativeCollectionViewExample.app */ = {isa = PBXFileReference; explicitFileType = wrapper.application; includeInIndex = 0; path = DeclarativeCollectionViewExample.app; sourceTree = BUILT_PRODUCTS_DIR; };
		DED115E528C3A970000D530F /* AppDelegate.swift */ = {isa = PBXFileReference; lastKnownFileType = sourcecode.swift; path = AppDelegate.swift; sourceTree = "<group>"; };
		DED115E728C3A970000D530F /* SceneDelegate.swift */ = {isa = PBXFileReference; lastKnownFileType = sourcecode.swift; path = SceneDelegate.swift; sourceTree = "<group>"; };
		DED115E928C3A970000D530F /* ViewController.swift */ = {isa = PBXFileReference; lastKnownFileType = sourcecode.swift; path = ViewController.swift; sourceTree = "<group>"; };
		DED115EC28C3A970000D530F /* Base */ = {isa = PBXFileReference; lastKnownFileType = file.storyboard; name = Base; path = Base.lproj/Main.storyboard; sourceTree = "<group>"; };
		DED115EE28C3A971000D530F /* Assets.xcassets */ = {isa = PBXFileReference; lastKnownFileType = folder.assetcatalog; path = Assets.xcassets; sourceTree = "<group>"; };
		DED115F128C3A971000D530F /* Base */ = {isa = PBXFileReference; lastKnownFileType = file.storyboard; name = Base; path = Base.lproj/LaunchScreen.storyboard; sourceTree = "<group>"; };
		DED115F328C3A971000D530F /* Info.plist */ = {isa = PBXFileReference; lastKnownFileType = text.plist.xml; path = Info.plist; sourceTree = "<group>"; };
		DED115F828C3A971000D530F /* DeclarativeCollectionViewExampleTests.xctest */ = {isa = PBXFileReference; explicitFileType = wrapper.cfbundle; includeInIndex = 0; path = DeclarativeCollectionViewExampleTests.xctest; sourceTree = BUILT_PRODUCTS_DIR; };
		DED115FC28C3A971000D530F /* DeclarativeCollectionViewExampleTests.swift */ = {isa = PBXFileReference; lastKnownFileType = sourcecode.swift; path = DeclarativeCollectionViewExampleTests.swift; sourceTree = "<group>"; };
		DED1160228C3A971000D530F /* DeclarativeCollectionViewExampleUITests.xctest */ = {isa = PBXFileReference; explicitFileType = wrapper.cfbundle; includeInIndex = 0; path = DeclarativeCollectionViewExampleUITests.xctest; sourceTree = BUILT_PRODUCTS_DIR; };
		DED1160628C3A971000D530F /* DeclarativeCollectionViewExampleUITests.swift */ = {isa = PBXFileReference; lastKnownFileType = sourcecode.swift; path = DeclarativeCollectionViewExampleUITests.swift; sourceTree = "<group>"; };
		DED1160828C3A971000D530F /* DeclarativeCollectionViewExampleUITestsLaunchTests.swift */ = {isa = PBXFileReference; lastKnownFileType = sourcecode.swift; path = DeclarativeCollectionViewExampleUITestsLaunchTests.swift; sourceTree = "<group>"; };
		F3B25A873AE640247F5B560D /* Pods-DeclarativeCollectionViewExampleTests.debug.xcconfig */ = {isa = PBXFileReference; includeInIndex = 1; lastKnownFileType = text.xcconfig; name = "Pods-DeclarativeCollectionViewExampleTests.debug.xcconfig"; path = "Target Support Files/Pods-DeclarativeCollectionViewExampleTests/Pods-DeclarativeCollectionViewExampleTests.debug.xcconfig"; sourceTree = "<group>"; };
/* End PBXFileReference section */

/* Begin PBXFrameworksBuildPhase section */
		DED115DF28C3A970000D530F /* Frameworks */ = {
			isa = PBXFrameworksBuildPhase;
			buildActionMask = 2147483647;
			files = (
				DED1161A28C3AA08000D530F /* SDWebImage in Frameworks */,
				DED1161D28C3AA22000D530F /* SkeletonView in Frameworks */,
				DED1161728C3A9CF000D530F /* Hero in Frameworks */,
				8A79FB955CBD4DD721D392B4 /* Pods_DeclarativeCollectionViewExample.framework in Frameworks */,
			);
			runOnlyForDeploymentPostprocessing = 0;
		};
		DED115F528C3A971000D530F /* Frameworks */ = {
			isa = PBXFrameworksBuildPhase;
			buildActionMask = 2147483647;
			files = (
				EE392C5AE4D9B3DBFB48E6BE /* Pods_DeclarativeCollectionViewExampleTests.framework in Frameworks */,
			);
			runOnlyForDeploymentPostprocessing = 0;
		};
		DED115FF28C3A971000D530F /* Frameworks */ = {
			isa = PBXFrameworksBuildPhase;
			buildActionMask = 2147483647;
			files = (
				3000B3A1EDAF2812CA69E79B /* Pods_DeclarativeCollectionViewExample_DeclarativeCollectionViewExampleUITests.framework in Frameworks */,
			);
			runOnlyForDeploymentPostprocessing = 0;
		};
/* End PBXFrameworksBuildPhase section */

/* Begin PBXGroup section */
		1DE7EEDA7DCD084CC05B5256 /* Frameworks */ = {
			isa = PBXGroup;
			children = (
				382286E39B6F65A4E2BFCF00 /* Pods_DeclarativeCollectionViewExample.framework */,
				BC4EEC9020A12AD8CD89CB6D /* Pods_DeclarativeCollectionViewExample_DeclarativeCollectionViewExampleUITests.framework */,
				57922DAAA7BBFF8B9A884880 /* Pods_DeclarativeCollectionViewExampleTests.framework */,
			);
			name = Frameworks;
			sourceTree = "<group>";
		};
		DED115D928C3A970000D530F = {
			isa = PBXGroup;
			children = (
				DED115E428C3A970000D530F /* DeclarativeCollectionViewExample */,
				DED115FB28C3A971000D530F /* DeclarativeCollectionViewExampleTests */,
				DED1160528C3A971000D530F /* DeclarativeCollectionViewExampleUITests */,
				DED115E328C3A970000D530F /* Products */,
				DF7C20AE4DEE765B1FBE6245 /* Pods */,
				1DE7EEDA7DCD084CC05B5256 /* Frameworks */,
			);
			sourceTree = "<group>";
		};
		DED115E328C3A970000D530F /* Products */ = {
			isa = PBXGroup;
			children = (
				DED115E228C3A970000D530F /* DeclarativeCollectionViewExample.app */,
				DED115F828C3A971000D530F /* DeclarativeCollectionViewExampleTests.xctest */,
				DED1160228C3A971000D530F /* DeclarativeCollectionViewExampleUITests.xctest */,
			);
			name = Products;
			sourceTree = "<group>";
		};
		DED115E428C3A970000D530F /* DeclarativeCollectionViewExample */ = {
			isa = PBXGroup;
			children = (
				DED115E528C3A970000D530F /* AppDelegate.swift */,
				DED115E728C3A970000D530F /* SceneDelegate.swift */,
				DED115E928C3A970000D530F /* ViewController.swift */,
				DED115EB28C3A970000D530F /* Main.storyboard */,
				DED115EE28C3A971000D530F /* Assets.xcassets */,
				DED115F028C3A971000D530F /* LaunchScreen.storyboard */,
				DED115F328C3A971000D530F /* Info.plist */,
			);
			path = DeclarativeCollectionViewExample;
			sourceTree = "<group>";
		};
		DED115FB28C3A971000D530F /* DeclarativeCollectionViewExampleTests */ = {
			isa = PBXGroup;
			children = (
				DED115FC28C3A971000D530F /* DeclarativeCollectionViewExampleTests.swift */,
			);
			path = DeclarativeCollectionViewExampleTests;
			sourceTree = "<group>";
		};
		DED1160528C3A971000D530F /* DeclarativeCollectionViewExampleUITests */ = {
			isa = PBXGroup;
			children = (
				DED1160628C3A971000D530F /* DeclarativeCollectionViewExampleUITests.swift */,
				DED1160828C3A971000D530F /* DeclarativeCollectionViewExampleUITestsLaunchTests.swift */,
			);
			path = DeclarativeCollectionViewExampleUITests;
			sourceTree = "<group>";
		};
		DF7C20AE4DEE765B1FBE6245 /* Pods */ = {
			isa = PBXGroup;
			children = (
				00546CF39FFD78F604A53E80 /* Pods-DeclarativeCollectionViewExample.debug.xcconfig */,
				85E86A0AA152011E62C7BB5E /* Pods-DeclarativeCollectionViewExample.release.xcconfig */,
				311550A5583B1A2D530BD21E /* Pods-DeclarativeCollectionViewExample-DeclarativeCollectionViewExampleUITests.debug.xcconfig */,
				05593FAD2892B0C8B979690F /* Pods-DeclarativeCollectionViewExample-DeclarativeCollectionViewExampleUITests.release.xcconfig */,
				F3B25A873AE640247F5B560D /* Pods-DeclarativeCollectionViewExampleTests.debug.xcconfig */,
				CCBFE488D9AB512C637F3686 /* Pods-DeclarativeCollectionViewExampleTests.release.xcconfig */,
			);
			name = Pods;
			path = Pods;
			sourceTree = "<group>";
		};
/* End PBXGroup section */

/* Begin PBXNativeTarget section */
		DED115E128C3A970000D530F /* DeclarativeCollectionViewExample */ = {
			isa = PBXNativeTarget;
			buildConfigurationList = DED1160C28C3A971000D530F /* Build configuration list for PBXNativeTarget "DeclarativeCollectionViewExample" */;
			buildPhases = (
				31AB6BA5E99EFC1127825D80 /* [CP] Check Pods Manifest.lock */,
				DED115DE28C3A970000D530F /* Sources */,
				DED115DF28C3A970000D530F /* Frameworks */,
				DED115E028C3A970000D530F /* Resources */,
			);
			buildRules = (
			);
			dependencies = (
			);
			name = DeclarativeCollectionViewExample;
			packageProductDependencies = (
				DED1161628C3A9CF000D530F /* Hero */,
				DED1161928C3AA08000D530F /* SDWebImage */,
				DED1161C28C3AA22000D530F /* SkeletonView */,
			);
			productName = DeclarativeCollectionViewExample;
			productReference = DED115E228C3A970000D530F /* DeclarativeCollectionViewExample.app */;
			productType = "com.apple.product-type.application";
		};
		DED115F728C3A971000D530F /* DeclarativeCollectionViewExampleTests */ = {
			isa = PBXNativeTarget;
			buildConfigurationList = DED1160F28C3A971000D530F /* Build configuration list for PBXNativeTarget "DeclarativeCollectionViewExampleTests" */;
			buildPhases = (
				5DA3F378EA06CBACA48CACDB /* [CP] Check Pods Manifest.lock */,
				DED115F428C3A971000D530F /* Sources */,
				DED115F528C3A971000D530F /* Frameworks */,
				DED115F628C3A971000D530F /* Resources */,
				485C16826F42ECE99C843D23 /* [CP] Embed Pods Frameworks */,
			);
			buildRules = (
			);
			dependencies = (
				DED115FA28C3A971000D530F /* PBXTargetDependency */,
			);
			name = DeclarativeCollectionViewExampleTests;
			productName = DeclarativeCollectionViewExampleTests;
			productReference = DED115F828C3A971000D530F /* DeclarativeCollectionViewExampleTests.xctest */;
			productType = "com.apple.product-type.bundle.unit-test";
		};
		DED1160128C3A971000D530F /* DeclarativeCollectionViewExampleUITests */ = {
			isa = PBXNativeTarget;
			buildConfigurationList = DED1161228C3A971000D530F /* Build configuration list for PBXNativeTarget "DeclarativeCollectionViewExampleUITests" */;
			buildPhases = (
				60F8CCA84F85C355591F47E1 /* [CP] Check Pods Manifest.lock */,
				DED115FE28C3A971000D530F /* Sources */,
				DED115FF28C3A971000D530F /* Frameworks */,
				DED1160028C3A971000D530F /* Resources */,
			);
			buildRules = (
			);
			dependencies = (
				DED1160428C3A971000D530F /* PBXTargetDependency */,
			);
			name = DeclarativeCollectionViewExampleUITests;
			productName = DeclarativeCollectionViewExampleUITests;
			productReference = DED1160228C3A971000D530F /* DeclarativeCollectionViewExampleUITests.xctest */;
			productType = "com.apple.product-type.bundle.ui-testing";
		};
/* End PBXNativeTarget section */

/* Begin PBXProject section */
		DED115DA28C3A970000D530F /* Project object */ = {
			isa = PBXProject;
			attributes = {
				BuildIndependentTargetsInParallel = 1;
				LastSwiftUpdateCheck = 1340;
				LastUpgradeCheck = 1340;
				TargetAttributes = {
					DED115E128C3A970000D530F = {
						CreatedOnToolsVersion = 13.4.1;
					};
					DED115F728C3A971000D530F = {
						CreatedOnToolsVersion = 13.4.1;
						TestTargetID = DED115E128C3A970000D530F;
					};
					DED1160128C3A971000D530F = {
						CreatedOnToolsVersion = 13.4.1;
						TestTargetID = DED115E128C3A970000D530F;
					};
				};
			};
			buildConfigurationList = DED115DD28C3A970000D530F /* Build configuration list for PBXProject "DeclarativeCollectionViewExample" */;
			compatibilityVersion = "Xcode 13.0";
			developmentRegion = en;
			hasScannedForEncodings = 0;
			knownRegions = (
				en,
				Base,
			);
			mainGroup = DED115D928C3A970000D530F;
			packageReferences = (
				DED1161528C3A9CF000D530F /* XCRemoteSwiftPackageReference "Hero" */,
				DED1161828C3AA08000D530F /* XCRemoteSwiftPackageReference "SDWebImage" */,
				DED1161B28C3AA22000D530F /* XCRemoteSwiftPackageReference "SkeletonView" */,
			);
			productRefGroup = DED115E328C3A970000D530F /* Products */;
			projectDirPath = "";
			projectRoot = "";
			targets = (
				DED115E128C3A970000D530F /* DeclarativeCollectionViewExample */,
				DED115F728C3A971000D530F /* DeclarativeCollectionViewExampleTests */,
				DED1160128C3A971000D530F /* DeclarativeCollectionViewExampleUITests */,
			);
		};
/* End PBXProject section */

/* Begin PBXResourcesBuildPhase section */
		DED115E028C3A970000D530F /* Resources */ = {
			isa = PBXResourcesBuildPhase;
			buildActionMask = 2147483647;
			files = (
				DED115F228C3A971000D530F /* LaunchScreen.storyboard in Resources */,
				DED115EF28C3A971000D530F /* Assets.xcassets in Resources */,
				DED115ED28C3A970000D530F /* Main.storyboard in Resources */,
			);
			runOnlyForDeploymentPostprocessing = 0;
		};
		DED115F628C3A971000D530F /* Resources */ = {
			isa = PBXResourcesBuildPhase;
			buildActionMask = 2147483647;
			files = (
			);
			runOnlyForDeploymentPostprocessing = 0;
		};
		DED1160028C3A971000D530F /* Resources */ = {
			isa = PBXResourcesBuildPhase;
			buildActionMask = 2147483647;
			files = (
			);
			runOnlyForDeploymentPostprocessing = 0;
		};
/* End PBXResourcesBuildPhase section */

/* Begin PBXShellScriptBuildPhase section */
		31AB6BA5E99EFC1127825D80 /* [CP] Check Pods Manifest.lock */ = {
			isa = PBXShellScriptBuildPhase;
			buildActionMask = 2147483647;
			files = (
			);
			inputFileListPaths = (
			);
			inputPaths = (
				"${PODS_PODFILE_DIR_PATH}/Podfile.lock",
				"${PODS_ROOT}/Manifest.lock",
			);
			name = "[CP] Check Pods Manifest.lock";
			outputFileListPaths = (
			);
			outputPaths = (
				"$(DERIVED_FILE_DIR)/Pods-DeclarativeCollectionViewExample-checkManifestLockResult.txt",
			);
			runOnlyForDeploymentPostprocessing = 0;
			shellPath = /bin/sh;
			shellScript = "diff \"${PODS_PODFILE_DIR_PATH}/Podfile.lock\" \"${PODS_ROOT}/Manifest.lock\" > /dev/null\nif [ $? != 0 ] ; then\n    # print error to STDERR\n    echo \"error: The sandbox is not in sync with the Podfile.lock. Run 'pod install' or update your CocoaPods installation.\" >&2\n    exit 1\nfi\n# This output is used by Xcode 'outputs' to avoid re-running this script phase.\necho \"SUCCESS\" > \"${SCRIPT_OUTPUT_FILE_0}\"\n";
			showEnvVarsInLog = 0;
		};
		485C16826F42ECE99C843D23 /* [CP] Embed Pods Frameworks */ = {
			isa = PBXShellScriptBuildPhase;
			buildActionMask = 2147483647;
			files = (
			);
			inputFileListPaths = (
				"${PODS_ROOT}/Target Support Files/Pods-DeclarativeCollectionViewExampleTests/Pods-DeclarativeCollectionViewExampleTests-frameworks-${CONFIGURATION}-input-files.xcfilelist",
			);
			name = "[CP] Embed Pods Frameworks";
			outputFileListPaths = (
				"${PODS_ROOT}/Target Support Files/Pods-DeclarativeCollectionViewExampleTests/Pods-DeclarativeCollectionViewExampleTests-frameworks-${CONFIGURATION}-output-files.xcfilelist",
			);
			runOnlyForDeploymentPostprocessing = 0;
			shellPath = /bin/sh;
			shellScript = "\"${PODS_ROOT}/Target Support Files/Pods-DeclarativeCollectionViewExampleTests/Pods-DeclarativeCollectionViewExampleTests-frameworks.sh\"\n";
			showEnvVarsInLog = 0;
		};
		5DA3F378EA06CBACA48CACDB /* [CP] Check Pods Manifest.lock */ = {
			isa = PBXShellScriptBuildPhase;
			buildActionMask = 2147483647;
			files = (
			);
			inputFileListPaths = (
			);
			inputPaths = (
				"${PODS_PODFILE_DIR_PATH}/Podfile.lock",
				"${PODS_ROOT}/Manifest.lock",
			);
			name = "[CP] Check Pods Manifest.lock";
			outputFileListPaths = (
			);
			outputPaths = (
				"$(DERIVED_FILE_DIR)/Pods-DeclarativeCollectionViewExampleTests-checkManifestLockResult.txt",
			);
			runOnlyForDeploymentPostprocessing = 0;
			shellPath = /bin/sh;
			shellScript = "diff \"${PODS_PODFILE_DIR_PATH}/Podfile.lock\" \"${PODS_ROOT}/Manifest.lock\" > /dev/null\nif [ $? != 0 ] ; then\n    # print error to STDERR\n    echo \"error: The sandbox is not in sync with the Podfile.lock. Run 'pod install' or update your CocoaPods installation.\" >&2\n    exit 1\nfi\n# This output is used by Xcode 'outputs' to avoid re-running this script phase.\necho \"SUCCESS\" > \"${SCRIPT_OUTPUT_FILE_0}\"\n";
			showEnvVarsInLog = 0;
		};
		60F8CCA84F85C355591F47E1 /* [CP] Check Pods Manifest.lock */ = {
			isa = PBXShellScriptBuildPhase;
			buildActionMask = 2147483647;
			files = (
			);
			inputFileListPaths = (
			);
			inputPaths = (
				"${PODS_PODFILE_DIR_PATH}/Podfile.lock",
				"${PODS_ROOT}/Manifest.lock",
			);
			name = "[CP] Check Pods Manifest.lock";
			outputFileListPaths = (
			);
			outputPaths = (
				"$(DERIVED_FILE_DIR)/Pods-DeclarativeCollectionViewExample-DeclarativeCollectionViewExampleUITests-checkManifestLockResult.txt",
			);
			runOnlyForDeploymentPostprocessing = 0;
			shellPath = /bin/sh;
			shellScript = "diff \"${PODS_PODFILE_DIR_PATH}/Podfile.lock\" \"${PODS_ROOT}/Manifest.lock\" > /dev/null\nif [ $? != 0 ] ; then\n    # print error to STDERR\n    echo \"error: The sandbox is not in sync with the Podfile.lock. Run 'pod install' or update your CocoaPods installation.\" >&2\n    exit 1\nfi\n# This output is used by Xcode 'outputs' to avoid re-running this script phase.\necho \"SUCCESS\" > \"${SCRIPT_OUTPUT_FILE_0}\"\n";
			showEnvVarsInLog = 0;
		};
/* End PBXShellScriptBuildPhase section */

/* Begin PBXSourcesBuildPhase section */
		DED115DE28C3A970000D530F /* Sources */ = {
			isa = PBXSourcesBuildPhase;
			buildActionMask = 2147483647;
			files = (
				DED115EA28C3A970000D530F /* ViewController.swift in Sources */,
				DED115E628C3A970000D530F /* AppDelegate.swift in Sources */,
				DED115E828C3A970000D530F /* SceneDelegate.swift in Sources */,
			);
			runOnlyForDeploymentPostprocessing = 0;
		};
		DED115F428C3A971000D530F /* Sources */ = {
			isa = PBXSourcesBuildPhase;
			buildActionMask = 2147483647;
			files = (
				DED115FD28C3A971000D530F /* DeclarativeCollectionViewExampleTests.swift in Sources */,
			);
			runOnlyForDeploymentPostprocessing = 0;
		};
		DED115FE28C3A971000D530F /* Sources */ = {
			isa = PBXSourcesBuildPhase;
			buildActionMask = 2147483647;
			files = (
				DED1160728C3A971000D530F /* DeclarativeCollectionViewExampleUITests.swift in Sources */,
				DED1160928C3A971000D530F /* DeclarativeCollectionViewExampleUITestsLaunchTests.swift in Sources */,
			);
			runOnlyForDeploymentPostprocessing = 0;
		};
/* End PBXSourcesBuildPhase section */

/* Begin PBXTargetDependency section */
		DED115FA28C3A971000D530F /* PBXTargetDependency */ = {
			isa = PBXTargetDependency;
			target = DED115E128C3A970000D530F /* DeclarativeCollectionViewExample */;
			targetProxy = DED115F928C3A971000D530F /* PBXContainerItemProxy */;
		};
		DED1160428C3A971000D530F /* PBXTargetDependency */ = {
			isa = PBXTargetDependency;
			target = DED115E128C3A970000D530F /* DeclarativeCollectionViewExample */;
			targetProxy = DED1160328C3A971000D530F /* PBXContainerItemProxy */;
		};
/* End PBXTargetDependency section */

/* Begin PBXVariantGroup section */
		DED115EB28C3A970000D530F /* Main.storyboard */ = {
			isa = PBXVariantGroup;
			children = (
				DED115EC28C3A970000D530F /* Base */,
			);
			name = Main.storyboard;
			sourceTree = "<group>";
		};
		DED115F028C3A971000D530F /* LaunchScreen.storyboard */ = {
			isa = PBXVariantGroup;
			children = (
				DED115F128C3A971000D530F /* Base */,
			);
			name = LaunchScreen.storyboard;
			sourceTree = "<group>";
		};
/* End PBXVariantGroup section */

/* Begin XCBuildConfiguration section */
		DED1160A28C3A971000D530F /* Debug */ = {
			isa = XCBuildConfiguration;
			buildSettings = {
				ALWAYS_SEARCH_USER_PATHS = NO;
				CLANG_ANALYZER_NONNULL = YES;
				CLANG_ANALYZER_NUMBER_OBJECT_CONVERSION = YES_AGGRESSIVE;
				CLANG_CXX_LANGUAGE_STANDARD = "gnu++17";
				CLANG_ENABLE_MODULES = YES;
				CLANG_ENABLE_OBJC_ARC = YES;
				CLANG_ENABLE_OBJC_WEAK = YES;
				CLANG_WARN_BLOCK_CAPTURE_AUTORELEASING = YES;
				CLANG_WARN_BOOL_CONVERSION = YES;
				CLANG_WARN_COMMA = YES;
				CLANG_WARN_CONSTANT_CONVERSION = YES;
				CLANG_WARN_DEPRECATED_OBJC_IMPLEMENTATIONS = YES;
				CLANG_WARN_DIRECT_OBJC_ISA_USAGE = YES_ERROR;
				CLANG_WARN_DOCUMENTATION_COMMENTS = YES;
				CLANG_WARN_EMPTY_BODY = YES;
				CLANG_WARN_ENUM_CONVERSION = YES;
				CLANG_WARN_INFINITE_RECURSION = YES;
				CLANG_WARN_INT_CONVERSION = YES;
				CLANG_WARN_NON_LITERAL_NULL_CONVERSION = YES;
				CLANG_WARN_OBJC_IMPLICIT_RETAIN_SELF = YES;
				CLANG_WARN_OBJC_LITERAL_CONVERSION = YES;
				CLANG_WARN_OBJC_ROOT_CLASS = YES_ERROR;
				CLANG_WARN_QUOTED_INCLUDE_IN_FRAMEWORK_HEADER = YES;
				CLANG_WARN_RANGE_LOOP_ANALYSIS = YES;
				CLANG_WARN_STRICT_PROTOTYPES = YES;
				CLANG_WARN_SUSPICIOUS_MOVE = YES;
				CLANG_WARN_UNGUARDED_AVAILABILITY = YES_AGGRESSIVE;
				CLANG_WARN_UNREACHABLE_CODE = YES;
				CLANG_WARN__DUPLICATE_METHOD_MATCH = YES;
				COPY_PHASE_STRIP = NO;
				DEBUG_INFORMATION_FORMAT = dwarf;
				ENABLE_STRICT_OBJC_MSGSEND = YES;
				ENABLE_TESTABILITY = YES;
				GCC_C_LANGUAGE_STANDARD = gnu11;
				GCC_DYNAMIC_NO_PIC = NO;
				GCC_NO_COMMON_BLOCKS = YES;
				GCC_OPTIMIZATION_LEVEL = 0;
				GCC_PREPROCESSOR_DEFINITIONS = (
					"DEBUG=1",
					"$(inherited)",
				);
				GCC_WARN_64_TO_32_BIT_CONVERSION = YES;
				GCC_WARN_ABOUT_RETURN_TYPE = YES_ERROR;
				GCC_WARN_UNDECLARED_SELECTOR = YES;
				GCC_WARN_UNINITIALIZED_AUTOS = YES_AGGRESSIVE;
				GCC_WARN_UNUSED_FUNCTION = YES;
				GCC_WARN_UNUSED_VARIABLE = YES;
				IPHONEOS_DEPLOYMENT_TARGET = 15.5;
				MTL_ENABLE_DEBUG_INFO = INCLUDE_SOURCE;
				MTL_FAST_MATH = YES;
				ONLY_ACTIVE_ARCH = YES;
				SDKROOT = iphoneos;
				SWIFT_ACTIVE_COMPILATION_CONDITIONS = DEBUG;
				SWIFT_OPTIMIZATION_LEVEL = "-Onone";
			};
			name = Debug;
		};
		DED1160B28C3A971000D530F /* Release */ = {
			isa = XCBuildConfiguration;
			buildSettings = {
				ALWAYS_SEARCH_USER_PATHS = NO;
				CLANG_ANALYZER_NONNULL = YES;
				CLANG_ANALYZER_NUMBER_OBJECT_CONVERSION = YES_AGGRESSIVE;
				CLANG_CXX_LANGUAGE_STANDARD = "gnu++17";
				CLANG_ENABLE_MODULES = YES;
				CLANG_ENABLE_OBJC_ARC = YES;
				CLANG_ENABLE_OBJC_WEAK = YES;
				CLANG_WARN_BLOCK_CAPTURE_AUTORELEASING = YES;
				CLANG_WARN_BOOL_CONVERSION = YES;
				CLANG_WARN_COMMA = YES;
				CLANG_WARN_CONSTANT_CONVERSION = YES;
				CLANG_WARN_DEPRECATED_OBJC_IMPLEMENTATIONS = YES;
				CLANG_WARN_DIRECT_OBJC_ISA_USAGE = YES_ERROR;
				CLANG_WARN_DOCUMENTATION_COMMENTS = YES;
				CLANG_WARN_EMPTY_BODY = YES;
				CLANG_WARN_ENUM_CONVERSION = YES;
				CLANG_WARN_INFINITE_RECURSION = YES;
				CLANG_WARN_INT_CONVERSION = YES;
				CLANG_WARN_NON_LITERAL_NULL_CONVERSION = YES;
				CLANG_WARN_OBJC_IMPLICIT_RETAIN_SELF = YES;
				CLANG_WARN_OBJC_LITERAL_CONVERSION = YES;
				CLANG_WARN_OBJC_ROOT_CLASS = YES_ERROR;
				CLANG_WARN_QUOTED_INCLUDE_IN_FRAMEWORK_HEADER = YES;
				CLANG_WARN_RANGE_LOOP_ANALYSIS = YES;
				CLANG_WARN_STRICT_PROTOTYPES = YES;
				CLANG_WARN_SUSPICIOUS_MOVE = YES;
				CLANG_WARN_UNGUARDED_AVAILABILITY = YES_AGGRESSIVE;
				CLANG_WARN_UNREACHABLE_CODE = YES;
				CLANG_WARN__DUPLICATE_METHOD_MATCH = YES;
				COPY_PHASE_STRIP = NO;
				DEBUG_INFORMATION_FORMAT = "dwarf-with-dsym";
				ENABLE_NS_ASSERTIONS = NO;
				ENABLE_STRICT_OBJC_MSGSEND = YES;
				GCC_C_LANGUAGE_STANDARD = gnu11;
				GCC_NO_COMMON_BLOCKS = YES;
				GCC_WARN_64_TO_32_BIT_CONVERSION = YES;
				GCC_WARN_ABOUT_RETURN_TYPE = YES_ERROR;
				GCC_WARN_UNDECLARED_SELECTOR = YES;
				GCC_WARN_UNINITIALIZED_AUTOS = YES_AGGRESSIVE;
				GCC_WARN_UNUSED_FUNCTION = YES;
				GCC_WARN_UNUSED_VARIABLE = YES;
				IPHONEOS_DEPLOYMENT_TARGET = 15.5;
				MTL_ENABLE_DEBUG_INFO = NO;
				MTL_FAST_MATH = YES;
				SDKROOT = iphoneos;
				SWIFT_COMPILATION_MODE = wholemodule;
				SWIFT_OPTIMIZATION_LEVEL = "-O";
				VALIDATE_PRODUCT = YES;
			};
			name = Release;
		};
		DED1160D28C3A971000D530F /* Debug */ = {
			isa = XCBuildConfiguration;
			baseConfigurationReference = 00546CF39FFD78F604A53E80 /* Pods-DeclarativeCollectionViewExample.debug.xcconfig */;
			buildSettings = {
				ASSETCATALOG_COMPILER_APPICON_NAME = AppIcon;
				ASSETCATALOG_COMPILER_GLOBAL_ACCENT_COLOR_NAME = AccentColor;
				CODE_SIGN_STYLE = Automatic;
				CURRENT_PROJECT_VERSION = 1;
				DEVELOPMENT_TEAM = S5BF5553KY;
				GENERATE_INFOPLIST_FILE = YES;
				INFOPLIST_FILE = DeclarativeCollectionViewExample/Info.plist;
				INFOPLIST_KEY_UIApplicationSupportsIndirectInputEvents = YES;
				INFOPLIST_KEY_UILaunchStoryboardName = LaunchScreen;
				INFOPLIST_KEY_UIMainStoryboardFile = Main;
				INFOPLIST_KEY_UISupportedInterfaceOrientations_iPad = "UIInterfaceOrientationPortrait UIInterfaceOrientationPortraitUpsideDown UIInterfaceOrientationLandscapeLeft UIInterfaceOrientationLandscapeRight";
				INFOPLIST_KEY_UISupportedInterfaceOrientations_iPhone = "UIInterfaceOrientationPortrait UIInterfaceOrientationLandscapeLeft UIInterfaceOrientationLandscapeRight";
				LD_RUNPATH_SEARCH_PATHS = (
					"$(inherited)",
					"@executable_path/Frameworks",
				);
				MARKETING_VERSION = 1.0;
				PRODUCT_BUNDLE_IDENTIFIER = com.just1factory.DeclarativeCollectionViewExample;
				PRODUCT_NAME = "$(TARGET_NAME)";
				SWIFT_EMIT_LOC_STRINGS = YES;
				SWIFT_VERSION = 5.0;
				TARGETED_DEVICE_FAMILY = "1,2";
			};
			name = Debug;
		};
		DED1160E28C3A971000D530F /* Release */ = {
			isa = XCBuildConfiguration;
			baseConfigurationReference = 85E86A0AA152011E62C7BB5E /* Pods-DeclarativeCollectionViewExample.release.xcconfig */;
			buildSettings = {
				ASSETCATALOG_COMPILER_APPICON_NAME = AppIcon;
				ASSETCATALOG_COMPILER_GLOBAL_ACCENT_COLOR_NAME = AccentColor;
				CODE_SIGN_STYLE = Automatic;
				CURRENT_PROJECT_VERSION = 1;
				DEVELOPMENT_TEAM = S5BF5553KY;
				GENERATE_INFOPLIST_FILE = YES;
				INFOPLIST_FILE = DeclarativeCollectionViewExample/Info.plist;
				INFOPLIST_KEY_UIApplicationSupportsIndirectInputEvents = YES;
				INFOPLIST_KEY_UILaunchStoryboardName = LaunchScreen;
				INFOPLIST_KEY_UIMainStoryboardFile = Main;
				INFOPLIST_KEY_UISupportedInterfaceOrientations_iPad = "UIInterfaceOrientationPortrait UIInterfaceOrientationPortraitUpsideDown UIInterfaceOrientationLandscapeLeft UIInterfaceOrientationLandscapeRight";
				INFOPLIST_KEY_UISupportedInterfaceOrientations_iPhone = "UIInterfaceOrientationPortrait UIInterfaceOrientationLandscapeLeft UIInterfaceOrientationLandscapeRight";
				LD_RUNPATH_SEARCH_PATHS = (
					"$(inherited)",
					"@executable_path/Frameworks",
				);
				MARKETING_VERSION = 1.0;
				PRODUCT_BUNDLE_IDENTIFIER = com.just1factory.DeclarativeCollectionViewExample;
				PRODUCT_NAME = "$(TARGET_NAME)";
				SWIFT_EMIT_LOC_STRINGS = YES;
				SWIFT_VERSION = 5.0;
				TARGETED_DEVICE_FAMILY = "1,2";
			};
			name = Release;
		};
		DED1161028C3A971000D530F /* Debug */ = {
			isa = XCBuildConfiguration;
			baseConfigurationReference = F3B25A873AE640247F5B560D /* Pods-DeclarativeCollectionViewExampleTests.debug.xcconfig */;
			buildSettings = {
				ALWAYS_EMBED_SWIFT_STANDARD_LIBRARIES = YES;
				BUNDLE_LOADER = "$(TEST_HOST)";
				CODE_SIGN_STYLE = Automatic;
				CURRENT_PROJECT_VERSION = 1;
				DEVELOPMENT_TEAM = S5BF5553KY;
				GENERATE_INFOPLIST_FILE = YES;
				IPHONEOS_DEPLOYMENT_TARGET = 15.5;
				MARKETING_VERSION = 1.0;
				PRODUCT_BUNDLE_IDENTIFIER = com.just1factory.DeclarativeCollectionViewExampleTests;
				PRODUCT_NAME = "$(TARGET_NAME)";
				SWIFT_EMIT_LOC_STRINGS = NO;
				SWIFT_VERSION = 5.0;
				TARGETED_DEVICE_FAMILY = "1,2";
				TEST_HOST = "$(BUILT_PRODUCTS_DIR)/DeclarativeCollectionViewExample.app/DeclarativeCollectionViewExample";
			};
			name = Debug;
		};
		DED1161128C3A971000D530F /* Release */ = {
			isa = XCBuildConfiguration;
			baseConfigurationReference = CCBFE488D9AB512C637F3686 /* Pods-DeclarativeCollectionViewExampleTests.release.xcconfig */;
			buildSettings = {
				ALWAYS_EMBED_SWIFT_STANDARD_LIBRARIES = YES;
				BUNDLE_LOADER = "$(TEST_HOST)";
				CODE_SIGN_STYLE = Automatic;
				CURRENT_PROJECT_VERSION = 1;
				DEVELOPMENT_TEAM = S5BF5553KY;
				GENERATE_INFOPLIST_FILE = YES;
				IPHONEOS_DEPLOYMENT_TARGET = 15.5;
				MARKETING_VERSION = 1.0;
				PRODUCT_BUNDLE_IDENTIFIER = com.just1factory.DeclarativeCollectionViewExampleTests;
				PRODUCT_NAME = "$(TARGET_NAME)";
				SWIFT_EMIT_LOC_STRINGS = NO;
				SWIFT_VERSION = 5.0;
				TARGETED_DEVICE_FAMILY = "1,2";
				TEST_HOST = "$(BUILT_PRODUCTS_DIR)/DeclarativeCollectionViewExample.app/DeclarativeCollectionViewExample";
			};
			name = Release;
		};
		DED1161328C3A971000D530F /* Debug */ = {
			isa = XCBuildConfiguration;
			baseConfigurationReference = 311550A5583B1A2D530BD21E /* Pods-DeclarativeCollectionViewExample-DeclarativeCollectionViewExampleUITests.debug.xcconfig */;
			buildSettings = {
				ALWAYS_EMBED_SWIFT_STANDARD_LIBRARIES = YES;
				CODE_SIGN_STYLE = Automatic;
				CURRENT_PROJECT_VERSION = 1;
				DEVELOPMENT_TEAM = S5BF5553KY;
				GENERATE_INFOPLIST_FILE = YES;
				MARKETING_VERSION = 1.0;
				PRODUCT_BUNDLE_IDENTIFIER = com.just1factory.DeclarativeCollectionViewExampleUITests;
				PRODUCT_NAME = "$(TARGET_NAME)";
				SWIFT_EMIT_LOC_STRINGS = NO;
				SWIFT_VERSION = 5.0;
				TARGETED_DEVICE_FAMILY = "1,2";
				TEST_TARGET_NAME = DeclarativeCollectionViewExample;
			};
			name = Debug;
		};
		DED1161428C3A971000D530F /* Release */ = {
			isa = XCBuildConfiguration;
			baseConfigurationReference = 05593FAD2892B0C8B979690F /* Pods-DeclarativeCollectionViewExample-DeclarativeCollectionViewExampleUITests.release.xcconfig */;
			buildSettings = {
				ALWAYS_EMBED_SWIFT_STANDARD_LIBRARIES = YES;
				CODE_SIGN_STYLE = Automatic;
				CURRENT_PROJECT_VERSION = 1;
				DEVELOPMENT_TEAM = S5BF5553KY;
				GENERATE_INFOPLIST_FILE = YES;
				MARKETING_VERSION = 1.0;
				PRODUCT_BUNDLE_IDENTIFIER = com.just1factory.DeclarativeCollectionViewExampleUITests;
				PRODUCT_NAME = "$(TARGET_NAME)";
				SWIFT_EMIT_LOC_STRINGS = NO;
				SWIFT_VERSION = 5.0;
				TARGETED_DEVICE_FAMILY = "1,2";
				TEST_TARGET_NAME = DeclarativeCollectionViewExample;
			};
			name = Release;
		};
/* End XCBuildConfiguration section */

/* Begin XCConfigurationList section */
		DED115DD28C3A970000D530F /* Build configuration list for PBXProject "DeclarativeCollectionViewExample" */ = {
			isa = XCConfigurationList;
			buildConfigurations = (
				DED1160A28C3A971000D530F /* Debug */,
				DED1160B28C3A971000D530F /* Release */,
			);
			defaultConfigurationIsVisible = 0;
			defaultConfigurationName = Release;
		};
		DED1160C28C3A971000D530F /* Build configuration list for PBXNativeTarget "DeclarativeCollectionViewExample" */ = {
			isa = XCConfigurationList;
			buildConfigurations = (
				DED1160D28C3A971000D530F /* Debug */,
				DED1160E28C3A971000D530F /* Release */,
			);
			defaultConfigurationIsVisible = 0;
			defaultConfigurationName = Release;
		};
		DED1160F28C3A971000D530F /* Build configuration list for PBXNativeTarget "DeclarativeCollectionViewExampleTests" */ = {
			isa = XCConfigurationList;
			buildConfigurations = (
				DED1161028C3A971000D530F /* Debug */,
				DED1161128C3A971000D530F /* Release */,
			);
			defaultConfigurationIsVisible = 0;
			defaultConfigurationName = Release;
		};
		DED1161228C3A971000D530F /* Build configuration list for PBXNativeTarget "DeclarativeCollectionViewExampleUITests" */ = {
			isa = XCConfigurationList;
			buildConfigurations = (
				DED1161328C3A971000D530F /* Debug */,
				DED1161428C3A971000D530F /* Release */,
			);
			defaultConfigurationIsVisible = 0;
			defaultConfigurationName = Release;
		};
/* End XCConfigurationList section */

/* Begin XCRemoteSwiftPackageReference section */
		DED1161528C3A9CF000D530F /* XCRemoteSwiftPackageReference "Hero" */ = {
			isa = XCRemoteSwiftPackageReference;
			repositoryURL = "https://github.com/HeroTransitions/Hero";
			requirement = {
				kind = upToNextMajorVersion;
				minimumVersion = 1.0.0;
			};
		};
		DED1161828C3AA08000D530F /* XCRemoteSwiftPackageReference "SDWebImage" */ = {
			isa = XCRemoteSwiftPackageReference;
			repositoryURL = "https://github.com/SDWebImage/SDWebImage";
			requirement = {
				kind = upToNextMajorVersion;
				minimumVersion = 5.0.0;
			};
		};
		DED1161B28C3AA22000D530F /* XCRemoteSwiftPackageReference "SkeletonView" */ = {
			isa = XCRemoteSwiftPackageReference;
			repositoryURL = "https://github.com/Juanpe/SkeletonView";
			requirement = {
				kind = upToNextMinorVersion;
				minimumVersion = 1.9.0;
			};
		};
/* End XCRemoteSwiftPackageReference section */

/* Begin XCSwiftPackageProductDependency section */
		DED1161628C3A9CF000D530F /* Hero */ = {
			isa = XCSwiftPackageProductDependency;
			package = DED1161528C3A9CF000D530F /* XCRemoteSwiftPackageReference "Hero" */;
			productName = Hero;
		};
		DED1161928C3AA08000D530F /* SDWebImage */ = {
			isa = XCSwiftPackageProductDependency;
			package = DED1161828C3AA08000D530F /* XCRemoteSwiftPackageReference "SDWebImage" */;
			productName = SDWebImage;
		};
		DED1161C28C3AA22000D530F /* SkeletonView */ = {
			isa = XCSwiftPackageProductDependency;
			package = DED1161B28C3AA22000D530F /* XCRemoteSwiftPackageReference "SkeletonView" */;
			productName = SkeletonView;
		};
/* End XCSwiftPackageProductDependency section */
	};
	rootObject = DED115DA28C3A970000D530F /* Project object */;
}
