PODS:
  - ActiveLabel (1.1.0)
  - Cosmos (23.0.0)
  - EasyTipView (2.1.0)

DEPENDENCIES:
  - ActiveLabel
  - Cosmos (~> 23.0)
  - EasyTipView (~> 2.1)

SPEC REPOS:
  trunk:
    - ActiveLabel
    - Cosmos
    - EasyTipView

SPEC CHECKSUMS:
  ActiveLabel: 5e3f4de79a1952d4604b845a0610d4776e4b82b3
  Cosmos: b5c6a9a637e28a061b54c8f8b1d8529d7d4db73f
  EasyTipView: a92b6edc377b81c5ac18e9fd35d5ee78e9409488

PODFILE CHECKSUM: 8bed09244e7526b21e2e78578026994460a4992c

COCOAPODS: 1.11.3
