{
  "pins" : [
    {
      "identity" : "sdwebimage",
      "kind" : "remoteSourceControl",
      "location" : "https://github.com/SDWebImage/SDWebImage",
      "state" : {
        "branch" : "master",
        "revision" : "430ef4d73ca268d8efcefad08d3ac020af91c750"
      }
    },
    {
      "identity" : "skeletonview",
      "kind" : "remoteSourceControl",
      "location" : "https://github.com/Juanpe/SkeletonView",
      "state" : {
        "revision" : "7a2cc5d51d5dda6fecca542f1930602cce4a6063",
        "version" : "1.9.0"
      }
    }
  ],
  "version" : 2
}
